
Microsoft Visual Studio Solution File, Format Version 12.00
# Visual Studio Version 16
VisualStudioVersion = 16.0.29009.5
MinimumVisualStudioVersion = 10.0.40219.1
Project("{9A19103F-16F7-4668-BE54-9A1E7A4F7556}") = "PeerToPeer.PairedLinkClient", "PeerToPeer.PairedLinkClient.csproj", "{A864BDC8-115E-4CE5-9D99-8FDEED5BD3D1}"
EndProject
Project("{9A19103F-16F7-4668-BE54-9A1E7A4F7556}") = "PeerToPeer.PairedLinkServer", "..\PeerToPeer.PairedLinkServer\PeerToPeer.PairedLinkServer.csproj", "{5E963020-CBBB-48FF-A69D-E10E81448D89}"
EndProject
Project("{9A19103F-16F7-4668-BE54-9A1E7A4F7556}") = "Amqp", "..\..\..\src\Amqp.csproj", "{BC222735-B2D2-4B19-BDA6-C3351E7AB048}"
EndProject
Global
	GlobalSection(SolutionConfigurationPlatforms) = preSolution
		Debug|Any CPU = Debug|Any CPU
		Release|Any CPU = Release|Any CPU
	EndGlobalSection
	GlobalSection(ProjectConfigurationPlatforms) = postSolution
		{A864BDC8-115E-4CE5-9D99-8FDEED5BD3D1}.Debug|Any CPU.ActiveCfg = Debug|Any CPU
		{A864BDC8-115E-4CE5-9D99-8FDEED5BD3D1}.Debug|Any CPU.Build.0 = Debug|Any CPU
		{A864BDC8-115E-4CE5-9D99-8FDEED5BD3D1}.Release|Any CPU.ActiveCfg = Release|Any CPU
		{A864BDC8-115E-4CE5-9D99-8FDEED5BD3D1}.Release|Any CPU.Build.0 = Release|Any CPU
		{5E963020-CBBB-48FF-A69D-E10E81448D89}.Debug|Any CPU.ActiveCfg = Debug|Any CPU
		{5E963020-CBBB-48FF-A69D-E10E81448D89}.Debug|Any CPU.Build.0 = Debug|Any CPU
		{5E963020-CBBB-48FF-A69D-E10E81448D89}.Release|Any CPU.ActiveCfg = Release|Any CPU
		{5E963020-CBBB-48FF-A69D-E10E81448D89}.Release|Any CPU.Build.0 = Release|Any CPU
		{BC222735-B2D2-4B19-BDA6-C3351E7AB048}.Debug|Any CPU.ActiveCfg = Debug|Any CPU
		{BC222735-B2D2-4B19-BDA6-C3351E7AB048}.Debug|Any CPU.Build.0 = Debug|Any CPU
		{BC222735-B2D2-4B19-BDA6-C3351E7AB048}.Release|Any CPU.ActiveCfg = Release|Any CPU
		{BC222735-B2D2-4B19-BDA6-C3351E7AB048}.Release|Any CPU.Build.0 = Release|Any CPU
	EndGlobalSection
	GlobalSection(SolutionProperties) = preSolution
		HideSolutionNode = FALSE
	EndGlobalSection
	GlobalSection(ExtensibilityGlobals) = postSolution
		SolutionGuid = {EDB34DEA-FF59-4107-9E96-07DB27CB5284}
	EndGlobalSection
EndGlobal
