Microsoft Visual Studio Solution File, Format Version 12.00
# Visual Studio 2012
Project("{FAE04EC0-301F-11D3-BF4B-00C04F79EFBC}") = "Amqp.NetMF42", "src\Amqp.NetMF42.csproj", "{C80D0C64-C34A-4DF4-9E26-E1D2F4FFEFC8}"
EndProject
Project("{FAE04EC0-301F-11D3-BF4B-00C04F79EFBC}") = "Amqp.WP", "src\Amqp.WP.csproj", "{CD477EDC-5779-44CD-ABE9-330F1C6531D9}"
EndProject
Project("{FAE04EC0-301F-11D3-BF4B-00C04F79EFBC}") = "MFWindowApplication1", "test\MFWindowApplication1\MFWindowApplication1.csproj", "{3ADB32B4-2F37-492E-8EBA-38B0C5A69838}"
EndProject
Project("{FAE04EC0-301F-11D3-BF4B-00C04F79EFBC}") = "Test.Amqp.WP", "test\Test.Amqp.WP\Test.Amqp.WP.csproj", "{0C0C703C-032F-45F6-821A-569947B7FEAB}"
EndProject
Project("{FAE04EC0-301F-11D3-BF4B-00C04F79EFBC}") = "Test.Amqp.NetMF42", "test\Test.Amqp.NetMF\Test.Amqp.NetMF42.csproj", "{E0B13B0F-C739-4788-BC47-A6BEAF6FB5A6}"
EndProject
Project("{FAE04EC0-301F-11D3-BF4B-00C04F79EFBC}") = "Amqp.Store", "src\Amqp.Store.csproj", "{647AAC43-DC4A-47F0-8C07-E0DA2C312B30}"
EndProject
Project("{FAE04EC0-301F-11D3-BF4B-00C04F79EFBC}") = "Test.Amqp.Net", "test\Test.Amqp.Net\Test.Amqp.Net.csproj", "{06CAA70A-20A7-4334-AF03-D6228039C178}"
EndProject
Project("{2150E333-8FDC-42A3-9474-1A3956D46DE8}") = "Solution Items", "Solution Items", "{679989B2-8717-4ECC-9CAD-B104CFA91C38}"
	ProjectSection(SolutionItems) = preProject
		Amqp.Net.nuspec = Amqp.Net.nuspec
		build.cmd = build.cmd
	EndProjectSection
EndProject
Project("{FAE04EC0-301F-11D3-BF4B-00C04F79EFBC}") = "Amqp.Net", "src\Amqp.Net.csproj", "{92153715-1D99-43B1-B291-470CF91A156D}"
EndProject
Project("{FAE04EC0-301F-11D3-BF4B-00C04F79EFBC}") = "Amqp.NetCF39", "src\Amqp.NetCF39.csproj", "{994D25B3-A2C4-4A27-A0E8-3203E954BF58}"
EndProject
Project("{FAE04EC0-301F-11D3-BF4B-00C04F79EFBC}") = "Test.Amqp.NetCF39", "test\Test.Amqp.NetCF39\Test.Amqp.NetCF39.csproj", "{187E608C-FBF4-4517-B61F-A85AFF5BCA75}"
EndProject
Project("{FAE04EC0-301F-11D3-BF4B-00C04F79EFBC}") = "Amqp.NetMF43", "src\Amqp.NetMF43.csproj", "{5D8F78FC-0719-495F-9AD0-1EDD7EC9AA19}"
EndProject
Project("{FAE04EC0-301F-11D3-BF4B-00C04F79EFBC}") = "Test.Amqp.NetMF43", "test\Test.Amqp.NetMF\Test.Amqp.NetMF43.csproj", "{2C4CBC7A-16BD-4F27-86BA-3CF38BE0F426}"
EndProject
Project("{2150E333-8FDC-42A3-9474-1A3956D46DE8}") = "Examples", "Examples", "{8F701234-EC60-485C-BCDB-8EE233246832}"
EndProject
Project("{2150E333-8FDC-42A3-9474-1A3956D46DE8}") = "Interop", "Interop", "{612E8E0A-6CB6-45C9-9A05-CFC7F26A5C05}"
EndProject
Project("{FAE04EC0-301F-11D3-BF4B-00C04F79EFBC}") = "Interop.Drain", "Examples\Interop\Interop.Drain\Interop.Drain.csproj", "{D6201667-DFEC-4BEF-8F4F-BE5EE5F07FE7}"
EndProject
Project("{FAE04EC0-301F-11D3-BF4B-00C04F79EFBC}") = "Interop.Spout", "Examples\Interop\Interop.Spout\Interop.Spout.csproj", "{68470436-2F0D-4A76-B1E6-9C8517844C3E}"
EndProject
Project("{FAE04EC0-301F-11D3-BF4B-00C04F79EFBC}") = "TestAmqpBroker", "test\TestAmqpBroker\TestAmqpBroker.csproj", "{78A9C0DF-1999-4D97-AE22-50ADC44F9A7B}"
EndProject
Project("{FAE04EC0-301F-11D3-BF4B-00C04F79EFBC}") = "Interop.Server", "Examples\Interop\Interop.Server\Interop.Server.csproj", "{09975981-F2D3-43AE-B70D-F4DEE7B0B0D2}"
EndProject
Project("{FAE04EC0-301F-11D3-BF4B-00C04F79EFBC}") = "Interop.Client", "Examples\Interop\Interop.Client\Interop.Client.csproj", "{C272B10E-36BE-4F36-A128-331F715514E6}"
EndProject
Project("{2150E333-8FDC-42A3-9474-1A3956D46DE8}") = "ServiceBus", "ServiceBus", "{4A93A5B6-B935-4F86-B3DE-95B0F6EBEA56}"
EndProject
Project("{FAE04EC0-301F-11D3-BF4B-00C04F79EFBC}") = "ServiceBus.Cbs", "Examples\ServiceBus\ServiceBus.Cbs\ServiceBus.Cbs.csproj", "{4681C268-36DB-4838-BD21-9EC9A8363269}"
EndProject
Project("{2150E333-8FDC-42A3-9474-1A3956D46DE8}") = "PeerToPeer", "PeerToPeer", "{7FF80B2D-4158-41D3-BC87-60C018028F53}"
EndProject
Project("{FAE04EC0-301F-11D3-BF4B-00C04F79EFBC}") = "PeerToPeer.Server", "Examples\PeerToPeer\PeerToPeer.Server\PeerToPeer.Server.csproj", "{24C152B0-3813-43C6-82DD-8BB601642F6C}"
EndProject
Project("{FAE04EC0-301F-11D3-BF4B-00C04F79EFBC}") = "PeerToPeer.Client", "Examples\PeerToPeer\PeerToPeer.Client\PeerToPeer.Client.csproj", "{8FC90E46-024B-4089-9590-A7E8C2B092BE}"
EndProject
Project("{FAE04EC0-301F-11D3-BF4B-00C04F79EFBC}") = "Amqp.Net35", "src\Amqp.Net35.csproj", "{4FB9C0D9-C3A8-4FB5-86CD-927E5EBC6885}"
EndProject
Global
	GlobalSection(SolutionConfigurationPlatforms) = preSolution
		Debug|Any CPU = Debug|Any CPU
		Debug|ARM = Debug|ARM
		Debug|x64 = Debug|x64
		Debug|x86 = Debug|x86
		Release|Any CPU = Release|Any CPU
		Release|ARM = Release|ARM
		Release|x64 = Release|x64
		Release|x86 = Release|x86
	EndGlobalSection
	GlobalSection(ProjectConfigurationPlatforms) = postSolution
		{C80D0C64-C34A-4DF4-9E26-E1D2F4FFEFC8}.Debug|Any CPU.ActiveCfg = Debug|Any CPU
		{C80D0C64-C34A-4DF4-9E26-E1D2F4FFEFC8}.Debug|Any CPU.Build.0 = Debug|Any CPU
		{C80D0C64-C34A-4DF4-9E26-E1D2F4FFEFC8}.Debug|ARM.ActiveCfg = Debug|Any CPU
		{C80D0C64-C34A-4DF4-9E26-E1D2F4FFEFC8}.Debug|x64.ActiveCfg = Debug|Any CPU
		{C80D0C64-C34A-4DF4-9E26-E1D2F4FFEFC8}.Debug|x86.ActiveCfg = Debug|Any CPU
		{C80D0C64-C34A-4DF4-9E26-E1D2F4FFEFC8}.Release|Any CPU.ActiveCfg = Release|Any CPU
		{C80D0C64-C34A-4DF4-9E26-E1D2F4FFEFC8}.Release|Any CPU.Build.0 = Release|Any CPU
		{C80D0C64-C34A-4DF4-9E26-E1D2F4FFEFC8}.Release|ARM.ActiveCfg = Release|Any CPU
		{C80D0C64-C34A-4DF4-9E26-E1D2F4FFEFC8}.Release|x64.ActiveCfg = Release|Any CPU
		{C80D0C64-C34A-4DF4-9E26-E1D2F4FFEFC8}.Release|x86.ActiveCfg = Release|Any CPU
		{CD477EDC-5779-44CD-ABE9-330F1C6531D9}.Debug|Any CPU.ActiveCfg = Debug|Any CPU
		{CD477EDC-5779-44CD-ABE9-330F1C6531D9}.Debug|Any CPU.Build.0 = Debug|Any CPU
		{CD477EDC-5779-44CD-ABE9-330F1C6531D9}.Debug|ARM.ActiveCfg = Debug|ARM
		{CD477EDC-5779-44CD-ABE9-330F1C6531D9}.Debug|ARM.Build.0 = Debug|ARM
		{CD477EDC-5779-44CD-ABE9-330F1C6531D9}.Debug|x64.ActiveCfg = Debug|Any CPU
		{CD477EDC-5779-44CD-ABE9-330F1C6531D9}.Debug|x86.ActiveCfg = Debug|x86
		{CD477EDC-5779-44CD-ABE9-330F1C6531D9}.Debug|x86.Build.0 = Debug|x86
		{CD477EDC-5779-44CD-ABE9-330F1C6531D9}.Release|Any CPU.ActiveCfg = Release|Any CPU
		{CD477EDC-5779-44CD-ABE9-330F1C6531D9}.Release|Any CPU.Build.0 = Release|Any CPU
		{CD477EDC-5779-44CD-ABE9-330F1C6531D9}.Release|ARM.ActiveCfg = Release|ARM
		{CD477EDC-5779-44CD-ABE9-330F1C6531D9}.Release|ARM.Build.0 = Release|ARM
		{CD477EDC-5779-44CD-ABE9-330F1C6531D9}.Release|x64.ActiveCfg = Release|Any CPU
		{CD477EDC-5779-44CD-ABE9-330F1C6531D9}.Release|x86.ActiveCfg = Release|x86
		{CD477EDC-5779-44CD-ABE9-330F1C6531D9}.Release|x86.Build.0 = Release|x86
		{3ADB32B4-2F37-492E-8EBA-38B0C5A69838}.Debug|Any CPU.ActiveCfg = Debug|Any CPU
		{3ADB32B4-2F37-492E-8EBA-38B0C5A69838}.Debug|Any CPU.Build.0 = Debug|Any CPU
		{3ADB32B4-2F37-492E-8EBA-38B0C5A69838}.Debug|Any CPU.Deploy.0 = Debug|Any CPU
		{3ADB32B4-2F37-492E-8EBA-38B0C5A69838}.Debug|ARM.ActiveCfg = Debug|Any CPU
		{3ADB32B4-2F37-492E-8EBA-38B0C5A69838}.Debug|x64.ActiveCfg = Debug|Any CPU
		{3ADB32B4-2F37-492E-8EBA-38B0C5A69838}.Debug|x86.ActiveCfg = Debug|Any CPU
		{3ADB32B4-2F37-492E-8EBA-38B0C5A69838}.Release|Any CPU.ActiveCfg = Release|Any CPU
		{3ADB32B4-2F37-492E-8EBA-38B0C5A69838}.Release|Any CPU.Build.0 = Release|Any CPU
		{3ADB32B4-2F37-492E-8EBA-38B0C5A69838}.Release|Any CPU.Deploy.0 = Release|Any CPU
		{3ADB32B4-2F37-492E-8EBA-38B0C5A69838}.Release|ARM.ActiveCfg = Release|Any CPU
		{3ADB32B4-2F37-492E-8EBA-38B0C5A69838}.Release|x64.ActiveCfg = Release|Any CPU
		{3ADB32B4-2F37-492E-8EBA-38B0C5A69838}.Release|x86.ActiveCfg = Release|Any CPU
		{0C0C703C-032F-45F6-821A-569947B7FEAB}.Debug|Any CPU.ActiveCfg = Debug|Any CPU
		{0C0C703C-032F-45F6-821A-569947B7FEAB}.Debug|Any CPU.Build.0 = Debug|Any CPU
		{0C0C703C-032F-45F6-821A-569947B7FEAB}.Debug|Any CPU.Deploy.0 = Debug|Any CPU
		{0C0C703C-032F-45F6-821A-569947B7FEAB}.Debug|ARM.ActiveCfg = Debug|ARM
		{0C0C703C-032F-45F6-821A-569947B7FEAB}.Debug|ARM.Build.0 = Debug|ARM
		{0C0C703C-032F-45F6-821A-569947B7FEAB}.Debug|ARM.Deploy.0 = Debug|ARM
		{0C0C703C-032F-45F6-821A-569947B7FEAB}.Debug|x64.ActiveCfg = Debug|Any CPU
		{0C0C703C-032F-45F6-821A-569947B7FEAB}.Debug|x86.ActiveCfg = Debug|x86
		{0C0C703C-032F-45F6-821A-569947B7FEAB}.Debug|x86.Build.0 = Debug|x86
		{0C0C703C-032F-45F6-821A-569947B7FEAB}.Debug|x86.Deploy.0 = Debug|x86
		{0C0C703C-032F-45F6-821A-569947B7FEAB}.Release|Any CPU.ActiveCfg = Release|Any CPU
		{0C0C703C-032F-45F6-821A-569947B7FEAB}.Release|Any CPU.Build.0 = Release|Any CPU
		{0C0C703C-032F-45F6-821A-569947B7FEAB}.Release|Any CPU.Deploy.0 = Release|Any CPU
		{0C0C703C-032F-45F6-821A-569947B7FEAB}.Release|ARM.ActiveCfg = Release|ARM
		{0C0C703C-032F-45F6-821A-569947B7FEAB}.Release|ARM.Build.0 = Release|ARM
		{0C0C703C-032F-45F6-821A-569947B7FEAB}.Release|ARM.Deploy.0 = Release|ARM
		{0C0C703C-032F-45F6-821A-569947B7FEAB}.Release|x64.ActiveCfg = Release|Any CPU
		{0C0C703C-032F-45F6-821A-569947B7FEAB}.Release|x86.ActiveCfg = Release|x86
		{0C0C703C-032F-45F6-821A-569947B7FEAB}.Release|x86.Build.0 = Release|x86
		{0C0C703C-032F-45F6-821A-569947B7FEAB}.Release|x86.Deploy.0 = Release|x86
		{E0B13B0F-C739-4788-BC47-A6BEAF6FB5A6}.Debug|Any CPU.ActiveCfg = Debug|Any CPU
		{E0B13B0F-C739-4788-BC47-A6BEAF6FB5A6}.Debug|Any CPU.Build.0 = Debug|Any CPU
		{E0B13B0F-C739-4788-BC47-A6BEAF6FB5A6}.Debug|Any CPU.Deploy.0 = Debug|Any CPU
		{E0B13B0F-C739-4788-BC47-A6BEAF6FB5A6}.Debug|ARM.ActiveCfg = Debug|Any CPU
		{E0B13B0F-C739-4788-BC47-A6BEAF6FB5A6}.Debug|x64.ActiveCfg = Debug|Any CPU
		{E0B13B0F-C739-4788-BC47-A6BEAF6FB5A6}.Debug|x86.ActiveCfg = Debug|Any CPU
		{E0B13B0F-C739-4788-BC47-A6BEAF6FB5A6}.Release|Any CPU.ActiveCfg = Release|Any CPU
		{E0B13B0F-C739-4788-BC47-A6BEAF6FB5A6}.Release|Any CPU.Build.0 = Release|Any CPU
		{E0B13B0F-C739-4788-BC47-A6BEAF6FB5A6}.Release|Any CPU.Deploy.0 = Release|Any CPU
		{E0B13B0F-C739-4788-BC47-A6BEAF6FB5A6}.Release|ARM.ActiveCfg = Release|Any CPU
		{E0B13B0F-C739-4788-BC47-A6BEAF6FB5A6}.Release|x64.ActiveCfg = Release|Any CPU
		{E0B13B0F-C739-4788-BC47-A6BEAF6FB5A6}.Release|x86.ActiveCfg = Release|Any CPU
		{647AAC43-DC4A-47F0-8C07-E0DA2C312B30}.Debug|Any CPU.ActiveCfg = Debug|Any CPU
		{647AAC43-DC4A-47F0-8C07-E0DA2C312B30}.Debug|Any CPU.Build.0 = Debug|Any CPU
		{647AAC43-DC4A-47F0-8C07-E0DA2C312B30}.Debug|ARM.ActiveCfg = Debug|ARM
		{647AAC43-DC4A-47F0-8C07-E0DA2C312B30}.Debug|ARM.Build.0 = Debug|ARM
		{647AAC43-DC4A-47F0-8C07-E0DA2C312B30}.Debug|x64.ActiveCfg = Debug|x64
		{647AAC43-DC4A-47F0-8C07-E0DA2C312B30}.Debug|x64.Build.0 = Debug|x64
		{647AAC43-DC4A-47F0-8C07-E0DA2C312B30}.Debug|x86.ActiveCfg = Debug|x86
		{647AAC43-DC4A-47F0-8C07-E0DA2C312B30}.Debug|x86.Build.0 = Debug|x86
		{647AAC43-DC4A-47F0-8C07-E0DA2C312B30}.Release|Any CPU.ActiveCfg = Release|Any CPU
		{647AAC43-DC4A-47F0-8C07-E0DA2C312B30}.Release|Any CPU.Build.0 = Release|Any CPU
		{647AAC43-DC4A-47F0-8C07-E0DA2C312B30}.Release|ARM.ActiveCfg = Release|ARM
		{647AAC43-DC4A-47F0-8C07-E0DA2C312B30}.Release|ARM.Build.0 = Release|ARM
		{647AAC43-DC4A-47F0-8C07-E0DA2C312B30}.Release|x64.ActiveCfg = Release|x64
		{647AAC43-DC4A-47F0-8C07-E0DA2C312B30}.Release|x64.Build.0 = Release|x64
		{647AAC43-DC4A-47F0-8C07-E0DA2C312B30}.Release|x86.ActiveCfg = Release|x86
		{647AAC43-DC4A-47F0-8C07-E0DA2C312B30}.Release|x86.Build.0 = Release|x86
		{06CAA70A-20A7-4334-AF03-D6228039C178}.Debug|Any CPU.ActiveCfg = Debug|Any CPU
		{06CAA70A-20A7-4334-AF03-D6228039C178}.Debug|Any CPU.Build.0 = Debug|Any CPU
		{06CAA70A-20A7-4334-AF03-D6228039C178}.Debug|ARM.ActiveCfg = Debug|Any CPU
		{06CAA70A-20A7-4334-AF03-D6228039C178}.Debug|x64.ActiveCfg = Debug|Any CPU
		{06CAA70A-20A7-4334-AF03-D6228039C178}.Debug|x86.ActiveCfg = Debug|Any CPU
		{06CAA70A-20A7-4334-AF03-D6228039C178}.Release|Any CPU.ActiveCfg = Release|Any CPU
		{06CAA70A-20A7-4334-AF03-D6228039C178}.Release|Any CPU.Build.0 = Release|Any CPU
		{06CAA70A-20A7-4334-AF03-D6228039C178}.Release|ARM.ActiveCfg = Release|Any CPU
		{06CAA70A-20A7-4334-AF03-D6228039C178}.Release|x64.ActiveCfg = Release|Any CPU
		{06CAA70A-20A7-4334-AF03-D6228039C178}.Release|x86.ActiveCfg = Release|Any CPU
		{92153715-1D99-43B1-B291-470CF91A156D}.Debug|Any CPU.ActiveCfg = Debug|Any CPU
		{92153715-1D99-43B1-B291-470CF91A156D}.Debug|Any CPU.Build.0 = Debug|Any CPU
		{92153715-1D99-43B1-B291-470CF91A156D}.Debug|ARM.ActiveCfg = Debug|Any CPU
		{92153715-1D99-43B1-B291-470CF91A156D}.Debug|x64.ActiveCfg = Debug|Any CPU
		{92153715-1D99-43B1-B291-470CF91A156D}.Debug|x86.ActiveCfg = Debug|Any CPU
		{92153715-1D99-43B1-B291-470CF91A156D}.Release|Any CPU.ActiveCfg = Release|Any CPU
		{92153715-1D99-43B1-B291-470CF91A156D}.Release|Any CPU.Build.0 = Release|Any CPU
		{92153715-1D99-43B1-B291-470CF91A156D}.Release|ARM.ActiveCfg = Release|Any CPU
		{92153715-1D99-43B1-B291-470CF91A156D}.Release|x64.ActiveCfg = Release|Any CPU
		{92153715-1D99-43B1-B291-470CF91A156D}.Release|x86.ActiveCfg = Release|Any CPU
		{994D25B3-A2C4-4A27-A0E8-3203E954BF58}.Debug|Any CPU.ActiveCfg = Debug|Any CPU
		{994D25B3-A2C4-4A27-A0E8-3203E954BF58}.Debug|Any CPU.Build.0 = Debug|Any CPU
		{994D25B3-A2C4-4A27-A0E8-3203E954BF58}.Debug|ARM.ActiveCfg = Debug|Any CPU
		{994D25B3-A2C4-4A27-A0E8-3203E954BF58}.Debug|x64.ActiveCfg = Debug|Any CPU
		{994D25B3-A2C4-4A27-A0E8-3203E954BF58}.Debug|x86.ActiveCfg = Debug|Any CPU
		{994D25B3-A2C4-4A27-A0E8-3203E954BF58}.Release|Any CPU.ActiveCfg = Release|Any CPU
		{994D25B3-A2C4-4A27-A0E8-3203E954BF58}.Release|Any CPU.Build.0 = Release|Any CPU
		{994D25B3-A2C4-4A27-A0E8-3203E954BF58}.Release|ARM.ActiveCfg = Release|Any CPU
		{994D25B3-A2C4-4A27-A0E8-3203E954BF58}.Release|x64.ActiveCfg = Release|Any CPU
		{994D25B3-A2C4-4A27-A0E8-3203E954BF58}.Release|x86.ActiveCfg = Release|Any CPU
		{187E608C-FBF4-4517-B61F-A85AFF5BCA75}.Debug|Any CPU.ActiveCfg = Debug|Any CPU
		{187E608C-FBF4-4517-B61F-A85AFF5BCA75}.Debug|Any CPU.Build.0 = Debug|Any CPU
		{187E608C-FBF4-4517-B61F-A85AFF5BCA75}.Debug|Any CPU.Deploy.0 = Debug|Any CPU
		{187E608C-FBF4-4517-B61F-A85AFF5BCA75}.Debug|ARM.ActiveCfg = Debug|Any CPU
		{187E608C-FBF4-4517-B61F-A85AFF5BCA75}.Debug|x64.ActiveCfg = Debug|Any CPU
		{187E608C-FBF4-4517-B61F-A85AFF5BCA75}.Debug|x86.ActiveCfg = Debug|Any CPU
		{187E608C-FBF4-4517-B61F-A85AFF5BCA75}.Release|Any CPU.ActiveCfg = Release|Any CPU
		{187E608C-FBF4-4517-B61F-A85AFF5BCA75}.Release|Any CPU.Build.0 = Release|Any CPU
		{187E608C-FBF4-4517-B61F-A85AFF5BCA75}.Release|Any CPU.Deploy.0 = Release|Any CPU
		{187E608C-FBF4-4517-B61F-A85AFF5BCA75}.Release|ARM.ActiveCfg = Release|Any CPU
		{187E608C-FBF4-4517-B61F-A85AFF5BCA75}.Release|x64.ActiveCfg = Release|Any CPU
		{187E608C-FBF4-4517-B61F-A85AFF5BCA75}.Release|x86.ActiveCfg = Release|Any CPU
		{5D8F78FC-0719-495F-9AD0-1EDD7EC9AA19}.Debug|Any CPU.ActiveCfg = Debug|Any CPU
		{5D8F78FC-0719-495F-9AD0-1EDD7EC9AA19}.Debug|Any CPU.Build.0 = Debug|Any CPU
		{5D8F78FC-0719-495F-9AD0-1EDD7EC9AA19}.Debug|ARM.ActiveCfg = Debug|Any CPU
		{5D8F78FC-0719-495F-9AD0-1EDD7EC9AA19}.Debug|x64.ActiveCfg = Debug|Any CPU
		{5D8F78FC-0719-495F-9AD0-1EDD7EC9AA19}.Debug|x86.ActiveCfg = Debug|Any CPU
		{5D8F78FC-0719-495F-9AD0-1EDD7EC9AA19}.Release|Any CPU.ActiveCfg = Release|Any CPU
		{5D8F78FC-0719-495F-9AD0-1EDD7EC9AA19}.Release|Any CPU.Build.0 = Release|Any CPU
		{5D8F78FC-0719-495F-9AD0-1EDD7EC9AA19}.Release|ARM.ActiveCfg = Release|Any CPU
		{5D8F78FC-0719-495F-9AD0-1EDD7EC9AA19}.Release|x64.ActiveCfg = Release|Any CPU
		{5D8F78FC-0719-495F-9AD0-1EDD7EC9AA19}.Release|x86.ActiveCfg = Release|Any CPU
		{2C4CBC7A-16BD-4F27-86BA-3CF38BE0F426}.Debug|Any CPU.ActiveCfg = Debug|Any CPU
		{2C4CBC7A-16BD-4F27-86BA-3CF38BE0F426}.Debug|Any CPU.Build.0 = Debug|Any CPU
		{2C4CBC7A-16BD-4F27-86BA-3CF38BE0F426}.Debug|Any CPU.Deploy.0 = Debug|Any CPU
		{2C4CBC7A-16BD-4F27-86BA-3CF38BE0F426}.Debug|ARM.ActiveCfg = Debug|Any CPU
		{2C4CBC7A-16BD-4F27-86BA-3CF38BE0F426}.Debug|x64.ActiveCfg = Debug|Any CPU
		{2C4CBC7A-16BD-4F27-86BA-3CF38BE0F426}.Debug|x86.ActiveCfg = Debug|Any CPU
		{2C4CBC7A-16BD-4F27-86BA-3CF38BE0F426}.Release|Any CPU.ActiveCfg = Release|Any CPU
		{2C4CBC7A-16BD-4F27-86BA-3CF38BE0F426}.Release|Any CPU.Build.0 = Release|Any CPU
		{2C4CBC7A-16BD-4F27-86BA-3CF38BE0F426}.Release|Any CPU.Deploy.0 = Release|Any CPU
		{2C4CBC7A-16BD-4F27-86BA-3CF38BE0F426}.Release|ARM.ActiveCfg = Release|Any CPU
		{2C4CBC7A-16BD-4F27-86BA-3CF38BE0F426}.Release|x64.ActiveCfg = Release|Any CPU
		{2C4CBC7A-16BD-4F27-86BA-3CF38BE0F426}.Release|x86.ActiveCfg = Release|Any CPU
		{D6201667-DFEC-4BEF-8F4F-BE5EE5F07FE7}.Debug|Any CPU.ActiveCfg = Debug|Any CPU
		{D6201667-DFEC-4BEF-8F4F-BE5EE5F07FE7}.Debug|Any CPU.Build.0 = Debug|Any CPU
		{D6201667-DFEC-4BEF-8F4F-BE5EE5F07FE7}.Debug|ARM.ActiveCfg = Debug|Any CPU
		{D6201667-DFEC-4BEF-8F4F-BE5EE5F07FE7}.Debug|x64.ActiveCfg = Debug|Any CPU
		{D6201667-DFEC-4BEF-8F4F-BE5EE5F07FE7}.Debug|x86.ActiveCfg = Debug|Any CPU
		{D6201667-DFEC-4BEF-8F4F-BE5EE5F07FE7}.Release|Any CPU.ActiveCfg = Release|Any CPU
		{D6201667-DFEC-4BEF-8F4F-BE5EE5F07FE7}.Release|Any CPU.Build.0 = Release|Any CPU
		{D6201667-DFEC-4BEF-8F4F-BE5EE5F07FE7}.Release|ARM.ActiveCfg = Release|Any CPU
		{D6201667-DFEC-4BEF-8F4F-BE5EE5F07FE7}.Release|x64.ActiveCfg = Release|Any CPU
		{D6201667-DFEC-4BEF-8F4F-BE5EE5F07FE7}.Release|x86.ActiveCfg = Release|Any CPU
		{68470436-2F0D-4A76-B1E6-9C8517844C3E}.Debug|Any CPU.ActiveCfg = Debug|Any CPU
		{68470436-2F0D-4A76-B1E6-9C8517844C3E}.Debug|Any CPU.Build.0 = Debug|Any CPU
		{68470436-2F0D-4A76-B1E6-9C8517844C3E}.Debug|ARM.ActiveCfg = Debug|Any CPU
		{68470436-2F0D-4A76-B1E6-9C8517844C3E}.Debug|x64.ActiveCfg = Debug|Any CPU
		{68470436-2F0D-4A76-B1E6-9C8517844C3E}.Debug|x86.ActiveCfg = Debug|Any CPU
		{68470436-2F0D-4A76-B1E6-9C8517844C3E}.Release|Any CPU.ActiveCfg = Release|Any CPU
		{68470436-2F0D-4A76-B1E6-9C8517844C3E}.Release|Any CPU.Build.0 = Release|Any CPU
		{68470436-2F0D-4A76-B1E6-9C8517844C3E}.Release|ARM.ActiveCfg = Release|Any CPU
		{68470436-2F0D-4A76-B1E6-9C8517844C3E}.Release|x64.ActiveCfg = Release|Any CPU
		{68470436-2F0D-4A76-B1E6-9C8517844C3E}.Release|x86.ActiveCfg = Release|Any CPU
		{78A9C0DF-1999-4D97-AE22-50ADC44F9A7B}.Debug|Any CPU.ActiveCfg = Debug|Any CPU
		{78A9C0DF-1999-4D97-AE22-50ADC44F9A7B}.Debug|Any CPU.Build.0 = Debug|Any CPU
		{78A9C0DF-1999-4D97-AE22-50ADC44F9A7B}.Debug|ARM.ActiveCfg = Debug|Any CPU
		{78A9C0DF-1999-4D97-AE22-50ADC44F9A7B}.Debug|x64.ActiveCfg = Debug|Any CPU
		{78A9C0DF-1999-4D97-AE22-50ADC44F9A7B}.Debug|x86.ActiveCfg = Debug|Any CPU
		{78A9C0DF-1999-4D97-AE22-50ADC44F9A7B}.Release|Any CPU.ActiveCfg = Release|Any CPU
		{78A9C0DF-1999-4D97-AE22-50ADC44F9A7B}.Release|Any CPU.Build.0 = Release|Any CPU
		{78A9C0DF-1999-4D97-AE22-50ADC44F9A7B}.Release|ARM.ActiveCfg = Release|Any CPU
		{78A9C0DF-1999-4D97-AE22-50ADC44F9A7B}.Release|x64.ActiveCfg = Release|Any CPU
		{78A9C0DF-1999-4D97-AE22-50ADC44F9A7B}.Release|x86.ActiveCfg = Release|Any CPU
		{09975981-F2D3-43AE-B70D-F4DEE7B0B0D2}.Debug|Any CPU.ActiveCfg = Debug|Any CPU
		{09975981-F2D3-43AE-B70D-F4DEE7B0B0D2}.Debug|Any CPU.Build.0 = Debug|Any CPU
		{09975981-F2D3-43AE-B70D-F4DEE7B0B0D2}.Debug|ARM.ActiveCfg = Debug|Any CPU
		{09975981-F2D3-43AE-B70D-F4DEE7B0B0D2}.Debug|x64.ActiveCfg = Debug|Any CPU
		{09975981-F2D3-43AE-B70D-F4DEE7B0B0D2}.Debug|x86.ActiveCfg = Debug|Any CPU
		{09975981-F2D3-43AE-B70D-F4DEE7B0B0D2}.Release|Any CPU.ActiveCfg = Release|Any CPU
		{09975981-F2D3-43AE-B70D-F4DEE7B0B0D2}.Release|Any CPU.Build.0 = Release|Any CPU
		{09975981-F2D3-43AE-B70D-F4DEE7B0B0D2}.Release|ARM.ActiveCfg = Release|Any CPU
		{09975981-F2D3-43AE-B70D-F4DEE7B0B0D2}.Release|x64.ActiveCfg = Release|Any CPU
		{09975981-F2D3-43AE-B70D-F4DEE7B0B0D2}.Release|x86.ActiveCfg = Release|Any CPU
		{C272B10E-36BE-4F36-A128-331F715514E6}.Debug|Any CPU.ActiveCfg = Debug|Any CPU
		{C272B10E-36BE-4F36-A128-331F715514E6}.Debug|Any CPU.Build.0 = Debug|Any CPU
		{C272B10E-36BE-4F36-A128-331F715514E6}.Debug|ARM.ActiveCfg = Debug|Any CPU
		{C272B10E-36BE-4F36-A128-331F715514E6}.Debug|x64.ActiveCfg = Debug|Any CPU
		{C272B10E-36BE-4F36-A128-331F715514E6}.Debug|x86.ActiveCfg = Debug|Any CPU
		{C272B10E-36BE-4F36-A128-331F715514E6}.Release|Any CPU.ActiveCfg = Release|Any CPU
		{C272B10E-36BE-4F36-A128-331F715514E6}.Release|Any CPU.Build.0 = Release|Any CPU
		{C272B10E-36BE-4F36-A128-331F715514E6}.Release|ARM.ActiveCfg = Release|Any CPU
		{C272B10E-36BE-4F36-A128-331F715514E6}.Release|x64.ActiveCfg = Release|Any CPU
		{C272B10E-36BE-4F36-A128-331F715514E6}.Release|x86.ActiveCfg = Release|Any CPU
		{4681C268-36DB-4838-BD21-9EC9A8363269}.Debug|Any CPU.ActiveCfg = Debug|Any CPU
		{4681C268-36DB-4838-BD21-9EC9A8363269}.Debug|Any CPU.Build.0 = Debug|Any CPU
		{4681C268-36DB-4838-BD21-9EC9A8363269}.Debug|ARM.ActiveCfg = Debug|Any CPU
		{4681C268-36DB-4838-BD21-9EC9A8363269}.Debug|x64.ActiveCfg = Debug|Any CPU
		{4681C268-36DB-4838-BD21-9EC9A8363269}.Debug|x86.ActiveCfg = Debug|Any CPU
		{4681C268-36DB-4838-BD21-9EC9A8363269}.Release|Any CPU.ActiveCfg = Release|Any CPU
		{4681C268-36DB-4838-BD21-9EC9A8363269}.Release|Any CPU.Build.0 = Release|Any CPU
		{4681C268-36DB-4838-BD21-9EC9A8363269}.Release|ARM.ActiveCfg = Release|Any CPU
		{4681C268-36DB-4838-BD21-9EC9A8363269}.Release|x64.ActiveCfg = Release|Any CPU
		{4681C268-36DB-4838-BD21-9EC9A8363269}.Release|x86.ActiveCfg = Release|Any CPU
		{24C152B0-3813-43C6-82DD-8BB601642F6C}.Debug|Any CPU.ActiveCfg = Debug|Any CPU
		{24C152B0-3813-43C6-82DD-8BB601642F6C}.Debug|Any CPU.Build.0 = Debug|Any CPU
		{24C152B0-3813-43C6-82DD-8BB601642F6C}.Debug|ARM.ActiveCfg = Debug|Any CPU
		{24C152B0-3813-43C6-82DD-8BB601642F6C}.Debug|x64.ActiveCfg = Debug|Any CPU
		{24C152B0-3813-43C6-82DD-8BB601642F6C}.Debug|x86.ActiveCfg = Debug|Any CPU
		{24C152B0-3813-43C6-82DD-8BB601642F6C}.Release|Any CPU.ActiveCfg = Release|Any CPU
		{24C152B0-3813-43C6-82DD-8BB601642F6C}.Release|Any CPU.Build.0 = Release|Any CPU
		{24C152B0-3813-43C6-82DD-8BB601642F6C}.Release|ARM.ActiveCfg = Release|Any CPU
		{24C152B0-3813-43C6-82DD-8BB601642F6C}.Release|x64.ActiveCfg = Release|Any CPU
		{24C152B0-3813-43C6-82DD-8BB601642F6C}.Release|x86.ActiveCfg = Release|Any CPU
		{8FC90E46-024B-4089-9590-A7E8C2B092BE}.Debug|Any CPU.ActiveCfg = Debug|Any CPU
		{8FC90E46-024B-4089-9590-A7E8C2B092BE}.Debug|Any CPU.Build.0 = Debug|Any CPU
		{8FC90E46-024B-4089-9590-A7E8C2B092BE}.Debug|ARM.ActiveCfg = Debug|Any CPU
		{8FC90E46-024B-4089-9590-A7E8C2B092BE}.Debug|x64.ActiveCfg = Debug|Any CPU
		{8FC90E46-024B-4089-9590-A7E8C2B092BE}.Debug|x86.ActiveCfg = Debug|Any CPU
		{8FC90E46-024B-4089-9590-A7E8C2B092BE}.Release|Any CPU.ActiveCfg = Release|Any CPU
		{8FC90E46-024B-4089-9590-A7E8C2B092BE}.Release|Any CPU.Build.0 = Release|Any CPU
		{8FC90E46-024B-4089-9590-A7E8C2B092BE}.Release|ARM.ActiveCfg = Release|Any CPU
		{8FC90E46-024B-4089-9590-A7E8C2B092BE}.Release|x64.ActiveCfg = Release|Any CPU
		{8FC90E46-024B-4089-9590-A7E8C2B092BE}.Release|x86.ActiveCfg = Release|Any CPU
		{4FB9C0D9-C3A8-4FB5-86CD-927E5EBC6885}.Debug|Any CPU.ActiveCfg = Debug|Any CPU
		{4FB9C0D9-C3A8-4FB5-86CD-927E5EBC6885}.Debug|Any CPU.Build.0 = Debug|Any CPU
		{4FB9C0D9-C3A8-4FB5-86CD-927E5EBC6885}.Debug|ARM.ActiveCfg = Debug|Any CPU
		{4FB9C0D9-C3A8-4FB5-86CD-927E5EBC6885}.Debug|x64.ActiveCfg = Debug|Any CPU
		{4FB9C0D9-C3A8-4FB5-86CD-927E5EBC6885}.Debug|x86.ActiveCfg = Debug|Any CPU
		{4FB9C0D9-C3A8-4FB5-86CD-927E5EBC6885}.Release|Any CPU.ActiveCfg = Release|Any CPU
		{4FB9C0D9-C3A8-4FB5-86CD-927E5EBC6885}.Release|Any CPU.Build.0 = Release|Any CPU
		{4FB9C0D9-C3A8-4FB5-86CD-927E5EBC6885}.Release|ARM.ActiveCfg = Release|Any CPU
		{4FB9C0D9-C3A8-4FB5-86CD-927E5EBC6885}.Release|x64.ActiveCfg = Release|Any CPU
		{4FB9C0D9-C3A8-4FB5-86CD-927E5EBC6885}.Release|x86.ActiveCfg = Release|Any CPU
	EndGlobalSection
	GlobalSection(SolutionProperties) = preSolution
		HideSolutionNode = FALSE
	EndGlobalSection
	GlobalSection(NestedProjects) = preSolution
		{612E8E0A-6CB6-45C9-9A05-CFC7F26A5C05} = {8F701234-EC60-485C-BCDB-8EE233246832}
		{4A93A5B6-B935-4F86-B3DE-95B0F6EBEA56} = {8F701234-EC60-485C-BCDB-8EE233246832}
		{7FF80B2D-4158-41D3-BC87-60C018028F53} = {8F701234-EC60-485C-BCDB-8EE233246832}
		{D6201667-DFEC-4BEF-8F4F-BE5EE5F07FE7} = {612E8E0A-6CB6-45C9-9A05-CFC7F26A5C05}
		{68470436-2F0D-4A76-B1E6-9C8517844C3E} = {612E8E0A-6CB6-45C9-9A05-CFC7F26A5C05}
		{09975981-F2D3-43AE-B70D-F4DEE7B0B0D2} = {612E8E0A-6CB6-45C9-9A05-CFC7F26A5C05}
		{C272B10E-36BE-4F36-A128-331F715514E6} = {612E8E0A-6CB6-45C9-9A05-CFC7F26A5C05}
		{4681C268-36DB-4838-BD21-9EC9A8363269} = {4A93A5B6-B935-4F86-B3DE-95B0F6EBEA56}
		{24C152B0-3813-43C6-82DD-8BB601642F6C} = {7FF80B2D-4158-41D3-BC87-60C018028F53}
		{8FC90E46-024B-4089-9590-A7E8C2B092BE} = {7FF80B2D-4158-41D3-BC87-60C018028F53}
	EndGlobalSection
EndGlobal
