Microsoft Visual Studio Solution File, Format Version 12.00
# Visual Studio 15
VisualStudioVersion = 15.0.28010.2026
MinimumVisualStudioVersion = 10.0.40219.1
Project("{2150E333-8FDC-42A3-9474-1A3956D46DE8}") = "build", "build", "{679989B2-8717-4ECC-9CAD-B104CFA91C38}"
	ProjectSection(SolutionItems) = preProject
		src\amqp.snk = src\amqp.snk
		nuspec\AMQPNetLite.nanoFramework.nuspec = nuspec\AMQPNetLite.nanoFramework.nuspec
		nuspec\AMQPNetMicro.nanoFramework.nuspec = nuspec\AMQPNetMicro.nanoFramework.nuspec
		appveyor.yml = appveyor.yml
		build.2017.cmd = build.2017.cmd
	EndProjectSection
EndProject
Project("{2150E333-8FDC-42A3-9474-1A3956D46DE8}") = "Examples", "Examples", "{8F701234-EC60-485C-BCDB-8EE233246832}"
EndProject
Project("{2150E333-8FDC-42A3-9474-1A3956D46DE8}") = "Interop", "Interop", "{612E8E0A-6CB6-45C9-9A05-CFC7F26A5C05}"
EndProject
Project("{2150E333-8FDC-42A3-9474-1A3956D46DE8}") = "ServiceBus", "ServiceBus", "{4A93A5B6-B935-4F86-B3DE-95B0F6EBEA56}"
EndProject
Project("{2150E333-8FDC-42A3-9474-1A3956D46DE8}") = "PeerToPeer", "PeerToPeer", "{7FF80B2D-4158-41D3-BC87-60C018028F53}"
EndProject
Project("{2150E333-8FDC-42A3-9474-1A3956D46DE8}") = "Device", "Device", "{BF554E12-7096-465F-B1D0-9ACFF00877F2}"
EndProject
Project("{2150E333-8FDC-42A3-9474-1A3956D46DE8}") = "Listener", "Listener", "{89F13102-4826-4406-844B-7B21C47885E7}"
EndProject
Project("{2150E333-8FDC-42A3-9474-1A3956D46DE8}") = "dotnet", "dotnet", "{57BFDBF2-F67F-4D14-953F-5DA8FB06B52C}"
EndProject
Project("{2150E333-8FDC-42A3-9474-1A3956D46DE8}") = "test", "test", "{3A334EFA-47FA-4CE2-9306-FDFF7CF47157}"
EndProject
Project("{2150E333-8FDC-42A3-9474-1A3956D46DE8}") = "Reconnect", "Reconnect", "{B61E3B51-78CB-4047-8078-0B987E5E9742}"
EndProject
Project("{2150E333-8FDC-42A3-9474-1A3956D46DE8}") = "Serialization", "Serialization", "{3C94DB48-3DDB-429C-8033-87F560607AA6}"
EndProject
Project("{2150E333-8FDC-42A3-9474-1A3956D46DE8}") = "netmf", "netmf", "{E0C378B0-4AF7-4C1F-A068-81A23FF8894E}"
EndProject
Project("{2150E333-8FDC-42A3-9474-1A3956D46DE8}") = "nanoFramework", "nanoFramework", "{3BA1A9EE-75A3-4483-B829-7E0C555B30EF}"
EndProject
Project("{11A8DD76-328B-46DF-9F39-F559912D0360}") = "Device.SmallMemory.nanoFramework", "Examples\Device\Device.SmallMemory.nanoFramework\Device.SmallMemory.nanoFramework.nfproj", "{058153C5-5319-43B3-A10B-C50521ED02EA}"
EndProject
Project("{11A8DD76-328B-46DF-9F39-F559912D0360}") = "Device.Thermometer.nanoFramework", "Examples\Device\Device.Thermometer.nanoFramework\Device.Thermometer.nanoFramework.nfproj", "{AA510BD3-3AA7-4D0C-8B2E-FD03FEE288F4}"
EndProject
Project("{11A8DD76-328B-46DF-9F39-F559912D0360}") = "Amqp.Micro.nanoFramework", "nanoFramework\Amqp.Micro.nanoFramework.nfproj", "{F66A975C-A958-4D17-BCF3-AC28CE9D460B}"
EndProject
Project("{11A8DD76-328B-46DF-9F39-F559912D0360}") = "Amqp.nanoFramework", "nanoFramework\Amqp.nanoFramework.nfproj", "{FD8A8669-2183-4D5C-87B7-1CAB4CD26E90}"
EndProject
Project("{11A8DD76-328B-46DF-9F39-F559912D0360}") = "Test.Amqp.nanoFramework", "nanoFramework\Test.Amqp.nanoFramework.nfproj", "{3E5028BE-B7FA-4D5D-A931-132032FD1171}"
EndProject
Global
	GlobalSection(SolutionConfigurationPlatforms) = preSolution
		Debug|Any CPU = Debug|Any CPU
		Debug|ARM = Debug|ARM
		Debug|x64 = Debug|x64
		Debug|x86 = Debug|x86
		Release|Any CPU = Release|Any CPU
		Release|ARM = Release|ARM
		Release|x64 = Release|x64
		Release|x86 = Release|x86
	EndGlobalSection
	GlobalSection(ProjectConfigurationPlatforms) = postSolution
		{058153C5-5319-43B3-A10B-C50521ED02EA}.Debug|Any CPU.ActiveCfg = Debug|Any CPU
		{058153C5-5319-43B3-A10B-C50521ED02EA}.Debug|Any CPU.Build.0 = Debug|Any CPU
		{058153C5-5319-43B3-A10B-C50521ED02EA}.Debug|Any CPU.Deploy.0 = Debug|Any CPU
		{058153C5-5319-43B3-A10B-C50521ED02EA}.Debug|ARM.ActiveCfg = Debug|Any CPU
		{058153C5-5319-43B3-A10B-C50521ED02EA}.Debug|ARM.Build.0 = Debug|Any CPU
		{058153C5-5319-43B3-A10B-C50521ED02EA}.Debug|ARM.Deploy.0 = Debug|Any CPU
		{058153C5-5319-43B3-A10B-C50521ED02EA}.Debug|x64.ActiveCfg = Debug|Any CPU
		{058153C5-5319-43B3-A10B-C50521ED02EA}.Debug|x64.Build.0 = Debug|Any CPU
		{058153C5-5319-43B3-A10B-C50521ED02EA}.Debug|x64.Deploy.0 = Debug|Any CPU
		{058153C5-5319-43B3-A10B-C50521ED02EA}.Debug|x86.ActiveCfg = Debug|Any CPU
		{058153C5-5319-43B3-A10B-C50521ED02EA}.Debug|x86.Build.0 = Debug|Any CPU
		{058153C5-5319-43B3-A10B-C50521ED02EA}.Debug|x86.Deploy.0 = Debug|Any CPU
		{058153C5-5319-43B3-A10B-C50521ED02EA}.Release|Any CPU.ActiveCfg = Release|Any CPU
		{058153C5-5319-43B3-A10B-C50521ED02EA}.Release|Any CPU.Build.0 = Release|Any CPU
		{058153C5-5319-43B3-A10B-C50521ED02EA}.Release|Any CPU.Deploy.0 = Release|Any CPU
		{058153C5-5319-43B3-A10B-C50521ED02EA}.Release|ARM.ActiveCfg = Release|Any CPU
		{058153C5-5319-43B3-A10B-C50521ED02EA}.Release|ARM.Build.0 = Release|Any CPU
		{058153C5-5319-43B3-A10B-C50521ED02EA}.Release|ARM.Deploy.0 = Release|Any CPU
		{058153C5-5319-43B3-A10B-C50521ED02EA}.Release|x64.ActiveCfg = Release|Any CPU
		{058153C5-5319-43B3-A10B-C50521ED02EA}.Release|x64.Build.0 = Release|Any CPU
		{058153C5-5319-43B3-A10B-C50521ED02EA}.Release|x64.Deploy.0 = Release|Any CPU
		{058153C5-5319-43B3-A10B-C50521ED02EA}.Release|x86.ActiveCfg = Release|Any CPU
		{058153C5-5319-43B3-A10B-C50521ED02EA}.Release|x86.Build.0 = Release|Any CPU
		{058153C5-5319-43B3-A10B-C50521ED02EA}.Release|x86.Deploy.0 = Release|Any CPU
		{AA510BD3-3AA7-4D0C-8B2E-FD03FEE288F4}.Debug|Any CPU.ActiveCfg = Debug|Any CPU
		{AA510BD3-3AA7-4D0C-8B2E-FD03FEE288F4}.Debug|Any CPU.Build.0 = Debug|Any CPU
		{AA510BD3-3AA7-4D0C-8B2E-FD03FEE288F4}.Debug|Any CPU.Deploy.0 = Debug|Any CPU
		{AA510BD3-3AA7-4D0C-8B2E-FD03FEE288F4}.Debug|ARM.ActiveCfg = Debug|Any CPU
		{AA510BD3-3AA7-4D0C-8B2E-FD03FEE288F4}.Debug|ARM.Build.0 = Debug|Any CPU
		{AA510BD3-3AA7-4D0C-8B2E-FD03FEE288F4}.Debug|ARM.Deploy.0 = Debug|Any CPU
		{AA510BD3-3AA7-4D0C-8B2E-FD03FEE288F4}.Debug|x64.ActiveCfg = Debug|Any CPU
		{AA510BD3-3AA7-4D0C-8B2E-FD03FEE288F4}.Debug|x64.Build.0 = Debug|Any CPU
		{AA510BD3-3AA7-4D0C-8B2E-FD03FEE288F4}.Debug|x64.Deploy.0 = Debug|Any CPU
		{AA510BD3-3AA7-4D0C-8B2E-FD03FEE288F4}.Debug|x86.ActiveCfg = Debug|Any CPU
		{AA510BD3-3AA7-4D0C-8B2E-FD03FEE288F4}.Debug|x86.Build.0 = Debug|Any CPU
		{AA510BD3-3AA7-4D0C-8B2E-FD03FEE288F4}.Debug|x86.Deploy.0 = Debug|Any CPU
		{AA510BD3-3AA7-4D0C-8B2E-FD03FEE288F4}.Release|Any CPU.ActiveCfg = Release|Any CPU
		{AA510BD3-3AA7-4D0C-8B2E-FD03FEE288F4}.Release|Any CPU.Build.0 = Release|Any CPU
		{AA510BD3-3AA7-4D0C-8B2E-FD03FEE288F4}.Release|Any CPU.Deploy.0 = Release|Any CPU
		{AA510BD3-3AA7-4D0C-8B2E-FD03FEE288F4}.Release|ARM.ActiveCfg = Release|Any CPU
		{AA510BD3-3AA7-4D0C-8B2E-FD03FEE288F4}.Release|ARM.Build.0 = Release|Any CPU
		{AA510BD3-3AA7-4D0C-8B2E-FD03FEE288F4}.Release|ARM.Deploy.0 = Release|Any CPU
		{AA510BD3-3AA7-4D0C-8B2E-FD03FEE288F4}.Release|x64.ActiveCfg = Release|Any CPU
		{AA510BD3-3AA7-4D0C-8B2E-FD03FEE288F4}.Release|x64.Build.0 = Release|Any CPU
		{AA510BD3-3AA7-4D0C-8B2E-FD03FEE288F4}.Release|x64.Deploy.0 = Release|Any CPU
		{AA510BD3-3AA7-4D0C-8B2E-FD03FEE288F4}.Release|x86.ActiveCfg = Release|Any CPU
		{AA510BD3-3AA7-4D0C-8B2E-FD03FEE288F4}.Release|x86.Build.0 = Release|Any CPU
		{AA510BD3-3AA7-4D0C-8B2E-FD03FEE288F4}.Release|x86.Deploy.0 = Release|Any CPU
		{F66A975C-A958-4D17-BCF3-AC28CE9D460B}.Debug|Any CPU.ActiveCfg = Debug|Any CPU
		{F66A975C-A958-4D17-BCF3-AC28CE9D460B}.Debug|Any CPU.Build.0 = Debug|Any CPU
		{F66A975C-A958-4D17-BCF3-AC28CE9D460B}.Debug|Any CPU.Deploy.0 = Debug|Any CPU
		{F66A975C-A958-4D17-BCF3-AC28CE9D460B}.Debug|ARM.ActiveCfg = Debug|Any CPU
		{F66A975C-A958-4D17-BCF3-AC28CE9D460B}.Debug|ARM.Build.0 = Debug|Any CPU
		{F66A975C-A958-4D17-BCF3-AC28CE9D460B}.Debug|ARM.Deploy.0 = Debug|Any CPU
		{F66A975C-A958-4D17-BCF3-AC28CE9D460B}.Debug|x64.ActiveCfg = Debug|Any CPU
		{F66A975C-A958-4D17-BCF3-AC28CE9D460B}.Debug|x64.Build.0 = Debug|Any CPU
		{F66A975C-A958-4D17-BCF3-AC28CE9D460B}.Debug|x64.Deploy.0 = Debug|Any CPU
		{F66A975C-A958-4D17-BCF3-AC28CE9D460B}.Debug|x86.ActiveCfg = Debug|Any CPU
		{F66A975C-A958-4D17-BCF3-AC28CE9D460B}.Debug|x86.Build.0 = Debug|Any CPU
		{F66A975C-A958-4D17-BCF3-AC28CE9D460B}.Debug|x86.Deploy.0 = Debug|Any CPU
		{F66A975C-A958-4D17-BCF3-AC28CE9D460B}.Release|Any CPU.ActiveCfg = Release|Any CPU
		{F66A975C-A958-4D17-BCF3-AC28CE9D460B}.Release|Any CPU.Build.0 = Release|Any CPU
		{F66A975C-A958-4D17-BCF3-AC28CE9D460B}.Release|Any CPU.Deploy.0 = Release|Any CPU
		{F66A975C-A958-4D17-BCF3-AC28CE9D460B}.Release|ARM.ActiveCfg = Release|Any CPU
		{F66A975C-A958-4D17-BCF3-AC28CE9D460B}.Release|ARM.Build.0 = Release|Any CPU
		{F66A975C-A958-4D17-BCF3-AC28CE9D460B}.Release|ARM.Deploy.0 = Release|Any CPU
		{F66A975C-A958-4D17-BCF3-AC28CE9D460B}.Release|x64.ActiveCfg = Release|Any CPU
		{F66A975C-A958-4D17-BCF3-AC28CE9D460B}.Release|x64.Build.0 = Release|Any CPU
		{F66A975C-A958-4D17-BCF3-AC28CE9D460B}.Release|x64.Deploy.0 = Release|Any CPU
		{F66A975C-A958-4D17-BCF3-AC28CE9D460B}.Release|x86.ActiveCfg = Release|Any CPU
		{F66A975C-A958-4D17-BCF3-AC28CE9D460B}.Release|x86.Build.0 = Release|Any CPU
		{F66A975C-A958-4D17-BCF3-AC28CE9D460B}.Release|x86.Deploy.0 = Release|Any CPU
		{FD8A8669-2183-4D5C-87B7-1CAB4CD26E90}.Debug|Any CPU.ActiveCfg = Debug|Any CPU
		{FD8A8669-2183-4D5C-87B7-1CAB4CD26E90}.Debug|Any CPU.Build.0 = Debug|Any CPU
		{FD8A8669-2183-4D5C-87B7-1CAB4CD26E90}.Debug|Any CPU.Deploy.0 = Debug|Any CPU
		{FD8A8669-2183-4D5C-87B7-1CAB4CD26E90}.Debug|ARM.ActiveCfg = Debug|Any CPU
		{FD8A8669-2183-4D5C-87B7-1CAB4CD26E90}.Debug|ARM.Build.0 = Debug|Any CPU
		{FD8A8669-2183-4D5C-87B7-1CAB4CD26E90}.Debug|ARM.Deploy.0 = Debug|Any CPU
		{FD8A8669-2183-4D5C-87B7-1CAB4CD26E90}.Debug|x64.ActiveCfg = Debug|Any CPU
		{FD8A8669-2183-4D5C-87B7-1CAB4CD26E90}.Debug|x64.Build.0 = Debug|Any CPU
		{FD8A8669-2183-4D5C-87B7-1CAB4CD26E90}.Debug|x64.Deploy.0 = Debug|Any CPU
		{FD8A8669-2183-4D5C-87B7-1CAB4CD26E90}.Debug|x86.ActiveCfg = Debug|Any CPU
		{FD8A8669-2183-4D5C-87B7-1CAB4CD26E90}.Debug|x86.Build.0 = Debug|Any CPU
		{FD8A8669-2183-4D5C-87B7-1CAB4CD26E90}.Debug|x86.Deploy.0 = Debug|Any CPU
		{FD8A8669-2183-4D5C-87B7-1CAB4CD26E90}.Release|Any CPU.ActiveCfg = Release|Any CPU
		{FD8A8669-2183-4D5C-87B7-1CAB4CD26E90}.Release|Any CPU.Build.0 = Release|Any CPU
		{FD8A8669-2183-4D5C-87B7-1CAB4CD26E90}.Release|Any CPU.Deploy.0 = Release|Any CPU
		{FD8A8669-2183-4D5C-87B7-1CAB4CD26E90}.Release|ARM.ActiveCfg = Release|Any CPU
		{FD8A8669-2183-4D5C-87B7-1CAB4CD26E90}.Release|ARM.Build.0 = Release|Any CPU
		{FD8A8669-2183-4D5C-87B7-1CAB4CD26E90}.Release|ARM.Deploy.0 = Release|Any CPU
		{FD8A8669-2183-4D5C-87B7-1CAB4CD26E90}.Release|x64.ActiveCfg = Release|Any CPU
		{FD8A8669-2183-4D5C-87B7-1CAB4CD26E90}.Release|x64.Build.0 = Release|Any CPU
		{FD8A8669-2183-4D5C-87B7-1CAB4CD26E90}.Release|x64.Deploy.0 = Release|Any CPU
		{FD8A8669-2183-4D5C-87B7-1CAB4CD26E90}.Release|x86.ActiveCfg = Release|Any CPU
		{FD8A8669-2183-4D5C-87B7-1CAB4CD26E90}.Release|x86.Build.0 = Release|Any CPU
		{FD8A8669-2183-4D5C-87B7-1CAB4CD26E90}.Release|x86.Deploy.0 = Release|Any CPU
		{3E5028BE-B7FA-4D5D-A931-132032FD1171}.Debug|Any CPU.ActiveCfg = Debug|Any CPU
		{3E5028BE-B7FA-4D5D-A931-132032FD1171}.Debug|Any CPU.Build.0 = Debug|Any CPU
		{3E5028BE-B7FA-4D5D-A931-132032FD1171}.Debug|Any CPU.Deploy.0 = Debug|Any CPU
		{3E5028BE-B7FA-4D5D-A931-132032FD1171}.Debug|ARM.ActiveCfg = Debug|Any CPU
		{3E5028BE-B7FA-4D5D-A931-132032FD1171}.Debug|ARM.Build.0 = Debug|Any CPU
		{3E5028BE-B7FA-4D5D-A931-132032FD1171}.Debug|ARM.Deploy.0 = Debug|Any CPU
		{3E5028BE-B7FA-4D5D-A931-132032FD1171}.Debug|x64.ActiveCfg = Debug|Any CPU
		{3E5028BE-B7FA-4D5D-A931-132032FD1171}.Debug|x64.Build.0 = Debug|Any CPU
		{3E5028BE-B7FA-4D5D-A931-132032FD1171}.Debug|x64.Deploy.0 = Debug|Any CPU
		{3E5028BE-B7FA-4D5D-A931-132032FD1171}.Debug|x86.ActiveCfg = Debug|Any CPU
		{3E5028BE-B7FA-4D5D-A931-132032FD1171}.Debug|x86.Build.0 = Debug|Any CPU
		{3E5028BE-B7FA-4D5D-A931-132032FD1171}.Debug|x86.Deploy.0 = Debug|Any CPU
		{3E5028BE-B7FA-4D5D-A931-132032FD1171}.Release|Any CPU.ActiveCfg = Release|Any CPU
		{3E5028BE-B7FA-4D5D-A931-132032FD1171}.Release|Any CPU.Build.0 = Release|Any CPU
		{3E5028BE-B7FA-4D5D-A931-132032FD1171}.Release|Any CPU.Deploy.0 = Release|Any CPU
		{3E5028BE-B7FA-4D5D-A931-132032FD1171}.Release|ARM.ActiveCfg = Release|Any CPU
		{3E5028BE-B7FA-4D5D-A931-132032FD1171}.Release|ARM.Build.0 = Release|Any CPU
		{3E5028BE-B7FA-4D5D-A931-132032FD1171}.Release|ARM.Deploy.0 = Release|Any CPU
		{3E5028BE-B7FA-4D5D-A931-132032FD1171}.Release|x64.ActiveCfg = Release|Any CPU
		{3E5028BE-B7FA-4D5D-A931-132032FD1171}.Release|x64.Build.0 = Release|Any CPU
		{3E5028BE-B7FA-4D5D-A931-132032FD1171}.Release|x64.Deploy.0 = Release|Any CPU
		{3E5028BE-B7FA-4D5D-A931-132032FD1171}.Release|x86.ActiveCfg = Release|Any CPU
		{3E5028BE-B7FA-4D5D-A931-132032FD1171}.Release|x86.Build.0 = Release|Any CPU
		{3E5028BE-B7FA-4D5D-A931-132032FD1171}.Release|x86.Deploy.0 = Release|Any CPU
	EndGlobalSection
	GlobalSection(SolutionProperties) = preSolution
		HideSolutionNode = FALSE
	EndGlobalSection
	GlobalSection(NestedProjects) = preSolution
		{612E8E0A-6CB6-45C9-9A05-CFC7F26A5C05} = {8F701234-EC60-485C-BCDB-8EE233246832}
		{4A93A5B6-B935-4F86-B3DE-95B0F6EBEA56} = {8F701234-EC60-485C-BCDB-8EE233246832}
		{7FF80B2D-4158-41D3-BC87-60C018028F53} = {8F701234-EC60-485C-BCDB-8EE233246832}
		{BF554E12-7096-465F-B1D0-9ACFF00877F2} = {8F701234-EC60-485C-BCDB-8EE233246832}
		{89F13102-4826-4406-844B-7B21C47885E7} = {8F701234-EC60-485C-BCDB-8EE233246832}
		{B61E3B51-78CB-4047-8078-0B987E5E9742} = {8F701234-EC60-485C-BCDB-8EE233246832}
		{3C94DB48-3DDB-429C-8033-87F560607AA6} = {8F701234-EC60-485C-BCDB-8EE233246832}
		{058153C5-5319-43B3-A10B-C50521ED02EA} = {BF554E12-7096-465F-B1D0-9ACFF00877F2}
		{AA510BD3-3AA7-4D0C-8B2E-FD03FEE288F4} = {BF554E12-7096-465F-B1D0-9ACFF00877F2}
		{F66A975C-A958-4D17-BCF3-AC28CE9D460B} = {3BA1A9EE-75A3-4483-B829-7E0C555B30EF}
		{FD8A8669-2183-4D5C-87B7-1CAB4CD26E90} = {3BA1A9EE-75A3-4483-B829-7E0C555B30EF}
		{3E5028BE-B7FA-4D5D-A931-132032FD1171} = {3A334EFA-47FA-4CE2-9306-FDFF7CF47157}
	EndGlobalSection
EndGlobal
