Microsoft Visual Studio Solution File, Format Version 12.00
# Visual Studio 14
VisualStudioVersion = 14.0.25420.1
MinimumVisualStudioVersion = 10.0.40219.1
Project("{FAE04EC0-301F-11D3-BF4B-00C04F79EFBC}") = "Test.Amqp.Net", "test\Test.Amqp.Net\Test.Amqp.Net.csproj", "{06CAA70A-20A7-4334-AF03-D6228039C178}"
EndProject
Project("{2150E333-8FDC-42A3-9474-1A3956D46DE8}") = "build", "build", "{679989B2-8717-4ECC-9CAD-B104CFA91C38}"
	ProjectSection(SolutionItems) = preProject
		src\amqp.snk = src\amqp.snk
		nuspec\AMQPNetLite.Core.nuspec = nuspec\AMQPNetLite.Core.nuspec
		nuspec\AMQPNetLite.NetMF.nuspec = nuspec\AMQPNetLite.NetMF.nuspec
		nuspec\AMQPNetLite.nuspec = nuspec\AMQPNetLite.nuspec
		nuspec\AMQPNetLite.Serialization.nuspec = nuspec\AMQPNetLite.Serialization.nuspec
		nuspec\AMQPNetLite.WebSockets.nuspec = nuspec\AMQPNetLite.WebSockets.nuspec
		nuspec\AMQPNetMicro.nuspec = nuspec\AMQPNetMicro.nuspec
		appveyor.yml = appveyor.yml
		build.cmd = build.cmd
	EndProjectSection
EndProject
Project("{2150E333-8FDC-42A3-9474-1A3956D46DE8}") = "Examples", "Examples", "{8F701234-EC60-485C-BCDB-8EE233246832}"
EndProject
Project("{2150E333-8FDC-42A3-9474-1A3956D46DE8}") = "Interop", "Interop", "{612E8E0A-6CB6-45C9-9A05-CFC7F26A5C05}"
EndProject
Project("{FAE04EC0-301F-11D3-BF4B-00C04F79EFBC}") = "Interop.Drain", "Examples\Interop\Interop.Drain\Interop.Drain.csproj", "{D6201667-DFEC-4BEF-8F4F-BE5EE5F07FE7}"
EndProject
Project("{FAE04EC0-301F-11D3-BF4B-00C04F79EFBC}") = "Interop.Spout", "Examples\Interop\Interop.Spout\Interop.Spout.csproj", "{68470436-2F0D-4A76-B1E6-9C8517844C3E}"
EndProject
Project("{FAE04EC0-301F-11D3-BF4B-00C04F79EFBC}") = "Interop.Server", "Examples\Interop\Interop.Server\Interop.Server.csproj", "{09975981-F2D3-43AE-B70D-F4DEE7B0B0D2}"
EndProject
Project("{FAE04EC0-301F-11D3-BF4B-00C04F79EFBC}") = "Interop.Client", "Examples\Interop\Interop.Client\Interop.Client.csproj", "{C272B10E-36BE-4F36-A128-331F715514E6}"
EndProject
Project("{2150E333-8FDC-42A3-9474-1A3956D46DE8}") = "ServiceBus", "ServiceBus", "{4A93A5B6-B935-4F86-B3DE-95B0F6EBEA56}"
EndProject
Project("{FAE04EC0-301F-11D3-BF4B-00C04F79EFBC}") = "ServiceBus.Cbs", "Examples\ServiceBus\ServiceBus.Cbs\ServiceBus.Cbs.csproj", "{4681C268-36DB-4838-BD21-9EC9A8363269}"
EndProject
Project("{2150E333-8FDC-42A3-9474-1A3956D46DE8}") = "PeerToPeer", "PeerToPeer", "{7FF80B2D-4158-41D3-BC87-60C018028F53}"
EndProject
Project("{FAE04EC0-301F-11D3-BF4B-00C04F79EFBC}") = "PeerToPeer.Server", "Examples\PeerToPeer\PeerToPeer.Server\PeerToPeer.Server.csproj", "{24C152B0-3813-43C6-82DD-8BB601642F6C}"
EndProject
Project("{FAE04EC0-301F-11D3-BF4B-00C04F79EFBC}") = "PeerToPeer.Client", "Examples\PeerToPeer\PeerToPeer.Client\PeerToPeer.Client.csproj", "{8FC90E46-024B-4089-9590-A7E8C2B092BE}"
EndProject
Project("{2150E333-8FDC-42A3-9474-1A3956D46DE8}") = "Device", "Device", "{BF554E12-7096-465F-B1D0-9ACFF00877F2}"
EndProject
Project("{FAE04EC0-301F-11D3-BF4B-00C04F79EFBC}") = "Device.Thermometer", "Examples\Device\Device.Thermometer\Device.Thermometer.csproj", "{43570F0D-DE6C-423E-A275-AC619A813B79}"
EndProject
Project("{FAE04EC0-301F-11D3-BF4B-00C04F79EFBC}") = "ServiceBus.EventHub", "Examples\ServiceBus\ServiceBus.EventHub\ServiceBus.EventHub.csproj", "{36F33391-4918-4C6D-9CAE-1ECD32262257}"
EndProject
Project("{FAE04EC0-301F-11D3-BF4B-00C04F79EFBC}") = "PerfTest", "test\PerfTest\PerfTest.csproj", "{B23AC1B1-1551-41F3-8763-E68A53B172BB}"
EndProject
Project("{FAE04EC0-301F-11D3-BF4B-00C04F79EFBC}") = "Device.Controller2", "Examples\Device\Device.Controller2\Device.Controller2.csproj", "{D6E83FC7-0D39-48AB-8DFA-FE89011CDD3C}"
EndProject
Project("{FAE04EC0-301F-11D3-BF4B-00C04F79EFBC}") = "PeerToPeer.Certificate", "Examples\PeerToPeer\PeerToPeer.Certificate\PeerToPeer.Certificate.csproj", "{E55CB1DD-2F8E-4052-A119-6F3FD9ED10BE}"
EndProject
Project("{FAE04EC0-301F-11D3-BF4B-00C04F79EFBC}") = "ServiceBus.MessageSession", "Examples\ServiceBus\ServiceBus.MessageSession\ServiceBus.MessageSession.csproj", "{D1E69C74-4A33-4079-9665-8818A8479FFB}"
EndProject
Project("{2150E333-8FDC-42A3-9474-1A3956D46DE8}") = "Listener", "Listener", "{89F13102-4826-4406-844B-7B21C47885E7}"
EndProject
Project("{FAE04EC0-301F-11D3-BF4B-00C04F79EFBC}") = "Listener.ContainerHost", "Examples\Listener\Listener.ContainerHost\Listener.ContainerHost.csproj", "{E8D670D3-B1B4-45CA-9440-9630529599B2}"
EndProject
Project("{FAE04EC0-301F-11D3-BF4B-00C04F79EFBC}") = "Listener.IContainer", "Examples\Listener\Listener.IContainer\Listener.IContainer.csproj", "{4B7BFDB9-406A-4EBE-93C3-5D40D6A986F4}"
EndProject
Project("{FAE04EC0-301F-11D3-BF4B-00C04F79EFBC}") = "TestAmqpBroker", "test\TestAmqpBroker\TestAmqpBroker.csproj", "{78A9C0DF-1999-4D97-AE22-50ADC44F9A7B}"
EndProject
Project("{FAE04EC0-301F-11D3-BF4B-00C04F79EFBC}") = "PeerToPeer.CustomType", "Examples\PeerToPeer\PeerToPeer.CustomType\PeerToPeer.CustomType.csproj", "{30536F8F-E4DA-46B3-B0D0-082632AD74B4}"
EndProject
Project("{FAE04EC0-301F-11D3-BF4B-00C04F79EFBC}") = "ServiceBus.EventHub.NetMF", "Examples\ServiceBus\ServiceBus.EventHub.NetMF\ServiceBus.EventHub.NetMF.csproj", "{F37DE470-865E-4F80-BC9C-FAC7BC11D3CF}"
EndProject
Project("{FAE04EC0-301F-11D3-BF4B-00C04F79EFBC}") = "PeerToPeer.Receiver", "Examples\PeerToPeer\PeerToPeer.Receiver\PeerToPeer.Receiver.csproj", "{E5D42E35-B5C4-426D-B568-96926EBA588E}"
EndProject
Project("{FAE04EC0-301F-11D3-BF4B-00C04F79EFBC}") = "Test.Amqp.NetCore", "test\Test.Amqp.NetCore\Test.Amqp.NetCore.csproj", "{6BCA313F-794F-4C54-9F96-C500290E147C}"
EndProject
Project("{FAE04EC0-301F-11D3-BF4B-00C04F79EFBC}") = "Device.SmallMemory", "Examples\Device\Device.SmallMemory\Device.SmallMemory.csproj", "{69E4A20C-EF50-49C6-8DAC-F76B9D565767}"
EndProject
Project("{2150E333-8FDC-42A3-9474-1A3956D46DE8}") = "docfx", "docfx", "{EB7EBF85-48AB-4EA0-9F00-825364BFA6FD}"
	ProjectSection(SolutionItems) = preProject
		docs\docfx.json = docs\docfx.json
		docs\index.md = docs\index.md
		docs\toc.yml = docs\toc.yml
	EndProjectSection
EndProject
Project("{2150E333-8FDC-42A3-9474-1A3956D46DE8}") = "articles", "articles", "{5637969B-A822-425A-A831-F70AA2275777}"
	ProjectSection(SolutionItems) = preProject
		docs\articles\azure_eventhubs.md = docs\articles\azure_eventhubs.md
		docs\articles\buffer_management.md = docs\articles\buffer_management.md
		docs\articles\building_application.md = docs\articles\building_application.md
		docs\articles\contributing.md = docs\articles\contributing.md
		docs\articles\device_to_iothub.md = docs\articles\device_to_iothub.md
		docs\articles\fault_tolerance.md = docs\articles\fault_tolerance.md
		docs\articles\hello_amqp.md = docs\articles\hello_amqp.md
		docs\articles\installation.md = docs\articles\installation.md
		docs\articles\listener.md = docs\articles\listener.md
		docs\articles\serialization.md = docs\articles\serialization.md
		docs\articles\service_to_iothub.md = docs\articles\service_to_iothub.md
		docs\articles\test_amqp_broker.md = docs\articles\test_amqp_broker.md
		docs\articles\toc.yml = docs\articles\toc.yml
		docs\articles\tracing.md = docs\articles\tracing.md
		docs\articles\versioning.md = docs\articles\versioning.md
		docs\articles\working_with_code.md = docs\articles\working_with_code.md
	EndProjectSection
EndProject
Project("{FAE04EC0-301F-11D3-BF4B-00C04F79EFBC}") = "ServiceBus.Topic", "Examples\ServiceBus\ServiceBus.Topic\ServiceBus.Topic.csproj", "{D454DB5E-820F-4A92-B31E-A41A9D20B086}"
EndProject
Project("{FAE04EC0-301F-11D3-BF4B-00C04F79EFBC}") = "Test.Amqp.Net35", "test\Test.Amqp.Net35\Test.Amqp.Net35.csproj", "{7852029D-235C-40B7-8957-8E78414C3F97}"
EndProject
Project("{FAE04EC0-301F-11D3-BF4B-00C04F79EFBC}") = "PeerToPeer.CustomTransport", "Examples\PeerToPeer\PeerToPeer.CustomTransport\PeerToPeer.CustomTransport.csproj", "{4573C570-520F-4F49-90B4-03D4532C2BA2}"
EndProject
Project("{2150E333-8FDC-42A3-9474-1A3956D46DE8}") = "test", "test", "{3A334EFA-47FA-4CE2-9306-FDFF7CF47157}"
EndProject
Project("{FAE04EC0-301F-11D3-BF4B-00C04F79EFBC}") = "LongHaulTest", "test\LongHaulTest\LongHaulTest.csproj", "{F052E9A9-15BD-4DB4-8539-8961B7BA7DC0}"
EndProject
Project("{FAE04EC0-301F-11D3-BF4B-00C04F79EFBC}") = "Test.Amqp.Net40", "test\Test.Amqp.Net40\Test.Amqp.Net40.csproj", "{CD62609E-EA4E-48F4-B1FB-DF9BB98A132C}"
EndProject
Project("{FAE04EC0-301F-11D3-BF4B-00C04F79EFBC}") = "ServiceBus.WebSockets", "Examples\ServiceBus\ServiceBus.WebSockets\ServiceBus.WebSockets.csproj", "{F0A0D04C-6665-43C2-A3A3-870248A331B9}"
EndProject
Project("{2150E333-8FDC-42A3-9474-1A3956D46DE8}") = "Reconnect", "Reconnect", "{B61E3B51-78CB-4047-8078-0B987E5E9742}"
EndProject
Project("{FAE04EC0-301F-11D3-BF4B-00C04F79EFBC}") = "ReconnectSender", "Examples\Reconnect\ReconnectSender\ReconnectSender.csproj", "{EDD03052-3A73-4D9E-9B94-6844134BABFB}"
EndProject
Project("{2150E333-8FDC-42A3-9474-1A3956D46DE8}") = "Serialization", "Serialization", "{3C94DB48-3DDB-429C-8033-87F560607AA6}"
EndProject
Project("{FAE04EC0-301F-11D3-BF4B-00C04F79EFBC}") = "Serialization.Poco", "Examples\Serialization\Serialization.Poco\Serialization.Poco.csproj", "{629621F7-4D91-4F49-B373-FDFE6BB573D4}"
EndProject
Project("{2150E333-8FDC-42A3-9474-1A3956D46DE8}") = "netmf", "netmf", "{E0C378B0-4AF7-4C1F-A068-81A23FF8894E}"
EndProject
Project("{FAE04EC0-301F-11D3-BF4B-00C04F79EFBC}") = "Amqp.Micro.NetMF", "netmf\Amqp.Micro.NetMF.csproj", "{C9111380-CFA2-4A3E-B0DF-87A1C1888F98}"
EndProject
Project("{FAE04EC0-301F-11D3-BF4B-00C04F79EFBC}") = "Amqp.NetMF42", "netmf\Amqp.NetMF42.csproj", "{C80D0C64-C34A-4DF4-9E26-E1D2F4FFEFC8}"
EndProject
Project("{FAE04EC0-301F-11D3-BF4B-00C04F79EFBC}") = "Amqp.NetMF43", "netmf\Amqp.NetMF43.csproj", "{5D8F78FC-0719-495F-9AD0-1EDD7EC9AA19}"
EndProject
Project("{FAE04EC0-301F-11D3-BF4B-00C04F79EFBC}") = "Amqp.NetMF44", "netmf\Amqp.NetMF44.csproj", "{97A6D8B7-2F39-45AC-91D7-A59FABF38CEC}"
EndProject
Project("{FAE04EC0-301F-11D3-BF4B-00C04F79EFBC}") = "Test.Amqp.NetMF", "netmf\Test.Amqp.NetMF.csproj", "{2C4CBC7A-16BD-4F27-86BA-3CF38BE0F426}"
EndProject
Project("{FAE04EC0-301F-11D3-BF4B-00C04F79EFBC}") = "Amqp.Net", .csproj\Amqp.Net.csproj", "{92153715-1D99-43B1-B291-470CF91A156D}"
EndProject
Project("{FAE04EC0-301F-11D3-BF4B-00C04F79EFBC}") = "Amqp.Net35", .csproj\Amqp.Net35.csproj", "{4FB9C0D9-C3A8-4FB5-86CD-927E5EBC6885}"
EndProject
Project("{FAE04EC0-301F-11D3-BF4B-00C04F79EFBC}") = "Amqp.Net40", .csproj\Amqp.Net40.csproj", "{4A250B81-35E9-4D2F-8030-62909F6C8C63}"
EndProject
Project("{FAE04EC0-301F-11D3-BF4B-00C04F79EFBC}") = "Amqp.NetCore", .csproj\Amqp.NetCore.csproj", "{35F64888-3446-444D-8E44-128378434AB3}"
EndProject
Project("{FAE04EC0-301F-11D3-BF4B-00C04F79EFBC}") = "Amqp.Uwp", .csproj\Amqp.Uwp.csproj", "{75DC3484-F6C8-4373-A8C4-9D1A8C9FC3B0}"
EndProject
Global
	GlobalSection(SolutionConfigurationPlatforms) = preSolution
		Debug|Any CPU = Debug|Any CPU
		Debug|ARM = Debug|ARM
		Debug|x64 = Debug|x64
		Debug|x86 = Debug|x86
		Release|Any CPU = Release|Any CPU
		Release|ARM = Release|ARM
		Release|x64 = Release|x64
		Release|x86 = Release|x86
	EndGlobalSection
	GlobalSection(ProjectConfigurationPlatforms) = postSolution
		{06CAA70A-20A7-4334-AF03-D6228039C178}.Debug|Any CPU.ActiveCfg = Debug|Any CPU
		{06CAA70A-20A7-4334-AF03-D6228039C178}.Debug|Any CPU.Build.0 = Debug|Any CPU
		{06CAA70A-20A7-4334-AF03-D6228039C178}.Debug|ARM.ActiveCfg = Debug|Any CPU
		{06CAA70A-20A7-4334-AF03-D6228039C178}.Debug|x64.ActiveCfg = Debug|Any CPU
		{06CAA70A-20A7-4334-AF03-D6228039C178}.Debug|x86.ActiveCfg = Debug|Any CPU
		{06CAA70A-20A7-4334-AF03-D6228039C178}.Release|Any CPU.ActiveCfg = Release|Any CPU
		{06CAA70A-20A7-4334-AF03-D6228039C178}.Release|Any CPU.Build.0 = Release|Any CPU
		{06CAA70A-20A7-4334-AF03-D6228039C178}.Release|ARM.ActiveCfg = Release|Any CPU
		{06CAA70A-20A7-4334-AF03-D6228039C178}.Release|x64.ActiveCfg = Release|Any CPU
		{06CAA70A-20A7-4334-AF03-D6228039C178}.Release|x86.ActiveCfg = Release|Any CPU
		{D6201667-DFEC-4BEF-8F4F-BE5EE5F07FE7}.Debug|Any CPU.ActiveCfg = Debug|Any CPU
		{D6201667-DFEC-4BEF-8F4F-BE5EE5F07FE7}.Debug|Any CPU.Build.0 = Debug|Any CPU
		{D6201667-DFEC-4BEF-8F4F-BE5EE5F07FE7}.Debug|ARM.ActiveCfg = Debug|Any CPU
		{D6201667-DFEC-4BEF-8F4F-BE5EE5F07FE7}.Debug|x64.ActiveCfg = Debug|Any CPU
		{D6201667-DFEC-4BEF-8F4F-BE5EE5F07FE7}.Debug|x86.ActiveCfg = Debug|Any CPU
		{D6201667-DFEC-4BEF-8F4F-BE5EE5F07FE7}.Release|Any CPU.ActiveCfg = Release|Any CPU
		{D6201667-DFEC-4BEF-8F4F-BE5EE5F07FE7}.Release|Any CPU.Build.0 = Release|Any CPU
		{D6201667-DFEC-4BEF-8F4F-BE5EE5F07FE7}.Release|ARM.ActiveCfg = Release|Any CPU
		{D6201667-DFEC-4BEF-8F4F-BE5EE5F07FE7}.Release|x64.ActiveCfg = Release|Any CPU
		{D6201667-DFEC-4BEF-8F4F-BE5EE5F07FE7}.Release|x86.ActiveCfg = Release|Any CPU
		{68470436-2F0D-4A76-B1E6-9C8517844C3E}.Debug|Any CPU.ActiveCfg = Debug|Any CPU
		{68470436-2F0D-4A76-B1E6-9C8517844C3E}.Debug|Any CPU.Build.0 = Debug|Any CPU
		{68470436-2F0D-4A76-B1E6-9C8517844C3E}.Debug|ARM.ActiveCfg = Debug|Any CPU
		{68470436-2F0D-4A76-B1E6-9C8517844C3E}.Debug|x64.ActiveCfg = Debug|Any CPU
		{68470436-2F0D-4A76-B1E6-9C8517844C3E}.Debug|x86.ActiveCfg = Debug|Any CPU
		{68470436-2F0D-4A76-B1E6-9C8517844C3E}.Release|Any CPU.ActiveCfg = Release|Any CPU
		{68470436-2F0D-4A76-B1E6-9C8517844C3E}.Release|Any CPU.Build.0 = Release|Any CPU
		{68470436-2F0D-4A76-B1E6-9C8517844C3E}.Release|ARM.ActiveCfg = Release|Any CPU
		{68470436-2F0D-4A76-B1E6-9C8517844C3E}.Release|x64.ActiveCfg = Release|Any CPU
		{68470436-2F0D-4A76-B1E6-9C8517844C3E}.Release|x86.ActiveCfg = Release|Any CPU
		{09975981-F2D3-43AE-B70D-F4DEE7B0B0D2}.Debug|Any CPU.ActiveCfg = Debug|Any CPU
		{09975981-F2D3-43AE-B70D-F4DEE7B0B0D2}.Debug|Any CPU.Build.0 = Debug|Any CPU
		{09975981-F2D3-43AE-B70D-F4DEE7B0B0D2}.Debug|ARM.ActiveCfg = Debug|Any CPU
		{09975981-F2D3-43AE-B70D-F4DEE7B0B0D2}.Debug|x64.ActiveCfg = Debug|Any CPU
		{09975981-F2D3-43AE-B70D-F4DEE7B0B0D2}.Debug|x86.ActiveCfg = Debug|Any CPU
		{09975981-F2D3-43AE-B70D-F4DEE7B0B0D2}.Release|Any CPU.ActiveCfg = Release|Any CPU
		{09975981-F2D3-43AE-B70D-F4DEE7B0B0D2}.Release|Any CPU.Build.0 = Release|Any CPU
		{09975981-F2D3-43AE-B70D-F4DEE7B0B0D2}.Release|ARM.ActiveCfg = Release|Any CPU
		{09975981-F2D3-43AE-B70D-F4DEE7B0B0D2}.Release|x64.ActiveCfg = Release|Any CPU
		{09975981-F2D3-43AE-B70D-F4DEE7B0B0D2}.Release|x86.ActiveCfg = Release|Any CPU
		{C272B10E-36BE-4F36-A128-331F715514E6}.Debug|Any CPU.ActiveCfg = Debug|Any CPU
		{C272B10E-36BE-4F36-A128-331F715514E6}.Debug|Any CPU.Build.0 = Debug|Any CPU
		{C272B10E-36BE-4F36-A128-331F715514E6}.Debug|ARM.ActiveCfg = Debug|Any CPU
		{C272B10E-36BE-4F36-A128-331F715514E6}.Debug|x64.ActiveCfg = Debug|Any CPU
		{C272B10E-36BE-4F36-A128-331F715514E6}.Debug|x86.ActiveCfg = Debug|Any CPU
		{C272B10E-36BE-4F36-A128-331F715514E6}.Release|Any CPU.ActiveCfg = Release|Any CPU
		{C272B10E-36BE-4F36-A128-331F715514E6}.Release|Any CPU.Build.0 = Release|Any CPU
		{C272B10E-36BE-4F36-A128-331F715514E6}.Release|ARM.ActiveCfg = Release|Any CPU
		{C272B10E-36BE-4F36-A128-331F715514E6}.Release|x64.ActiveCfg = Release|Any CPU
		{C272B10E-36BE-4F36-A128-331F715514E6}.Release|x86.ActiveCfg = Release|Any CPU
		{4681C268-36DB-4838-BD21-9EC9A8363269}.Debug|Any CPU.ActiveCfg = Debug|Any CPU
		{4681C268-36DB-4838-BD21-9EC9A8363269}.Debug|Any CPU.Build.0 = Debug|Any CPU
		{4681C268-36DB-4838-BD21-9EC9A8363269}.Debug|ARM.ActiveCfg = Debug|Any CPU
		{4681C268-36DB-4838-BD21-9EC9A8363269}.Debug|x64.ActiveCfg = Debug|Any CPU
		{4681C268-36DB-4838-BD21-9EC9A8363269}.Debug|x86.ActiveCfg = Debug|Any CPU
		{4681C268-36DB-4838-BD21-9EC9A8363269}.Release|Any CPU.ActiveCfg = Release|Any CPU
		{4681C268-36DB-4838-BD21-9EC9A8363269}.Release|Any CPU.Build.0 = Release|Any CPU
		{4681C268-36DB-4838-BD21-9EC9A8363269}.Release|ARM.ActiveCfg = Release|Any CPU
		{4681C268-36DB-4838-BD21-9EC9A8363269}.Release|x64.ActiveCfg = Release|Any CPU
		{4681C268-36DB-4838-BD21-9EC9A8363269}.Release|x86.ActiveCfg = Release|Any CPU
		{24C152B0-3813-43C6-82DD-8BB601642F6C}.Debug|Any CPU.ActiveCfg = Debug|Any CPU
		{24C152B0-3813-43C6-82DD-8BB601642F6C}.Debug|Any CPU.Build.0 = Debug|Any CPU
		{24C152B0-3813-43C6-82DD-8BB601642F6C}.Debug|ARM.ActiveCfg = Debug|Any CPU
		{24C152B0-3813-43C6-82DD-8BB601642F6C}.Debug|x64.ActiveCfg = Debug|Any CPU
		{24C152B0-3813-43C6-82DD-8BB601642F6C}.Debug|x86.ActiveCfg = Debug|Any CPU
		{24C152B0-3813-43C6-82DD-8BB601642F6C}.Release|Any CPU.ActiveCfg = Release|Any CPU
		{24C152B0-3813-43C6-82DD-8BB601642F6C}.Release|Any CPU.Build.0 = Release|Any CPU
		{24C152B0-3813-43C6-82DD-8BB601642F6C}.Release|ARM.ActiveCfg = Release|Any CPU
		{24C152B0-3813-43C6-82DD-8BB601642F6C}.Release|x64.ActiveCfg = Release|Any CPU
		{24C152B0-3813-43C6-82DD-8BB601642F6C}.Release|x86.ActiveCfg = Release|Any CPU
		{8FC90E46-024B-4089-9590-A7E8C2B092BE}.Debug|Any CPU.ActiveCfg = Debug|Any CPU
		{8FC90E46-024B-4089-9590-A7E8C2B092BE}.Debug|Any CPU.Build.0 = Debug|Any CPU
		{8FC90E46-024B-4089-9590-A7E8C2B092BE}.Debug|ARM.ActiveCfg = Debug|Any CPU
		{8FC90E46-024B-4089-9590-A7E8C2B092BE}.Debug|x64.ActiveCfg = Debug|Any CPU
		{8FC90E46-024B-4089-9590-A7E8C2B092BE}.Debug|x86.ActiveCfg = Debug|Any CPU
		{8FC90E46-024B-4089-9590-A7E8C2B092BE}.Release|Any CPU.ActiveCfg = Release|Any CPU
		{8FC90E46-024B-4089-9590-A7E8C2B092BE}.Release|Any CPU.Build.0 = Release|Any CPU
		{8FC90E46-024B-4089-9590-A7E8C2B092BE}.Release|ARM.ActiveCfg = Release|Any CPU
		{8FC90E46-024B-4089-9590-A7E8C2B092BE}.Release|x64.ActiveCfg = Release|Any CPU
		{8FC90E46-024B-4089-9590-A7E8C2B092BE}.Release|x86.ActiveCfg = Release|Any CPU
		{43570F0D-DE6C-423E-A275-AC619A813B79}.Debug|Any CPU.ActiveCfg = Debug|Any CPU
		{43570F0D-DE6C-423E-A275-AC619A813B79}.Debug|Any CPU.Build.0 = Debug|Any CPU
		{43570F0D-DE6C-423E-A275-AC619A813B79}.Debug|Any CPU.Deploy.0 = Debug|Any CPU
		{43570F0D-DE6C-423E-A275-AC619A813B79}.Debug|ARM.ActiveCfg = Debug|Any CPU
		{43570F0D-DE6C-423E-A275-AC619A813B79}.Debug|x64.ActiveCfg = Debug|Any CPU
		{43570F0D-DE6C-423E-A275-AC619A813B79}.Debug|x86.ActiveCfg = Debug|Any CPU
		{43570F0D-DE6C-423E-A275-AC619A813B79}.Release|Any CPU.ActiveCfg = Release|Any CPU
		{43570F0D-DE6C-423E-A275-AC619A813B79}.Release|Any CPU.Build.0 = Release|Any CPU
		{43570F0D-DE6C-423E-A275-AC619A813B79}.Release|Any CPU.Deploy.0 = Release|Any CPU
		{43570F0D-DE6C-423E-A275-AC619A813B79}.Release|ARM.ActiveCfg = Release|Any CPU
		{43570F0D-DE6C-423E-A275-AC619A813B79}.Release|x64.ActiveCfg = Release|Any CPU
		{43570F0D-DE6C-423E-A275-AC619A813B79}.Release|x86.ActiveCfg = Release|Any CPU
		{36F33391-4918-4C6D-9CAE-1ECD32262257}.Debug|Any CPU.ActiveCfg = Debug|Any CPU
		{36F33391-4918-4C6D-9CAE-1ECD32262257}.Debug|Any CPU.Build.0 = Debug|Any CPU
		{36F33391-4918-4C6D-9CAE-1ECD32262257}.Debug|ARM.ActiveCfg = Debug|Any CPU
		{36F33391-4918-4C6D-9CAE-1ECD32262257}.Debug|x64.ActiveCfg = Debug|Any CPU
		{36F33391-4918-4C6D-9CAE-1ECD32262257}.Debug|x86.ActiveCfg = Debug|Any CPU
		{36F33391-4918-4C6D-9CAE-1ECD32262257}.Release|Any CPU.ActiveCfg = Release|Any CPU
		{36F33391-4918-4C6D-9CAE-1ECD32262257}.Release|Any CPU.Build.0 = Release|Any CPU
		{36F33391-4918-4C6D-9CAE-1ECD32262257}.Release|ARM.ActiveCfg = Release|Any CPU
		{36F33391-4918-4C6D-9CAE-1ECD32262257}.Release|x64.ActiveCfg = Release|Any CPU
		{36F33391-4918-4C6D-9CAE-1ECD32262257}.Release|x86.ActiveCfg = Release|Any CPU
		{B23AC1B1-1551-41F3-8763-E68A53B172BB}.Debug|Any CPU.ActiveCfg = Debug|Any CPU
		{B23AC1B1-1551-41F3-8763-E68A53B172BB}.Debug|Any CPU.Build.0 = Debug|Any CPU
		{B23AC1B1-1551-41F3-8763-E68A53B172BB}.Debug|ARM.ActiveCfg = Debug|Any CPU
		{B23AC1B1-1551-41F3-8763-E68A53B172BB}.Debug|x64.ActiveCfg = Debug|Any CPU
		{B23AC1B1-1551-41F3-8763-E68A53B172BB}.Debug|x86.ActiveCfg = Debug|Any CPU
		{B23AC1B1-1551-41F3-8763-E68A53B172BB}.Release|Any CPU.ActiveCfg = Release|Any CPU
		{B23AC1B1-1551-41F3-8763-E68A53B172BB}.Release|Any CPU.Build.0 = Release|Any CPU
		{B23AC1B1-1551-41F3-8763-E68A53B172BB}.Release|ARM.ActiveCfg = Release|Any CPU
		{B23AC1B1-1551-41F3-8763-E68A53B172BB}.Release|x64.ActiveCfg = Release|Any CPU
		{B23AC1B1-1551-41F3-8763-E68A53B172BB}.Release|x86.ActiveCfg = Release|Any CPU
		{D6E83FC7-0D39-48AB-8DFA-FE89011CDD3C}.Debug|Any CPU.ActiveCfg = Debug|Any CPU
		{D6E83FC7-0D39-48AB-8DFA-FE89011CDD3C}.Debug|Any CPU.Build.0 = Debug|Any CPU
		{D6E83FC7-0D39-48AB-8DFA-FE89011CDD3C}.Debug|Any CPU.Deploy.0 = Debug|Any CPU
		{D6E83FC7-0D39-48AB-8DFA-FE89011CDD3C}.Debug|ARM.ActiveCfg = Debug|ARM
		{D6E83FC7-0D39-48AB-8DFA-FE89011CDD3C}.Debug|ARM.Build.0 = Debug|ARM
		{D6E83FC7-0D39-48AB-8DFA-FE89011CDD3C}.Debug|ARM.Deploy.0 = Debug|ARM
		{D6E83FC7-0D39-48AB-8DFA-FE89011CDD3C}.Debug|x64.ActiveCfg = Debug|Any CPU
		{D6E83FC7-0D39-48AB-8DFA-FE89011CDD3C}.Debug|x86.ActiveCfg = Debug|x86
		{D6E83FC7-0D39-48AB-8DFA-FE89011CDD3C}.Debug|x86.Build.0 = Debug|x86
		{D6E83FC7-0D39-48AB-8DFA-FE89011CDD3C}.Debug|x86.Deploy.0 = Debug|x86
		{D6E83FC7-0D39-48AB-8DFA-FE89011CDD3C}.Release|Any CPU.ActiveCfg = Release|Any CPU
		{D6E83FC7-0D39-48AB-8DFA-FE89011CDD3C}.Release|Any CPU.Build.0 = Release|Any CPU
		{D6E83FC7-0D39-48AB-8DFA-FE89011CDD3C}.Release|Any CPU.Deploy.0 = Release|Any CPU
		{D6E83FC7-0D39-48AB-8DFA-FE89011CDD3C}.Release|ARM.ActiveCfg = Release|ARM
		{D6E83FC7-0D39-48AB-8DFA-FE89011CDD3C}.Release|ARM.Build.0 = Release|ARM
		{D6E83FC7-0D39-48AB-8DFA-FE89011CDD3C}.Release|ARM.Deploy.0 = Release|ARM
		{D6E83FC7-0D39-48AB-8DFA-FE89011CDD3C}.Release|x64.ActiveCfg = Release|Any CPU
		{D6E83FC7-0D39-48AB-8DFA-FE89011CDD3C}.Release|x86.ActiveCfg = Release|x86
		{D6E83FC7-0D39-48AB-8DFA-FE89011CDD3C}.Release|x86.Build.0 = Release|x86
		{D6E83FC7-0D39-48AB-8DFA-FE89011CDD3C}.Release|x86.Deploy.0 = Release|x86
		{E55CB1DD-2F8E-4052-A119-6F3FD9ED10BE}.Debug|Any CPU.ActiveCfg = Debug|Any CPU
		{E55CB1DD-2F8E-4052-A119-6F3FD9ED10BE}.Debug|Any CPU.Build.0 = Debug|Any CPU
		{E55CB1DD-2F8E-4052-A119-6F3FD9ED10BE}.Debug|ARM.ActiveCfg = Debug|Any CPU
		{E55CB1DD-2F8E-4052-A119-6F3FD9ED10BE}.Debug|x64.ActiveCfg = Debug|Any CPU
		{E55CB1DD-2F8E-4052-A119-6F3FD9ED10BE}.Debug|x86.ActiveCfg = Debug|Any CPU
		{E55CB1DD-2F8E-4052-A119-6F3FD9ED10BE}.Release|Any CPU.ActiveCfg = Release|Any CPU
		{E55CB1DD-2F8E-4052-A119-6F3FD9ED10BE}.Release|Any CPU.Build.0 = Release|Any CPU
		{E55CB1DD-2F8E-4052-A119-6F3FD9ED10BE}.Release|ARM.ActiveCfg = Release|Any CPU
		{E55CB1DD-2F8E-4052-A119-6F3FD9ED10BE}.Release|x64.ActiveCfg = Release|Any CPU
		{E55CB1DD-2F8E-4052-A119-6F3FD9ED10BE}.Release|x86.ActiveCfg = Release|Any CPU
		{D1E69C74-4A33-4079-9665-8818A8479FFB}.Debug|Any CPU.ActiveCfg = Debug|Any CPU
		{D1E69C74-4A33-4079-9665-8818A8479FFB}.Debug|Any CPU.Build.0 = Debug|Any CPU
		{D1E69C74-4A33-4079-9665-8818A8479FFB}.Debug|ARM.ActiveCfg = Debug|Any CPU
		{D1E69C74-4A33-4079-9665-8818A8479FFB}.Debug|x64.ActiveCfg = Debug|Any CPU
		{D1E69C74-4A33-4079-9665-8818A8479FFB}.Debug|x86.ActiveCfg = Debug|Any CPU
		{D1E69C74-4A33-4079-9665-8818A8479FFB}.Release|Any CPU.ActiveCfg = Release|Any CPU
		{D1E69C74-4A33-4079-9665-8818A8479FFB}.Release|Any CPU.Build.0 = Release|Any CPU
		{D1E69C74-4A33-4079-9665-8818A8479FFB}.Release|ARM.ActiveCfg = Release|Any CPU
		{D1E69C74-4A33-4079-9665-8818A8479FFB}.Release|x64.ActiveCfg = Release|Any CPU
		{D1E69C74-4A33-4079-9665-8818A8479FFB}.Release|x86.ActiveCfg = Release|Any CPU
		{E8D670D3-B1B4-45CA-9440-9630529599B2}.Debug|Any CPU.ActiveCfg = Debug|Any CPU
		{E8D670D3-B1B4-45CA-9440-9630529599B2}.Debug|Any CPU.Build.0 = Debug|Any CPU
		{E8D670D3-B1B4-45CA-9440-9630529599B2}.Debug|ARM.ActiveCfg = Debug|Any CPU
		{E8D670D3-B1B4-45CA-9440-9630529599B2}.Debug|x64.ActiveCfg = Debug|Any CPU
		{E8D670D3-B1B4-45CA-9440-9630529599B2}.Debug|x86.ActiveCfg = Debug|Any CPU
		{E8D670D3-B1B4-45CA-9440-9630529599B2}.Release|Any CPU.ActiveCfg = Release|Any CPU
		{E8D670D3-B1B4-45CA-9440-9630529599B2}.Release|Any CPU.Build.0 = Release|Any CPU
		{E8D670D3-B1B4-45CA-9440-9630529599B2}.Release|ARM.ActiveCfg = Release|Any CPU
		{E8D670D3-B1B4-45CA-9440-9630529599B2}.Release|x64.ActiveCfg = Release|Any CPU
		{E8D670D3-B1B4-45CA-9440-9630529599B2}.Release|x86.ActiveCfg = Release|Any CPU
		{4B7BFDB9-406A-4EBE-93C3-5D40D6A986F4}.Debug|Any CPU.ActiveCfg = Debug|Any CPU
		{4B7BFDB9-406A-4EBE-93C3-5D40D6A986F4}.Debug|Any CPU.Build.0 = Debug|Any CPU
		{4B7BFDB9-406A-4EBE-93C3-5D40D6A986F4}.Debug|ARM.ActiveCfg = Debug|Any CPU
		{4B7BFDB9-406A-4EBE-93C3-5D40D6A986F4}.Debug|x64.ActiveCfg = Debug|Any CPU
		{4B7BFDB9-406A-4EBE-93C3-5D40D6A986F4}.Debug|x86.ActiveCfg = Debug|Any CPU
		{4B7BFDB9-406A-4EBE-93C3-5D40D6A986F4}.Release|Any CPU.ActiveCfg = Release|Any CPU
		{4B7BFDB9-406A-4EBE-93C3-5D40D6A986F4}.Release|Any CPU.Build.0 = Release|Any CPU
		{4B7BFDB9-406A-4EBE-93C3-5D40D6A986F4}.Release|ARM.ActiveCfg = Release|Any CPU
		{4B7BFDB9-406A-4EBE-93C3-5D40D6A986F4}.Release|x64.ActiveCfg = Release|Any CPU
		{4B7BFDB9-406A-4EBE-93C3-5D40D6A986F4}.Release|x86.ActiveCfg = Release|Any CPU
		{78A9C0DF-1999-4D97-AE22-50ADC44F9A7B}.Debug|Any CPU.ActiveCfg = Debug|Any CPU
		{78A9C0DF-1999-4D97-AE22-50ADC44F9A7B}.Debug|Any CPU.Build.0 = Debug|Any CPU
		{78A9C0DF-1999-4D97-AE22-50ADC44F9A7B}.Debug|ARM.ActiveCfg = Debug|Any CPU
		{78A9C0DF-1999-4D97-AE22-50ADC44F9A7B}.Debug|x64.ActiveCfg = Debug|Any CPU
		{78A9C0DF-1999-4D97-AE22-50ADC44F9A7B}.Debug|x86.ActiveCfg = Debug|Any CPU
		{78A9C0DF-1999-4D97-AE22-50ADC44F9A7B}.Release|Any CPU.ActiveCfg = Release|Any CPU
		{78A9C0DF-1999-4D97-AE22-50ADC44F9A7B}.Release|Any CPU.Build.0 = Release|Any CPU
		{78A9C0DF-1999-4D97-AE22-50ADC44F9A7B}.Release|ARM.ActiveCfg = Release|Any CPU
		{78A9C0DF-1999-4D97-AE22-50ADC44F9A7B}.Release|x64.ActiveCfg = Release|Any CPU
		{78A9C0DF-1999-4D97-AE22-50ADC44F9A7B}.Release|x86.ActiveCfg = Release|Any CPU
		{30536F8F-E4DA-46B3-B0D0-082632AD74B4}.Debug|Any CPU.ActiveCfg = Debug|Any CPU
		{30536F8F-E4DA-46B3-B0D0-082632AD74B4}.Debug|Any CPU.Build.0 = Debug|Any CPU
		{30536F8F-E4DA-46B3-B0D0-082632AD74B4}.Debug|ARM.ActiveCfg = Debug|Any CPU
		{30536F8F-E4DA-46B3-B0D0-082632AD74B4}.Debug|x64.ActiveCfg = Debug|Any CPU
		{30536F8F-E4DA-46B3-B0D0-082632AD74B4}.Debug|x86.ActiveCfg = Debug|Any CPU
		{30536F8F-E4DA-46B3-B0D0-082632AD74B4}.Release|Any CPU.ActiveCfg = Release|Any CPU
		{30536F8F-E4DA-46B3-B0D0-082632AD74B4}.Release|Any CPU.Build.0 = Release|Any CPU
		{30536F8F-E4DA-46B3-B0D0-082632AD74B4}.Release|ARM.ActiveCfg = Release|Any CPU
		{30536F8F-E4DA-46B3-B0D0-082632AD74B4}.Release|x64.ActiveCfg = Release|Any CPU
		{30536F8F-E4DA-46B3-B0D0-082632AD74B4}.Release|x86.ActiveCfg = Release|Any CPU
		{F37DE470-865E-4F80-BC9C-FAC7BC11D3CF}.Debug|Any CPU.ActiveCfg = Debug|Any CPU
		{F37DE470-865E-4F80-BC9C-FAC7BC11D3CF}.Debug|Any CPU.Build.0 = Debug|Any CPU
		{F37DE470-865E-4F80-BC9C-FAC7BC11D3CF}.Debug|Any CPU.Deploy.0 = Debug|Any CPU
		{F37DE470-865E-4F80-BC9C-FAC7BC11D3CF}.Debug|ARM.ActiveCfg = Debug|Any CPU
		{F37DE470-865E-4F80-BC9C-FAC7BC11D3CF}.Debug|x64.ActiveCfg = Debug|Any CPU
		{F37DE470-865E-4F80-BC9C-FAC7BC11D3CF}.Debug|x86.ActiveCfg = Debug|Any CPU
		{F37DE470-865E-4F80-BC9C-FAC7BC11D3CF}.Release|Any CPU.ActiveCfg = Release|Any CPU
		{F37DE470-865E-4F80-BC9C-FAC7BC11D3CF}.Release|Any CPU.Build.0 = Release|Any CPU
		{F37DE470-865E-4F80-BC9C-FAC7BC11D3CF}.Release|Any CPU.Deploy.0 = Release|Any CPU
		{F37DE470-865E-4F80-BC9C-FAC7BC11D3CF}.Release|ARM.ActiveCfg = Release|Any CPU
		{F37DE470-865E-4F80-BC9C-FAC7BC11D3CF}.Release|x64.ActiveCfg = Release|Any CPU
		{F37DE470-865E-4F80-BC9C-FAC7BC11D3CF}.Release|x86.ActiveCfg = Release|Any CPU
		{E5D42E35-B5C4-426D-B568-96926EBA588E}.Debug|Any CPU.ActiveCfg = Debug|Any CPU
		{E5D42E35-B5C4-426D-B568-96926EBA588E}.Debug|Any CPU.Build.0 = Debug|Any CPU
		{E5D42E35-B5C4-426D-B568-96926EBA588E}.Debug|ARM.ActiveCfg = Debug|Any CPU
		{E5D42E35-B5C4-426D-B568-96926EBA588E}.Debug|x64.ActiveCfg = Debug|Any CPU
		{E5D42E35-B5C4-426D-B568-96926EBA588E}.Debug|x86.ActiveCfg = Debug|Any CPU
		{E5D42E35-B5C4-426D-B568-96926EBA588E}.Release|Any CPU.ActiveCfg = Release|Any CPU
		{E5D42E35-B5C4-426D-B568-96926EBA588E}.Release|Any CPU.Build.0 = Release|Any CPU
		{E5D42E35-B5C4-426D-B568-96926EBA588E}.Release|ARM.ActiveCfg = Release|Any CPU
		{E5D42E35-B5C4-426D-B568-96926EBA588E}.Release|x64.ActiveCfg = Release|Any CPU
		{E5D42E35-B5C4-426D-B568-96926EBA588E}.Release|x86.ActiveCfg = Release|Any CPU
		{6BCA313F-794F-4C54-9F96-C500290E147C}.Debug|Any CPU.ActiveCfg = Debug|Any CPU
		{6BCA313F-794F-4C54-9F96-C500290E147C}.Debug|Any CPU.Build.0 = Debug|Any CPU
		{6BCA313F-794F-4C54-9F96-C500290E147C}.Debug|Any CPU.Deploy.0 = Debug|Any CPU
		{6BCA313F-794F-4C54-9F96-C500290E147C}.Debug|ARM.ActiveCfg = Debug|ARM
		{6BCA313F-794F-4C54-9F96-C500290E147C}.Debug|ARM.Build.0 = Debug|ARM
		{6BCA313F-794F-4C54-9F96-C500290E147C}.Debug|ARM.Deploy.0 = Debug|ARM
		{6BCA313F-794F-4C54-9F96-C500290E147C}.Debug|x64.ActiveCfg = Debug|x64
		{6BCA313F-794F-4C54-9F96-C500290E147C}.Debug|x64.Build.0 = Debug|x64
		{6BCA313F-794F-4C54-9F96-C500290E147C}.Debug|x64.Deploy.0 = Debug|x64
		{6BCA313F-794F-4C54-9F96-C500290E147C}.Debug|x86.ActiveCfg = Debug|x86
		{6BCA313F-794F-4C54-9F96-C500290E147C}.Debug|x86.Build.0 = Debug|x86
		{6BCA313F-794F-4C54-9F96-C500290E147C}.Debug|x86.Deploy.0 = Debug|x86
		{6BCA313F-794F-4C54-9F96-C500290E147C}.Release|Any CPU.ActiveCfg = Release|Any CPU
		{6BCA313F-794F-4C54-9F96-C500290E147C}.Release|Any CPU.Build.0 = Release|Any CPU
		{6BCA313F-794F-4C54-9F96-C500290E147C}.Release|Any CPU.Deploy.0 = Release|Any CPU
		{6BCA313F-794F-4C54-9F96-C500290E147C}.Release|ARM.ActiveCfg = Release|ARM
		{6BCA313F-794F-4C54-9F96-C500290E147C}.Release|ARM.Build.0 = Release|ARM
		{6BCA313F-794F-4C54-9F96-C500290E147C}.Release|ARM.Deploy.0 = Release|ARM
		{6BCA313F-794F-4C54-9F96-C500290E147C}.Release|x64.ActiveCfg = Release|x64
		{6BCA313F-794F-4C54-9F96-C500290E147C}.Release|x64.Build.0 = Release|x64
		{6BCA313F-794F-4C54-9F96-C500290E147C}.Release|x64.Deploy.0 = Release|x64
		{6BCA313F-794F-4C54-9F96-C500290E147C}.Release|x86.ActiveCfg = Release|x86
		{6BCA313F-794F-4C54-9F96-C500290E147C}.Release|x86.Build.0 = Release|x86
		{6BCA313F-794F-4C54-9F96-C500290E147C}.Release|x86.Deploy.0 = Release|x86
		{69E4A20C-EF50-49C6-8DAC-F76B9D565767}.Debug|Any CPU.ActiveCfg = Debug|Any CPU
		{69E4A20C-EF50-49C6-8DAC-F76B9D565767}.Debug|Any CPU.Build.0 = Debug|Any CPU
		{69E4A20C-EF50-49C6-8DAC-F76B9D565767}.Debug|Any CPU.Deploy.0 = Debug|Any CPU
		{69E4A20C-EF50-49C6-8DAC-F76B9D565767}.Debug|ARM.ActiveCfg = Debug|Any CPU
		{69E4A20C-EF50-49C6-8DAC-F76B9D565767}.Debug|x64.ActiveCfg = Debug|Any CPU
		{69E4A20C-EF50-49C6-8DAC-F76B9D565767}.Debug|x86.ActiveCfg = Debug|Any CPU
		{69E4A20C-EF50-49C6-8DAC-F76B9D565767}.Release|Any CPU.ActiveCfg = Release|Any CPU
		{69E4A20C-EF50-49C6-8DAC-F76B9D565767}.Release|Any CPU.Build.0 = Release|Any CPU
		{69E4A20C-EF50-49C6-8DAC-F76B9D565767}.Release|Any CPU.Deploy.0 = Release|Any CPU
		{69E4A20C-EF50-49C6-8DAC-F76B9D565767}.Release|ARM.ActiveCfg = Release|Any CPU
		{69E4A20C-EF50-49C6-8DAC-F76B9D565767}.Release|x64.ActiveCfg = Release|Any CPU
		{69E4A20C-EF50-49C6-8DAC-F76B9D565767}.Release|x86.ActiveCfg = Release|Any CPU
		{D454DB5E-820F-4A92-B31E-A41A9D20B086}.Debug|Any CPU.ActiveCfg = Debug|Any CPU
		{D454DB5E-820F-4A92-B31E-A41A9D20B086}.Debug|Any CPU.Build.0 = Debug|Any CPU
		{D454DB5E-820F-4A92-B31E-A41A9D20B086}.Debug|ARM.ActiveCfg = Debug|Any CPU
		{D454DB5E-820F-4A92-B31E-A41A9D20B086}.Debug|x64.ActiveCfg = Debug|Any CPU
		{D454DB5E-820F-4A92-B31E-A41A9D20B086}.Debug|x86.ActiveCfg = Debug|Any CPU
		{D454DB5E-820F-4A92-B31E-A41A9D20B086}.Release|Any CPU.ActiveCfg = Release|Any CPU
		{D454DB5E-820F-4A92-B31E-A41A9D20B086}.Release|Any CPU.Build.0 = Release|Any CPU
		{D454DB5E-820F-4A92-B31E-A41A9D20B086}.Release|ARM.ActiveCfg = Release|Any CPU
		{D454DB5E-820F-4A92-B31E-A41A9D20B086}.Release|x64.ActiveCfg = Release|Any CPU
		{D454DB5E-820F-4A92-B31E-A41A9D20B086}.Release|x86.ActiveCfg = Release|Any CPU
		{7852029D-235C-40B7-8957-8E78414C3F97}.Debug|Any CPU.ActiveCfg = Debug|Any CPU
		{7852029D-235C-40B7-8957-8E78414C3F97}.Debug|Any CPU.Build.0 = Debug|Any CPU
		{7852029D-235C-40B7-8957-8E78414C3F97}.Debug|ARM.ActiveCfg = Debug|Any CPU
		{7852029D-235C-40B7-8957-8E78414C3F97}.Debug|x64.ActiveCfg = Debug|Any CPU
		{7852029D-235C-40B7-8957-8E78414C3F97}.Debug|x86.ActiveCfg = Debug|Any CPU
		{7852029D-235C-40B7-8957-8E78414C3F97}.Release|Any CPU.ActiveCfg = Release|Any CPU
		{7852029D-235C-40B7-8957-8E78414C3F97}.Release|Any CPU.Build.0 = Release|Any CPU
		{7852029D-235C-40B7-8957-8E78414C3F97}.Release|ARM.ActiveCfg = Release|Any CPU
		{7852029D-235C-40B7-8957-8E78414C3F97}.Release|x64.ActiveCfg = Release|Any CPU
		{7852029D-235C-40B7-8957-8E78414C3F97}.Release|x86.ActiveCfg = Release|Any CPU
		{4573C570-520F-4F49-90B4-03D4532C2BA2}.Debug|Any CPU.ActiveCfg = Debug|Any CPU
		{4573C570-520F-4F49-90B4-03D4532C2BA2}.Debug|Any CPU.Build.0 = Debug|Any CPU
		{4573C570-520F-4F49-90B4-03D4532C2BA2}.Debug|ARM.ActiveCfg = Debug|Any CPU
		{4573C570-520F-4F49-90B4-03D4532C2BA2}.Debug|ARM.Build.0 = Debug|Any CPU
		{4573C570-520F-4F49-90B4-03D4532C2BA2}.Debug|x64.ActiveCfg = Debug|Any CPU
		{4573C570-520F-4F49-90B4-03D4532C2BA2}.Debug|x64.Build.0 = Debug|Any CPU
		{4573C570-520F-4F49-90B4-03D4532C2BA2}.Debug|x86.ActiveCfg = Debug|Any CPU
		{4573C570-520F-4F49-90B4-03D4532C2BA2}.Debug|x86.Build.0 = Debug|Any CPU
		{4573C570-520F-4F49-90B4-03D4532C2BA2}.Release|Any CPU.ActiveCfg = Release|Any CPU
		{4573C570-520F-4F49-90B4-03D4532C2BA2}.Release|Any CPU.Build.0 = Release|Any CPU
		{4573C570-520F-4F49-90B4-03D4532C2BA2}.Release|ARM.ActiveCfg = Release|Any CPU
		{4573C570-520F-4F49-90B4-03D4532C2BA2}.Release|ARM.Build.0 = Release|Any CPU
		{4573C570-520F-4F49-90B4-03D4532C2BA2}.Release|x64.ActiveCfg = Release|Any CPU
		{4573C570-520F-4F49-90B4-03D4532C2BA2}.Release|x64.Build.0 = Release|Any CPU
		{4573C570-520F-4F49-90B4-03D4532C2BA2}.Release|x86.ActiveCfg = Release|Any CPU
		{4573C570-520F-4F49-90B4-03D4532C2BA2}.Release|x86.Build.0 = Release|Any CPU
		{F052E9A9-15BD-4DB4-8539-8961B7BA7DC0}.Debug|Any CPU.ActiveCfg = Debug|Any CPU
		{F052E9A9-15BD-4DB4-8539-8961B7BA7DC0}.Debug|Any CPU.Build.0 = Debug|Any CPU
		{F052E9A9-15BD-4DB4-8539-8961B7BA7DC0}.Debug|ARM.ActiveCfg = Debug|Any CPU
		{F052E9A9-15BD-4DB4-8539-8961B7BA7DC0}.Debug|ARM.Build.0 = Debug|Any CPU
		{F052E9A9-15BD-4DB4-8539-8961B7BA7DC0}.Debug|x64.ActiveCfg = Debug|Any CPU
		{F052E9A9-15BD-4DB4-8539-8961B7BA7DC0}.Debug|x64.Build.0 = Debug|Any CPU
		{F052E9A9-15BD-4DB4-8539-8961B7BA7DC0}.Debug|x86.ActiveCfg = Debug|Any CPU
		{F052E9A9-15BD-4DB4-8539-8961B7BA7DC0}.Debug|x86.Build.0 = Debug|Any CPU
		{F052E9A9-15BD-4DB4-8539-8961B7BA7DC0}.Release|Any CPU.ActiveCfg = Release|Any CPU
		{F052E9A9-15BD-4DB4-8539-8961B7BA7DC0}.Release|Any CPU.Build.0 = Release|Any CPU
		{F052E9A9-15BD-4DB4-8539-8961B7BA7DC0}.Release|ARM.ActiveCfg = Release|Any CPU
		{F052E9A9-15BD-4DB4-8539-8961B7BA7DC0}.Release|ARM.Build.0 = Release|Any CPU
		{F052E9A9-15BD-4DB4-8539-8961B7BA7DC0}.Release|x64.ActiveCfg = Release|Any CPU
		{F052E9A9-15BD-4DB4-8539-8961B7BA7DC0}.Release|x64.Build.0 = Release|Any CPU
		{F052E9A9-15BD-4DB4-8539-8961B7BA7DC0}.Release|x86.ActiveCfg = Release|Any CPU
		{F052E9A9-15BD-4DB4-8539-8961B7BA7DC0}.Release|x86.Build.0 = Release|Any CPU
		{CD62609E-EA4E-48F4-B1FB-DF9BB98A132C}.Debug|Any CPU.ActiveCfg = Debug|Any CPU
		{CD62609E-EA4E-48F4-B1FB-DF9BB98A132C}.Debug|Any CPU.Build.0 = Debug|Any CPU
		{CD62609E-EA4E-48F4-B1FB-DF9BB98A132C}.Debug|ARM.ActiveCfg = Debug|Any CPU
		{CD62609E-EA4E-48F4-B1FB-DF9BB98A132C}.Debug|ARM.Build.0 = Debug|Any CPU
		{CD62609E-EA4E-48F4-B1FB-DF9BB98A132C}.Debug|x64.ActiveCfg = Debug|Any CPU
		{CD62609E-EA4E-48F4-B1FB-DF9BB98A132C}.Debug|x64.Build.0 = Debug|Any CPU
		{CD62609E-EA4E-48F4-B1FB-DF9BB98A132C}.Debug|x86.ActiveCfg = Debug|Any CPU
		{CD62609E-EA4E-48F4-B1FB-DF9BB98A132C}.Debug|x86.Build.0 = Debug|Any CPU
		{CD62609E-EA4E-48F4-B1FB-DF9BB98A132C}.Release|Any CPU.ActiveCfg = Release|Any CPU
		{CD62609E-EA4E-48F4-B1FB-DF9BB98A132C}.Release|Any CPU.Build.0 = Release|Any CPU
		{CD62609E-EA4E-48F4-B1FB-DF9BB98A132C}.Release|ARM.ActiveCfg = Release|Any CPU
		{CD62609E-EA4E-48F4-B1FB-DF9BB98A132C}.Release|ARM.Build.0 = Release|Any CPU
		{CD62609E-EA4E-48F4-B1FB-DF9BB98A132C}.Release|x64.ActiveCfg = Release|Any CPU
		{CD62609E-EA4E-48F4-B1FB-DF9BB98A132C}.Release|x64.Build.0 = Release|Any CPU
		{CD62609E-EA4E-48F4-B1FB-DF9BB98A132C}.Release|x86.ActiveCfg = Release|Any CPU
		{CD62609E-EA4E-48F4-B1FB-DF9BB98A132C}.Release|x86.Build.0 = Release|Any CPU
		{F0A0D04C-6665-43C2-A3A3-870248A331B9}.Debug|Any CPU.ActiveCfg = Debug|Any CPU
		{F0A0D04C-6665-43C2-A3A3-870248A331B9}.Debug|Any CPU.Build.0 = Debug|Any CPU
		{F0A0D04C-6665-43C2-A3A3-870248A331B9}.Debug|ARM.ActiveCfg = Debug|Any CPU
		{F0A0D04C-6665-43C2-A3A3-870248A331B9}.Debug|ARM.Build.0 = Debug|Any CPU
		{F0A0D04C-6665-43C2-A3A3-870248A331B9}.Debug|x64.ActiveCfg = Debug|Any CPU
		{F0A0D04C-6665-43C2-A3A3-870248A331B9}.Debug|x64.Build.0 = Debug|Any CPU
		{F0A0D04C-6665-43C2-A3A3-870248A331B9}.Debug|x86.ActiveCfg = Debug|Any CPU
		{F0A0D04C-6665-43C2-A3A3-870248A331B9}.Debug|x86.Build.0 = Debug|Any CPU
		{F0A0D04C-6665-43C2-A3A3-870248A331B9}.Release|Any CPU.ActiveCfg = Release|Any CPU
		{F0A0D04C-6665-43C2-A3A3-870248A331B9}.Release|Any CPU.Build.0 = Release|Any CPU
		{F0A0D04C-6665-43C2-A3A3-870248A331B9}.Release|ARM.ActiveCfg = Release|Any CPU
		{F0A0D04C-6665-43C2-A3A3-870248A331B9}.Release|ARM.Build.0 = Release|Any CPU
		{F0A0D04C-6665-43C2-A3A3-870248A331B9}.Release|x64.ActiveCfg = Release|Any CPU
		{F0A0D04C-6665-43C2-A3A3-870248A331B9}.Release|x64.Build.0 = Release|Any CPU
		{F0A0D04C-6665-43C2-A3A3-870248A331B9}.Release|x86.ActiveCfg = Release|Any CPU
		{F0A0D04C-6665-43C2-A3A3-870248A331B9}.Release|x86.Build.0 = Release|Any CPU
		{EDD03052-3A73-4D9E-9B94-6844134BABFB}.Debug|Any CPU.ActiveCfg = Debug|Any CPU
		{EDD03052-3A73-4D9E-9B94-6844134BABFB}.Debug|Any CPU.Build.0 = Debug|Any CPU
		{EDD03052-3A73-4D9E-9B94-6844134BABFB}.Debug|ARM.ActiveCfg = Debug|Any CPU
		{EDD03052-3A73-4D9E-9B94-6844134BABFB}.Debug|ARM.Build.0 = Debug|Any CPU
		{EDD03052-3A73-4D9E-9B94-6844134BABFB}.Debug|x64.ActiveCfg = Debug|Any CPU
		{EDD03052-3A73-4D9E-9B94-6844134BABFB}.Debug|x64.Build.0 = Debug|Any CPU
		{EDD03052-3A73-4D9E-9B94-6844134BABFB}.Debug|x86.ActiveCfg = Debug|Any CPU
		{EDD03052-3A73-4D9E-9B94-6844134BABFB}.Debug|x86.Build.0 = Debug|Any CPU
		{EDD03052-3A73-4D9E-9B94-6844134BABFB}.Release|Any CPU.ActiveCfg = Release|Any CPU
		{EDD03052-3A73-4D9E-9B94-6844134BABFB}.Release|Any CPU.Build.0 = Release|Any CPU
		{EDD03052-3A73-4D9E-9B94-6844134BABFB}.Release|ARM.ActiveCfg = Release|Any CPU
		{EDD03052-3A73-4D9E-9B94-6844134BABFB}.Release|ARM.Build.0 = Release|Any CPU
		{EDD03052-3A73-4D9E-9B94-6844134BABFB}.Release|x64.ActiveCfg = Release|Any CPU
		{EDD03052-3A73-4D9E-9B94-6844134BABFB}.Release|x64.Build.0 = Release|Any CPU
		{EDD03052-3A73-4D9E-9B94-6844134BABFB}.Release|x86.ActiveCfg = Release|Any CPU
		{EDD03052-3A73-4D9E-9B94-6844134BABFB}.Release|x86.Build.0 = Release|Any CPU
		{629621F7-4D91-4F49-B373-FDFE6BB573D4}.Debug|Any CPU.ActiveCfg = Debug|Any CPU
		{629621F7-4D91-4F49-B373-FDFE6BB573D4}.Debug|Any CPU.Build.0 = Debug|Any CPU
		{629621F7-4D91-4F49-B373-FDFE6BB573D4}.Debug|ARM.ActiveCfg = Debug|Any CPU
		{629621F7-4D91-4F49-B373-FDFE6BB573D4}.Debug|ARM.Build.0 = Debug|Any CPU
		{629621F7-4D91-4F49-B373-FDFE6BB573D4}.Debug|x64.ActiveCfg = Debug|Any CPU
		{629621F7-4D91-4F49-B373-FDFE6BB573D4}.Debug|x64.Build.0 = Debug|Any CPU
		{629621F7-4D91-4F49-B373-FDFE6BB573D4}.Debug|x86.ActiveCfg = Debug|Any CPU
		{629621F7-4D91-4F49-B373-FDFE6BB573D4}.Debug|x86.Build.0 = Debug|Any CPU
		{629621F7-4D91-4F49-B373-FDFE6BB573D4}.Release|Any CPU.ActiveCfg = Release|Any CPU
		{629621F7-4D91-4F49-B373-FDFE6BB573D4}.Release|Any CPU.Build.0 = Release|Any CPU
		{629621F7-4D91-4F49-B373-FDFE6BB573D4}.Release|ARM.ActiveCfg = Release|Any CPU
		{629621F7-4D91-4F49-B373-FDFE6BB573D4}.Release|ARM.Build.0 = Release|Any CPU
		{629621F7-4D91-4F49-B373-FDFE6BB573D4}.Release|x64.ActiveCfg = Release|Any CPU
		{629621F7-4D91-4F49-B373-FDFE6BB573D4}.Release|x64.Build.0 = Release|Any CPU
		{629621F7-4D91-4F49-B373-FDFE6BB573D4}.Release|x86.ActiveCfg = Release|Any CPU
		{629621F7-4D91-4F49-B373-FDFE6BB573D4}.Release|x86.Build.0 = Release|Any CPU
		{C9111380-CFA2-4A3E-B0DF-87A1C1888F98}.Debug|Any CPU.ActiveCfg = Debug|Any CPU
		{C9111380-CFA2-4A3E-B0DF-87A1C1888F98}.Debug|Any CPU.Build.0 = Debug|Any CPU
		{C9111380-CFA2-4A3E-B0DF-87A1C1888F98}.Debug|ARM.ActiveCfg = Debug|Any CPU
		{C9111380-CFA2-4A3E-B0DF-87A1C1888F98}.Debug|ARM.Build.0 = Debug|Any CPU
		{C9111380-CFA2-4A3E-B0DF-87A1C1888F98}.Debug|x64.ActiveCfg = Debug|Any CPU
		{C9111380-CFA2-4A3E-B0DF-87A1C1888F98}.Debug|x64.Build.0 = Debug|Any CPU
		{C9111380-CFA2-4A3E-B0DF-87A1C1888F98}.Debug|x86.ActiveCfg = Debug|Any CPU
		{C9111380-CFA2-4A3E-B0DF-87A1C1888F98}.Debug|x86.Build.0 = Debug|Any CPU
		{C9111380-CFA2-4A3E-B0DF-87A1C1888F98}.Release|Any CPU.ActiveCfg = Release|Any CPU
		{C9111380-CFA2-4A3E-B0DF-87A1C1888F98}.Release|Any CPU.Build.0 = Release|Any CPU
		{C9111380-CFA2-4A3E-B0DF-87A1C1888F98}.Release|ARM.ActiveCfg = Release|Any CPU
		{C9111380-CFA2-4A3E-B0DF-87A1C1888F98}.Release|ARM.Build.0 = Release|Any CPU
		{C9111380-CFA2-4A3E-B0DF-87A1C1888F98}.Release|x64.ActiveCfg = Release|Any CPU
		{C9111380-CFA2-4A3E-B0DF-87A1C1888F98}.Release|x64.Build.0 = Release|Any CPU
		{C9111380-CFA2-4A3E-B0DF-87A1C1888F98}.Release|x86.ActiveCfg = Release|Any CPU
		{C9111380-CFA2-4A3E-B0DF-87A1C1888F98}.Release|x86.Build.0 = Release|Any CPU
		{C80D0C64-C34A-4DF4-9E26-E1D2F4FFEFC8}.Debug|Any CPU.ActiveCfg = Debug|Any CPU
		{C80D0C64-C34A-4DF4-9E26-E1D2F4FFEFC8}.Debug|Any CPU.Build.0 = Debug|Any CPU
		{C80D0C64-C34A-4DF4-9E26-E1D2F4FFEFC8}.Debug|ARM.ActiveCfg = Debug|Any CPU
		{C80D0C64-C34A-4DF4-9E26-E1D2F4FFEFC8}.Debug|ARM.Build.0 = Debug|Any CPU
		{C80D0C64-C34A-4DF4-9E26-E1D2F4FFEFC8}.Debug|x64.ActiveCfg = Debug|Any CPU
		{C80D0C64-C34A-4DF4-9E26-E1D2F4FFEFC8}.Debug|x64.Build.0 = Debug|Any CPU
		{C80D0C64-C34A-4DF4-9E26-E1D2F4FFEFC8}.Debug|x86.ActiveCfg = Debug|Any CPU
		{C80D0C64-C34A-4DF4-9E26-E1D2F4FFEFC8}.Debug|x86.Build.0 = Debug|Any CPU
		{C80D0C64-C34A-4DF4-9E26-E1D2F4FFEFC8}.Release|Any CPU.ActiveCfg = Release|Any CPU
		{C80D0C64-C34A-4DF4-9E26-E1D2F4FFEFC8}.Release|Any CPU.Build.0 = Release|Any CPU
		{C80D0C64-C34A-4DF4-9E26-E1D2F4FFEFC8}.Release|ARM.ActiveCfg = Release|Any CPU
		{C80D0C64-C34A-4DF4-9E26-E1D2F4FFEFC8}.Release|ARM.Build.0 = Release|Any CPU
		{C80D0C64-C34A-4DF4-9E26-E1D2F4FFEFC8}.Release|x64.ActiveCfg = Release|Any CPU
		{C80D0C64-C34A-4DF4-9E26-E1D2F4FFEFC8}.Release|x64.Build.0 = Release|Any CPU
		{C80D0C64-C34A-4DF4-9E26-E1D2F4FFEFC8}.Release|x86.ActiveCfg = Release|Any CPU
		{C80D0C64-C34A-4DF4-9E26-E1D2F4FFEFC8}.Release|x86.Build.0 = Release|Any CPU
		{5D8F78FC-0719-495F-9AD0-1EDD7EC9AA19}.Debug|Any CPU.ActiveCfg = Debug|Any CPU
		{5D8F78FC-0719-495F-9AD0-1EDD7EC9AA19}.Debug|Any CPU.Build.0 = Debug|Any CPU
		{5D8F78FC-0719-495F-9AD0-1EDD7EC9AA19}.Debug|ARM.ActiveCfg = Debug|Any CPU
		{5D8F78FC-0719-495F-9AD0-1EDD7EC9AA19}.Debug|ARM.Build.0 = Debug|Any CPU
		{5D8F78FC-0719-495F-9AD0-1EDD7EC9AA19}.Debug|x64.ActiveCfg = Debug|Any CPU
		{5D8F78FC-0719-495F-9AD0-1EDD7EC9AA19}.Debug|x64.Build.0 = Debug|Any CPU
		{5D8F78FC-0719-495F-9AD0-1EDD7EC9AA19}.Debug|x86.ActiveCfg = Debug|Any CPU
		{5D8F78FC-0719-495F-9AD0-1EDD7EC9AA19}.Debug|x86.Build.0 = Debug|Any CPU
		{5D8F78FC-0719-495F-9AD0-1EDD7EC9AA19}.Release|Any CPU.ActiveCfg = Release|Any CPU
		{5D8F78FC-0719-495F-9AD0-1EDD7EC9AA19}.Release|Any CPU.Build.0 = Release|Any CPU
		{5D8F78FC-0719-495F-9AD0-1EDD7EC9AA19}.Release|ARM.ActiveCfg = Release|Any CPU
		{5D8F78FC-0719-495F-9AD0-1EDD7EC9AA19}.Release|ARM.Build.0 = Release|Any CPU
		{5D8F78FC-0719-495F-9AD0-1EDD7EC9AA19}.Release|x64.ActiveCfg = Release|Any CPU
		{5D8F78FC-0719-495F-9AD0-1EDD7EC9AA19}.Release|x64.Build.0 = Release|Any CPU
		{5D8F78FC-0719-495F-9AD0-1EDD7EC9AA19}.Release|x86.ActiveCfg = Release|Any CPU
		{5D8F78FC-0719-495F-9AD0-1EDD7EC9AA19}.Release|x86.Build.0 = Release|Any CPU
		{97A6D8B7-2F39-45AC-91D7-A59FABF38CEC}.Debug|Any CPU.ActiveCfg = Debug|Any CPU
		{97A6D8B7-2F39-45AC-91D7-A59FABF38CEC}.Debug|Any CPU.Build.0 = Debug|Any CPU
		{97A6D8B7-2F39-45AC-91D7-A59FABF38CEC}.Debug|ARM.ActiveCfg = Debug|Any CPU
		{97A6D8B7-2F39-45AC-91D7-A59FABF38CEC}.Debug|ARM.Build.0 = Debug|Any CPU
		{97A6D8B7-2F39-45AC-91D7-A59FABF38CEC}.Debug|x64.ActiveCfg = Debug|Any CPU
		{97A6D8B7-2F39-45AC-91D7-A59FABF38CEC}.Debug|x64.Build.0 = Debug|Any CPU
		{97A6D8B7-2F39-45AC-91D7-A59FABF38CEC}.Debug|x86.ActiveCfg = Debug|Any CPU
		{97A6D8B7-2F39-45AC-91D7-A59FABF38CEC}.Debug|x86.Build.0 = Debug|Any CPU
		{97A6D8B7-2F39-45AC-91D7-A59FABF38CEC}.Release|Any CPU.ActiveCfg = Release|Any CPU
		{97A6D8B7-2F39-45AC-91D7-A59FABF38CEC}.Release|Any CPU.Build.0 = Release|Any CPU
		{97A6D8B7-2F39-45AC-91D7-A59FABF38CEC}.Release|ARM.ActiveCfg = Release|Any CPU
		{97A6D8B7-2F39-45AC-91D7-A59FABF38CEC}.Release|ARM.Build.0 = Release|Any CPU
		{97A6D8B7-2F39-45AC-91D7-A59FABF38CEC}.Release|x64.ActiveCfg = Release|Any CPU
		{97A6D8B7-2F39-45AC-91D7-A59FABF38CEC}.Release|x64.Build.0 = Release|Any CPU
		{97A6D8B7-2F39-45AC-91D7-A59FABF38CEC}.Release|x86.ActiveCfg = Release|Any CPU
		{97A6D8B7-2F39-45AC-91D7-A59FABF38CEC}.Release|x86.Build.0 = Release|Any CPU
		{2C4CBC7A-16BD-4F27-86BA-3CF38BE0F426}.Debug|Any CPU.ActiveCfg = Debug|Any CPU
		{2C4CBC7A-16BD-4F27-86BA-3CF38BE0F426}.Debug|Any CPU.Build.0 = Debug|Any CPU
		{2C4CBC7A-16BD-4F27-86BA-3CF38BE0F426}.Debug|Any CPU.Deploy.0 = Debug|Any CPU
		{2C4CBC7A-16BD-4F27-86BA-3CF38BE0F426}.Debug|ARM.ActiveCfg = Debug|Any CPU
		{2C4CBC7A-16BD-4F27-86BA-3CF38BE0F426}.Debug|ARM.Build.0 = Debug|Any CPU
		{2C4CBC7A-16BD-4F27-86BA-3CF38BE0F426}.Debug|ARM.Deploy.0 = Debug|Any CPU
		{2C4CBC7A-16BD-4F27-86BA-3CF38BE0F426}.Debug|x64.ActiveCfg = Debug|Any CPU
		{2C4CBC7A-16BD-4F27-86BA-3CF38BE0F426}.Debug|x64.Build.0 = Debug|Any CPU
		{2C4CBC7A-16BD-4F27-86BA-3CF38BE0F426}.Debug|x64.Deploy.0 = Debug|Any CPU
		{2C4CBC7A-16BD-4F27-86BA-3CF38BE0F426}.Debug|x86.ActiveCfg = Debug|Any CPU
		{2C4CBC7A-16BD-4F27-86BA-3CF38BE0F426}.Debug|x86.Build.0 = Debug|Any CPU
		{2C4CBC7A-16BD-4F27-86BA-3CF38BE0F426}.Debug|x86.Deploy.0 = Debug|Any CPU
		{2C4CBC7A-16BD-4F27-86BA-3CF38BE0F426}.Release|Any CPU.ActiveCfg = Release|Any CPU
		{2C4CBC7A-16BD-4F27-86BA-3CF38BE0F426}.Release|Any CPU.Build.0 = Release|Any CPU
		{2C4CBC7A-16BD-4F27-86BA-3CF38BE0F426}.Release|Any CPU.Deploy.0 = Release|Any CPU
		{2C4CBC7A-16BD-4F27-86BA-3CF38BE0F426}.Release|ARM.ActiveCfg = Release|Any CPU
		{2C4CBC7A-16BD-4F27-86BA-3CF38BE0F426}.Release|ARM.Build.0 = Release|Any CPU
		{2C4CBC7A-16BD-4F27-86BA-3CF38BE0F426}.Release|ARM.Deploy.0 = Release|Any CPU
		{2C4CBC7A-16BD-4F27-86BA-3CF38BE0F426}.Release|x64.ActiveCfg = Release|Any CPU
		{2C4CBC7A-16BD-4F27-86BA-3CF38BE0F426}.Release|x64.Build.0 = Release|Any CPU
		{2C4CBC7A-16BD-4F27-86BA-3CF38BE0F426}.Release|x64.Deploy.0 = Release|Any CPU
		{2C4CBC7A-16BD-4F27-86BA-3CF38BE0F426}.Release|x86.ActiveCfg = Release|Any CPU
		{2C4CBC7A-16BD-4F27-86BA-3CF38BE0F426}.Release|x86.Build.0 = Release|Any CPU
		{2C4CBC7A-16BD-4F27-86BA-3CF38BE0F426}.Release|x86.Deploy.0 = Release|Any CPU
		{92153715-1D99-43B1-B291-470CF91A156D}.Debug|Any CPU.ActiveCfg = Debug|Any CPU
		{92153715-1D99-43B1-B291-470CF91A156D}.Debug|Any CPU.Build.0 = Debug|Any CPU
		{92153715-1D99-43B1-B291-470CF91A156D}.Debug|ARM.ActiveCfg = Debug|Any CPU
		{92153715-1D99-43B1-B291-470CF91A156D}.Debug|ARM.Build.0 = Debug|Any CPU
		{92153715-1D99-43B1-B291-470CF91A156D}.Debug|x64.ActiveCfg = Debug|Any CPU
		{92153715-1D99-43B1-B291-470CF91A156D}.Debug|x64.Build.0 = Debug|Any CPU
		{92153715-1D99-43B1-B291-470CF91A156D}.Debug|x86.ActiveCfg = Debug|Any CPU
		{92153715-1D99-43B1-B291-470CF91A156D}.Debug|x86.Build.0 = Debug|Any CPU
		{92153715-1D99-43B1-B291-470CF91A156D}.Release|Any CPU.ActiveCfg = Release|Any CPU
		{92153715-1D99-43B1-B291-470CF91A156D}.Release|Any CPU.Build.0 = Release|Any CPU
		{92153715-1D99-43B1-B291-470CF91A156D}.Release|ARM.ActiveCfg = Release|Any CPU
		{92153715-1D99-43B1-B291-470CF91A156D}.Release|ARM.Build.0 = Release|Any CPU
		{92153715-1D99-43B1-B291-470CF91A156D}.Release|x64.ActiveCfg = Release|Any CPU
		{92153715-1D99-43B1-B291-470CF91A156D}.Release|x64.Build.0 = Release|Any CPU
		{92153715-1D99-43B1-B291-470CF91A156D}.Release|x86.ActiveCfg = Release|Any CPU
		{92153715-1D99-43B1-B291-470CF91A156D}.Release|x86.Build.0 = Release|Any CPU
		{4FB9C0D9-C3A8-4FB5-86CD-927E5EBC6885}.Debug|Any CPU.ActiveCfg = Debug|Any CPU
		{4FB9C0D9-C3A8-4FB5-86CD-927E5EBC6885}.Debug|Any CPU.Build.0 = Debug|Any CPU
		{4FB9C0D9-C3A8-4FB5-86CD-927E5EBC6885}.Debug|ARM.ActiveCfg = Debug|Any CPU
		{4FB9C0D9-C3A8-4FB5-86CD-927E5EBC6885}.Debug|ARM.Build.0 = Debug|Any CPU
		{4FB9C0D9-C3A8-4FB5-86CD-927E5EBC6885}.Debug|x64.ActiveCfg = Debug|Any CPU
		{4FB9C0D9-C3A8-4FB5-86CD-927E5EBC6885}.Debug|x64.Build.0 = Debug|Any CPU
		{4FB9C0D9-C3A8-4FB5-86CD-927E5EBC6885}.Debug|x86.ActiveCfg = Debug|Any CPU
		{4FB9C0D9-C3A8-4FB5-86CD-927E5EBC6885}.Debug|x86.Build.0 = Debug|Any CPU
		{4FB9C0D9-C3A8-4FB5-86CD-927E5EBC6885}.Release|Any CPU.ActiveCfg = Release|Any CPU
		{4FB9C0D9-C3A8-4FB5-86CD-927E5EBC6885}.Release|Any CPU.Build.0 = Release|Any CPU
		{4FB9C0D9-C3A8-4FB5-86CD-927E5EBC6885}.Release|ARM.ActiveCfg = Release|Any CPU
		{4FB9C0D9-C3A8-4FB5-86CD-927E5EBC6885}.Release|ARM.Build.0 = Release|Any CPU
		{4FB9C0D9-C3A8-4FB5-86CD-927E5EBC6885}.Release|x64.ActiveCfg = Release|Any CPU
		{4FB9C0D9-C3A8-4FB5-86CD-927E5EBC6885}.Release|x64.Build.0 = Release|Any CPU
		{4FB9C0D9-C3A8-4FB5-86CD-927E5EBC6885}.Release|x86.ActiveCfg = Release|Any CPU
		{4FB9C0D9-C3A8-4FB5-86CD-927E5EBC6885}.Release|x86.Build.0 = Release|Any CPU
		{4A250B81-35E9-4D2F-8030-62909F6C8C63}.Debug|Any CPU.ActiveCfg = Debug|Any CPU
		{4A250B81-35E9-4D2F-8030-62909F6C8C63}.Debug|Any CPU.Build.0 = Debug|Any CPU
		{4A250B81-35E9-4D2F-8030-62909F6C8C63}.Debug|ARM.ActiveCfg = Debug|Any CPU
		{4A250B81-35E9-4D2F-8030-62909F6C8C63}.Debug|ARM.Build.0 = Debug|Any CPU
		{4A250B81-35E9-4D2F-8030-62909F6C8C63}.Debug|x64.ActiveCfg = Debug|Any CPU
		{4A250B81-35E9-4D2F-8030-62909F6C8C63}.Debug|x64.Build.0 = Debug|Any CPU
		{4A250B81-35E9-4D2F-8030-62909F6C8C63}.Debug|x86.ActiveCfg = Debug|Any CPU
		{4A250B81-35E9-4D2F-8030-62909F6C8C63}.Debug|x86.Build.0 = Debug|Any CPU
		{4A250B81-35E9-4D2F-8030-62909F6C8C63}.Release|Any CPU.ActiveCfg = Release|Any CPU
		{4A250B81-35E9-4D2F-8030-62909F6C8C63}.Release|Any CPU.Build.0 = Release|Any CPU
		{4A250B81-35E9-4D2F-8030-62909F6C8C63}.Release|ARM.ActiveCfg = Release|Any CPU
		{4A250B81-35E9-4D2F-8030-62909F6C8C63}.Release|ARM.Build.0 = Release|Any CPU
		{4A250B81-35E9-4D2F-8030-62909F6C8C63}.Release|x64.ActiveCfg = Release|Any CPU
		{4A250B81-35E9-4D2F-8030-62909F6C8C63}.Release|x64.Build.0 = Release|Any CPU
		{4A250B81-35E9-4D2F-8030-62909F6C8C63}.Release|x86.ActiveCfg = Release|Any CPU
		{4A250B81-35E9-4D2F-8030-62909F6C8C63}.Release|x86.Build.0 = Release|Any CPU
		{35F64888-3446-444D-8E44-128378434AB3}.Debug|Any CPU.ActiveCfg = Debug|Any CPU
		{35F64888-3446-444D-8E44-128378434AB3}.Debug|Any CPU.Build.0 = Debug|Any CPU
		{35F64888-3446-444D-8E44-128378434AB3}.Debug|ARM.ActiveCfg = Debug|Any CPU
		{35F64888-3446-444D-8E44-128378434AB3}.Debug|ARM.Build.0 = Debug|Any CPU
		{35F64888-3446-444D-8E44-128378434AB3}.Debug|x64.ActiveCfg = Debug|Any CPU
		{35F64888-3446-444D-8E44-128378434AB3}.Debug|x64.Build.0 = Debug|Any CPU
		{35F64888-3446-444D-8E44-128378434AB3}.Debug|x86.ActiveCfg = Debug|Any CPU
		{35F64888-3446-444D-8E44-128378434AB3}.Debug|x86.Build.0 = Debug|Any CPU
		{35F64888-3446-444D-8E44-128378434AB3}.Release|Any CPU.ActiveCfg = Release|Any CPU
		{35F64888-3446-444D-8E44-128378434AB3}.Release|Any CPU.Build.0 = Release|Any CPU
		{35F64888-3446-444D-8E44-128378434AB3}.Release|ARM.ActiveCfg = Release|Any CPU
		{35F64888-3446-444D-8E44-128378434AB3}.Release|ARM.Build.0 = Release|Any CPU
		{35F64888-3446-444D-8E44-128378434AB3}.Release|x64.ActiveCfg = Release|Any CPU
		{35F64888-3446-444D-8E44-128378434AB3}.Release|x64.Build.0 = Release|Any CPU
		{35F64888-3446-444D-8E44-128378434AB3}.Release|x86.ActiveCfg = Release|Any CPU
		{35F64888-3446-444D-8E44-128378434AB3}.Release|x86.Build.0 = Release|Any CPU
		{75DC3484-F6C8-4373-A8C4-9D1A8C9FC3B0}.Debug|Any CPU.ActiveCfg = Debug|Any CPU
		{75DC3484-F6C8-4373-A8C4-9D1A8C9FC3B0}.Debug|Any CPU.Build.0 = Debug|Any CPU
		{75DC3484-F6C8-4373-A8C4-9D1A8C9FC3B0}.Debug|ARM.ActiveCfg = Debug|Any CPU
		{75DC3484-F6C8-4373-A8C4-9D1A8C9FC3B0}.Debug|ARM.Build.0 = Debug|Any CPU
		{75DC3484-F6C8-4373-A8C4-9D1A8C9FC3B0}.Debug|x64.ActiveCfg = Debug|Any CPU
		{75DC3484-F6C8-4373-A8C4-9D1A8C9FC3B0}.Debug|x64.Build.0 = Debug|Any CPU
		{75DC3484-F6C8-4373-A8C4-9D1A8C9FC3B0}.Debug|x86.ActiveCfg = Debug|Any CPU
		{75DC3484-F6C8-4373-A8C4-9D1A8C9FC3B0}.Debug|x86.Build.0 = Debug|Any CPU
		{75DC3484-F6C8-4373-A8C4-9D1A8C9FC3B0}.Release|Any CPU.ActiveCfg = Release|Any CPU
		{75DC3484-F6C8-4373-A8C4-9D1A8C9FC3B0}.Release|Any CPU.Build.0 = Release|Any CPU
		{75DC3484-F6C8-4373-A8C4-9D1A8C9FC3B0}.Release|ARM.ActiveCfg = Release|Any CPU
		{75DC3484-F6C8-4373-A8C4-9D1A8C9FC3B0}.Release|ARM.Build.0 = Release|Any CPU
		{75DC3484-F6C8-4373-A8C4-9D1A8C9FC3B0}.Release|x64.ActiveCfg = Release|Any CPU
		{75DC3484-F6C8-4373-A8C4-9D1A8C9FC3B0}.Release|x64.Build.0 = Release|Any CPU
		{75DC3484-F6C8-4373-A8C4-9D1A8C9FC3B0}.Release|x86.ActiveCfg = Release|Any CPU
		{75DC3484-F6C8-4373-A8C4-9D1A8C9FC3B0}.Release|x86.Build.0 = Release|Any CPU
	EndGlobalSection
	GlobalSection(SolutionProperties) = preSolution
		HideSolutionNode = FALSE
	EndGlobalSection
	GlobalSection(NestedProjects) = preSolution
		{06CAA70A-20A7-4334-AF03-D6228039C178} = {3A334EFA-47FA-4CE2-9306-FDFF7CF47157}
		{612E8E0A-6CB6-45C9-9A05-CFC7F26A5C05} = {8F701234-EC60-485C-BCDB-8EE233246832}
		{D6201667-DFEC-4BEF-8F4F-BE5EE5F07FE7} = {612E8E0A-6CB6-45C9-9A05-CFC7F26A5C05}
		{68470436-2F0D-4A76-B1E6-9C8517844C3E} = {612E8E0A-6CB6-45C9-9A05-CFC7F26A5C05}
		{09975981-F2D3-43AE-B70D-F4DEE7B0B0D2} = {612E8E0A-6CB6-45C9-9A05-CFC7F26A5C05}
		{C272B10E-36BE-4F36-A128-331F715514E6} = {612E8E0A-6CB6-45C9-9A05-CFC7F26A5C05}
		{4A93A5B6-B935-4F86-B3DE-95B0F6EBEA56} = {8F701234-EC60-485C-BCDB-8EE233246832}
		{4681C268-36DB-4838-BD21-9EC9A8363269} = {4A93A5B6-B935-4F86-B3DE-95B0F6EBEA56}
		{7FF80B2D-4158-41D3-BC87-60C018028F53} = {8F701234-EC60-485C-BCDB-8EE233246832}
		{24C152B0-3813-43C6-82DD-8BB601642F6C} = {7FF80B2D-4158-41D3-BC87-60C018028F53}
		{8FC90E46-024B-4089-9590-A7E8C2B092BE} = {7FF80B2D-4158-41D3-BC87-60C018028F53}
		{BF554E12-7096-465F-B1D0-9ACFF00877F2} = {8F701234-EC60-485C-BCDB-8EE233246832}
		{43570F0D-DE6C-423E-A275-AC619A813B79} = {BF554E12-7096-465F-B1D0-9ACFF00877F2}
		{36F33391-4918-4C6D-9CAE-1ECD32262257} = {4A93A5B6-B935-4F86-B3DE-95B0F6EBEA56}
		{B23AC1B1-1551-41F3-8763-E68A53B172BB} = {3A334EFA-47FA-4CE2-9306-FDFF7CF47157}
		{D6E83FC7-0D39-48AB-8DFA-FE89011CDD3C} = {BF554E12-7096-465F-B1D0-9ACFF00877F2}
		{E55CB1DD-2F8E-4052-A119-6F3FD9ED10BE} = {7FF80B2D-4158-41D3-BC87-60C018028F53}
		{D1E69C74-4A33-4079-9665-8818A8479FFB} = {4A93A5B6-B935-4F86-B3DE-95B0F6EBEA56}
		{89F13102-4826-4406-844B-7B21C47885E7} = {8F701234-EC60-485C-BCDB-8EE233246832}
		{E8D670D3-B1B4-45CA-9440-9630529599B2} = {89F13102-4826-4406-844B-7B21C47885E7}
		{4B7BFDB9-406A-4EBE-93C3-5D40D6A986F4} = {89F13102-4826-4406-844B-7B21C47885E7}
		{78A9C0DF-1999-4D97-AE22-50ADC44F9A7B} = {3A334EFA-47FA-4CE2-9306-FDFF7CF47157}
		{30536F8F-E4DA-46B3-B0D0-082632AD74B4} = {7FF80B2D-4158-41D3-BC87-60C018028F53}
		{F37DE470-865E-4F80-BC9C-FAC7BC11D3CF} = {4A93A5B6-B935-4F86-B3DE-95B0F6EBEA56}
		{E5D42E35-B5C4-426D-B568-96926EBA588E} = {7FF80B2D-4158-41D3-BC87-60C018028F53}
		{6BCA313F-794F-4C54-9F96-C500290E147C} = {3A334EFA-47FA-4CE2-9306-FDFF7CF47157}
		{69E4A20C-EF50-49C6-8DAC-F76B9D565767} = {BF554E12-7096-465F-B1D0-9ACFF00877F2}
		{5637969B-A822-425A-A831-F70AA2275777} = {EB7EBF85-48AB-4EA0-9F00-825364BFA6FD}
		{D454DB5E-820F-4A92-B31E-A41A9D20B086} = {4A93A5B6-B935-4F86-B3DE-95B0F6EBEA56}
		{7852029D-235C-40B7-8957-8E78414C3F97} = {3A334EFA-47FA-4CE2-9306-FDFF7CF47157}
		{4573C570-520F-4F49-90B4-03D4532C2BA2} = {7FF80B2D-4158-41D3-BC87-60C018028F53}
		{F052E9A9-15BD-4DB4-8539-8961B7BA7DC0} = {3A334EFA-47FA-4CE2-9306-FDFF7CF47157}
		{CD62609E-EA4E-48F4-B1FB-DF9BB98A132C} = {3A334EFA-47FA-4CE2-9306-FDFF7CF47157}
		{F0A0D04C-6665-43C2-A3A3-870248A331B9} = {4A93A5B6-B935-4F86-B3DE-95B0F6EBEA56}
		{B61E3B51-78CB-4047-8078-0B987E5E9742} = {8F701234-EC60-485C-BCDB-8EE233246832}
		{EDD03052-3A73-4D9E-9B94-6844134BABFB} = {B61E3B51-78CB-4047-8078-0B987E5E9742}
		{3C94DB48-3DDB-429C-8033-87F560607AA6} = {8F701234-EC60-485C-BCDB-8EE233246832}
		{629621F7-4D91-4F49-B373-FDFE6BB573D4} = {3C94DB48-3DDB-429C-8033-87F560607AA6}
		{C9111380-CFA2-4A3E-B0DF-87A1C1888F98} = {E0C378B0-4AF7-4C1F-A068-81A23FF8894E}
		{C80D0C64-C34A-4DF4-9E26-E1D2F4FFEFC8} = {E0C378B0-4AF7-4C1F-A068-81A23FF8894E}
		{5D8F78FC-0719-495F-9AD0-1EDD7EC9AA19} = {E0C378B0-4AF7-4C1F-A068-81A23FF8894E}
		{97A6D8B7-2F39-45AC-91D7-A59FABF38CEC} = {E0C378B0-4AF7-4C1F-A068-81A23FF8894E}
		{2C4CBC7A-16BD-4F27-86BA-3CF38BE0F426} = {3A334EFA-47FA-4CE2-9306-FDFF7CF47157}
	EndGlobalSection
EndGlobal
