Microsoft Visual Studio Solution File, Format Version 12.00
# Visual Studio Version 16
VisualStudioVersion = 16.0.34114.132
MinimumVisualStudioVersion = 10.0.40219.1
Project("{2150E333-8FDC-42A3-9474-1A3956D46DE8}") = "build", "build", "{679989B2-8717-4ECC-9CAD-B104CFA91C38}"
	ProjectSection(SolutionItems) = preProject
		src\amqp.snk = src\amqp.snk
		appveyor.yml = appveyor.yml
		build.cmd = build.cmd
	EndProjectSection
EndProject
Project("{2150E333-8FDC-42A3-9474-1A3956D46DE8}") = "test", "test", "{3A334EFA-47FA-4CE2-9306-FDFF7CF47157}"
EndProject
Project("{9A19103F-16F7-4668-BE54-9A1E7A4F7556}") = "Amqp.Serialization", "src\Amqp.Serialization.csproj", "{9587C9D2-99E4-4659-8642-BACC6EFC238E}"
EndProject
Project("{9A19103F-16F7-4668-BE54-9A1E7A4F7556}") = "Amqp.WebSockets.Client", "src\Amqp.WebSockets.Client.csproj", "{4D509716-751C-4976-A6EA-96026786B78F}"
EndProject
Project("{9A19103F-16F7-4668-BE54-9A1E7A4F7556}") = "Test.Amqp", "test\Test.Amqp\Test.Amqp.csproj", "{D59DB637-FEC6-4D01-A2C9-B5505109FA8F}"
EndProject
Project("{9A19103F-16F7-4668-BE54-9A1E7A4F7556}") = "Amqp", "src\Amqp.csproj", "{0E8D989C-2C54-42A5-B10F-66CC3DCFAA48}"
EndProject
Project("{9A19103F-16F7-4668-BE54-9A1E7A4F7556}") = "TestAmqpBroker", "test\TestAmqpBroker.2\TestAmqpBroker.csproj", "{EC55ADC4-EBF6-47DF-AAA5-C4C596FDA3A7}"
EndProject
Global
	GlobalSection(SolutionConfigurationPlatforms) = preSolution
		Debug|Any CPU = Debug|Any CPU
		Debug|ARM = Debug|ARM
		Debug|x64 = Debug|x64
		Debug|x86 = Debug|x86
		Release|Any CPU = Release|Any CPU
		Release|ARM = Release|ARM
		Release|x64 = Release|x64
		Release|x86 = Release|x86
	EndGlobalSection
	GlobalSection(ProjectConfigurationPlatforms) = postSolution
		{9587C9D2-99E4-4659-8642-BACC6EFC238E}.Debug|Any CPU.ActiveCfg = Debug|Any CPU
		{9587C9D2-99E4-4659-8642-BACC6EFC238E}.Debug|Any CPU.Build.0 = Debug|Any CPU
		{9587C9D2-99E4-4659-8642-BACC6EFC238E}.Debug|ARM.ActiveCfg = Debug|Any CPU
		{9587C9D2-99E4-4659-8642-BACC6EFC238E}.Debug|ARM.Build.0 = Debug|Any CPU
		{9587C9D2-99E4-4659-8642-BACC6EFC238E}.Debug|x64.ActiveCfg = Debug|Any CPU
		{9587C9D2-99E4-4659-8642-BACC6EFC238E}.Debug|x64.Build.0 = Debug|Any CPU
		{9587C9D2-99E4-4659-8642-BACC6EFC238E}.Debug|x86.ActiveCfg = Debug|Any CPU
		{9587C9D2-99E4-4659-8642-BACC6EFC238E}.Debug|x86.Build.0 = Debug|Any CPU
		{9587C9D2-99E4-4659-8642-BACC6EFC238E}.Release|Any CPU.ActiveCfg = Release|Any CPU
		{9587C9D2-99E4-4659-8642-BACC6EFC238E}.Release|Any CPU.Build.0 = Release|Any CPU
		{9587C9D2-99E4-4659-8642-BACC6EFC238E}.Release|ARM.ActiveCfg = Release|Any CPU
		{9587C9D2-99E4-4659-8642-BACC6EFC238E}.Release|ARM.Build.0 = Release|Any CPU
		{9587C9D2-99E4-4659-8642-BACC6EFC238E}.Release|x64.ActiveCfg = Release|Any CPU
		{9587C9D2-99E4-4659-8642-BACC6EFC238E}.Release|x64.Build.0 = Release|Any CPU
		{9587C9D2-99E4-4659-8642-BACC6EFC238E}.Release|x86.ActiveCfg = Release|Any CPU
		{9587C9D2-99E4-4659-8642-BACC6EFC238E}.Release|x86.Build.0 = Release|Any CPU
		{4D509716-751C-4976-A6EA-96026786B78F}.Debug|Any CPU.ActiveCfg = Debug|Any CPU
		{4D509716-751C-4976-A6EA-96026786B78F}.Debug|Any CPU.Build.0 = Debug|Any CPU
		{4D509716-751C-4976-A6EA-96026786B78F}.Debug|ARM.ActiveCfg = Debug|Any CPU
		{4D509716-751C-4976-A6EA-96026786B78F}.Debug|ARM.Build.0 = Debug|Any CPU
		{4D509716-751C-4976-A6EA-96026786B78F}.Debug|x64.ActiveCfg = Debug|Any CPU
		{4D509716-751C-4976-A6EA-96026786B78F}.Debug|x64.Build.0 = Debug|Any CPU
		{4D509716-751C-4976-A6EA-96026786B78F}.Debug|x86.ActiveCfg = Debug|Any CPU
		{4D509716-751C-4976-A6EA-96026786B78F}.Debug|x86.Build.0 = Debug|Any CPU
		{4D509716-751C-4976-A6EA-96026786B78F}.Release|Any CPU.ActiveCfg = Release|Any CPU
		{4D509716-751C-4976-A6EA-96026786B78F}.Release|Any CPU.Build.0 = Release|Any CPU
		{4D509716-751C-4976-A6EA-96026786B78F}.Release|ARM.ActiveCfg = Release|Any CPU
		{4D509716-751C-4976-A6EA-96026786B78F}.Release|ARM.Build.0 = Release|Any CPU
		{4D509716-751C-4976-A6EA-96026786B78F}.Release|x64.ActiveCfg = Release|Any CPU
		{4D509716-751C-4976-A6EA-96026786B78F}.Release|x64.Build.0 = Release|Any CPU
		{4D509716-751C-4976-A6EA-96026786B78F}.Release|x86.ActiveCfg = Release|Any CPU
		{4D509716-751C-4976-A6EA-96026786B78F}.Release|x86.Build.0 = Release|Any CPU
		{D59DB637-FEC6-4D01-A2C9-B5505109FA8F}.Debug|Any CPU.ActiveCfg = Debug|Any CPU
		{D59DB637-FEC6-4D01-A2C9-B5505109FA8F}.Debug|Any CPU.Build.0 = Debug|Any CPU
		{D59DB637-FEC6-4D01-A2C9-B5505109FA8F}.Debug|ARM.ActiveCfg = Debug|Any CPU
		{D59DB637-FEC6-4D01-A2C9-B5505109FA8F}.Debug|ARM.Build.0 = Debug|Any CPU
		{D59DB637-FEC6-4D01-A2C9-B5505109FA8F}.Debug|x64.ActiveCfg = Debug|Any CPU
		{D59DB637-FEC6-4D01-A2C9-B5505109FA8F}.Debug|x64.Build.0 = Debug|Any CPU
		{D59DB637-FEC6-4D01-A2C9-B5505109FA8F}.Debug|x86.ActiveCfg = Debug|Any CPU
		{D59DB637-FEC6-4D01-A2C9-B5505109FA8F}.Debug|x86.Build.0 = Debug|Any CPU
		{D59DB637-FEC6-4D01-A2C9-B5505109FA8F}.Release|Any CPU.ActiveCfg = Release|Any CPU
		{D59DB637-FEC6-4D01-A2C9-B5505109FA8F}.Release|Any CPU.Build.0 = Release|Any CPU
		{D59DB637-FEC6-4D01-A2C9-B5505109FA8F}.Release|ARM.ActiveCfg = Release|Any CPU
		{D59DB637-FEC6-4D01-A2C9-B5505109FA8F}.Release|ARM.Build.0 = Release|Any CPU
		{D59DB637-FEC6-4D01-A2C9-B5505109FA8F}.Release|x64.ActiveCfg = Release|Any CPU
		{D59DB637-FEC6-4D01-A2C9-B5505109FA8F}.Release|x64.Build.0 = Release|Any CPU
		{D59DB637-FEC6-4D01-A2C9-B5505109FA8F}.Release|x86.ActiveCfg = Release|Any CPU
		{D59DB637-FEC6-4D01-A2C9-B5505109FA8F}.Release|x86.Build.0 = Release|Any CPU
		{0E8D989C-2C54-42A5-B10F-66CC3DCFAA48}.Debug|Any CPU.ActiveCfg = Debug|Any CPU
		{0E8D989C-2C54-42A5-B10F-66CC3DCFAA48}.Debug|Any CPU.Build.0 = Debug|Any CPU
		{0E8D989C-2C54-42A5-B10F-66CC3DCFAA48}.Debug|ARM.ActiveCfg = Debug|Any CPU
		{0E8D989C-2C54-42A5-B10F-66CC3DCFAA48}.Debug|ARM.Build.0 = Debug|Any CPU
		{0E8D989C-2C54-42A5-B10F-66CC3DCFAA48}.Debug|x64.ActiveCfg = Debug|Any CPU
		{0E8D989C-2C54-42A5-B10F-66CC3DCFAA48}.Debug|x64.Build.0 = Debug|Any CPU
		{0E8D989C-2C54-42A5-B10F-66CC3DCFAA48}.Debug|x86.ActiveCfg = Debug|Any CPU
		{0E8D989C-2C54-42A5-B10F-66CC3DCFAA48}.Debug|x86.Build.0 = Debug|Any CPU
		{0E8D989C-2C54-42A5-B10F-66CC3DCFAA48}.Release|Any CPU.ActiveCfg = Release|Any CPU
		{0E8D989C-2C54-42A5-B10F-66CC3DCFAA48}.Release|Any CPU.Build.0 = Release|Any CPU
		{0E8D989C-2C54-42A5-B10F-66CC3DCFAA48}.Release|ARM.ActiveCfg = Release|Any CPU
		{0E8D989C-2C54-42A5-B10F-66CC3DCFAA48}.Release|ARM.Build.0 = Release|Any CPU
		{0E8D989C-2C54-42A5-B10F-66CC3DCFAA48}.Release|x64.ActiveCfg = Release|Any CPU
		{0E8D989C-2C54-42A5-B10F-66CC3DCFAA48}.Release|x64.Build.0 = Release|Any CPU
		{0E8D989C-2C54-42A5-B10F-66CC3DCFAA48}.Release|x86.ActiveCfg = Release|Any CPU
		{0E8D989C-2C54-42A5-B10F-66CC3DCFAA48}.Release|x86.Build.0 = Release|Any CPU
		{EC55ADC4-EBF6-47DF-AAA5-C4C596FDA3A7}.Debug|Any CPU.ActiveCfg = Debug|Any CPU
		{EC55ADC4-EBF6-47DF-AAA5-C4C596FDA3A7}.Debug|Any CPU.Build.0 = Debug|Any CPU
		{EC55ADC4-EBF6-47DF-AAA5-C4C596FDA3A7}.Debug|ARM.ActiveCfg = Debug|Any CPU
		{EC55ADC4-EBF6-47DF-AAA5-C4C596FDA3A7}.Debug|ARM.Build.0 = Debug|Any CPU
		{EC55ADC4-EBF6-47DF-AAA5-C4C596FDA3A7}.Debug|x64.ActiveCfg = Debug|Any CPU
		{EC55ADC4-EBF6-47DF-AAA5-C4C596FDA3A7}.Debug|x64.Build.0 = Debug|Any CPU
		{EC55ADC4-EBF6-47DF-AAA5-C4C596FDA3A7}.Debug|x86.ActiveCfg = Debug|Any CPU
		{EC55ADC4-EBF6-47DF-AAA5-C4C596FDA3A7}.Debug|x86.Build.0 = Debug|Any CPU
		{EC55ADC4-EBF6-47DF-AAA5-C4C596FDA3A7}.Release|Any CPU.ActiveCfg = Release|Any CPU
		{EC55ADC4-EBF6-47DF-AAA5-C4C596FDA3A7}.Release|Any CPU.Build.0 = Release|Any CPU
		{EC55ADC4-EBF6-47DF-AAA5-C4C596FDA3A7}.Release|ARM.ActiveCfg = Release|Any CPU
		{EC55ADC4-EBF6-47DF-AAA5-C4C596FDA3A7}.Release|ARM.Build.0 = Release|Any CPU
		{EC55ADC4-EBF6-47DF-AAA5-C4C596FDA3A7}.Release|x64.ActiveCfg = Release|Any CPU
		{EC55ADC4-EBF6-47DF-AAA5-C4C596FDA3A7}.Release|x64.Build.0 = Release|Any CPU
		{EC55ADC4-EBF6-47DF-AAA5-C4C596FDA3A7}.Release|x86.ActiveCfg = Release|Any CPU
		{EC55ADC4-EBF6-47DF-AAA5-C4C596FDA3A7}.Release|x86.Build.0 = Release|Any CPU
	EndGlobalSection
	GlobalSection(SolutionProperties) = preSolution
		HideSolutionNode = FALSE
	EndGlobalSection
	GlobalSection(NestedProjects) = preSolution
		{D59DB637-FEC6-4D01-A2C9-B5505109FA8F} = {3A334EFA-47FA-4CE2-9306-FDFF7CF47157}
		{EC55ADC4-EBF6-47DF-AAA5-C4C596FDA3A7} = {3A334EFA-47FA-4CE2-9306-FDFF7CF47157}
	EndGlobalSection
	GlobalSection(ExtensibilityGlobals) = postSolution
		SolutionGuid = {74AA3680-FF95-46BF-9CDD-F19BB0CE5F56}
	EndGlobalSection
EndGlobal
