
Microsoft Visual Studio Solution File, Format Version 12.00
# Visual Studio 2012
Project("{FAE04EC0-301F-11D3-BF4B-00C04F79EFBC}") = "Amqp.Net", "src\Amqp.Net.csproj", "{92153715-1D99-43B1-B291-470CF91A156D}"
EndProject
Project("{FAE04EC0-301F-11D3-BF4B-00C04F79EFBC}") = "Amqp.NetMF", "src\Amqp.NetMF.csproj", "{C80D0C64-C34A-4DF4-9E26-E1D2F4FFEFC8}"
EndProject
Project("{FAE04EC0-301F-11D3-BF4B-00C04F79EFBC}") = "Amqp.WP", "src\Amqp.WP.csproj", "{CD477EDC-5779-44CD-ABE9-330F1C6531D9}"
EndProject
Project("{FAE04EC0-301F-11D3-BF4B-00C04F79EFBC}") = "MFWindowApplication1", "test\MFWindowApplication1\MFWindowApplication1.csproj", "{3ADB32B4-2F37-492E-8EBA-38B0C5A69838}"
EndProject
Project("{FAE04EC0-301F-11D3-BF4B-00C04F79EFBC}") = "Test.Amqp.WP", "test\Test.Amqp.WP\Test.Amqp.WP.csproj", "{0C0C703C-032F-45F6-821A-569947B7FEAB}"
EndProject
Project("{FAE04EC0-301F-11D3-BF4B-00C04F79EFBC}") = "Test.Amqp.NetMF", "test\Test.Amqp.NetMF\Test.Amqp.NetMF.csproj", "{E0B13B0F-C739-4788-BC47-A6BEAF6FB5A6}"
EndProject
Project("{FAE04EC0-301F-11D3-BF4B-00C04F79EFBC}") = "Amqp.Store", "src\Amqp.Store.csproj", "{647AAC43-DC4A-47F0-8C07-E0DA2C312B30}"
EndProject
Project("{FAE04EC0-301F-11D3-BF4B-00C04F79EFBC}") = "Test.Amqp.Store", "test\Test.Amqp.Store\Test.Amqp.Store.csproj", "{6978008D-DD3A-4E1F-B017-4AF162F6CAAC}"
EndProject
Project("{FAE04EC0-301F-11D3-BF4B-00C04F79EFBC}") = "Test.Amqp.Net", "test\Test.Amqp.Net\Test.Amqp.Net.csproj", "{06CAA70A-20A7-4334-AF03-D6228039C178}"
EndProject
Global
	GlobalSection(SolutionConfigurationPlatforms) = preSolution
		Debug|Any CPU = Debug|Any CPU
		Debug|ARM = Debug|ARM
		Debug|x64 = Debug|x64
		Debug|x86 = Debug|x86
		Release|Any CPU = Release|Any CPU
		Release|ARM = Release|ARM
		Release|x64 = Release|x64
		Release|x86 = Release|x86
	EndGlobalSection
	GlobalSection(ProjectConfigurationPlatforms) = postSolution
		{92153715-1D99-43B1-B291-470CF91A156D}.Debug|Any CPU.ActiveCfg = Debug|Any CPU
		{92153715-1D99-43B1-B291-470CF91A156D}.Debug|Any CPU.Build.0 = Debug|Any CPU
		{92153715-1D99-43B1-B291-470CF91A156D}.Debug|ARM.ActiveCfg = Debug|Any CPU
		{92153715-1D99-43B1-B291-470CF91A156D}.Debug|x64.ActiveCfg = Debug|Any CPU
		{92153715-1D99-43B1-B291-470CF91A156D}.Debug|x86.ActiveCfg = Debug|Any CPU
		{92153715-1D99-43B1-B291-470CF91A156D}.Release|Any CPU.ActiveCfg = Release|Any CPU
		{92153715-1D99-43B1-B291-470CF91A156D}.Release|Any CPU.Build.0 = Release|Any CPU
		{92153715-1D99-43B1-B291-470CF91A156D}.Release|ARM.ActiveCfg = Release|Any CPU
		{92153715-1D99-43B1-B291-470CF91A156D}.Release|x64.ActiveCfg = Release|Any CPU
		{92153715-1D99-43B1-B291-470CF91A156D}.Release|x86.ActiveCfg = Release|Any CPU
		{C80D0C64-C34A-4DF4-9E26-E1D2F4FFEFC8}.Debug|Any CPU.ActiveCfg = Debug|Any CPU
		{C80D0C64-C34A-4DF4-9E26-E1D2F4FFEFC8}.Debug|Any CPU.Build.0 = Debug|Any CPU
		{C80D0C64-C34A-4DF4-9E26-E1D2F4FFEFC8}.Debug|ARM.ActiveCfg = Debug|Any CPU
		{C80D0C64-C34A-4DF4-9E26-E1D2F4FFEFC8}.Debug|x64.ActiveCfg = Debug|Any CPU
		{C80D0C64-C34A-4DF4-9E26-E1D2F4FFEFC8}.Debug|x86.ActiveCfg = Debug|Any CPU
		{C80D0C64-C34A-4DF4-9E26-E1D2F4FFEFC8}.Release|Any CPU.ActiveCfg = Release|Any CPU
		{C80D0C64-C34A-4DF4-9E26-E1D2F4FFEFC8}.Release|Any CPU.Build.0 = Release|Any CPU
		{C80D0C64-C34A-4DF4-9E26-E1D2F4FFEFC8}.Release|ARM.ActiveCfg = Release|Any CPU
		{C80D0C64-C34A-4DF4-9E26-E1D2F4FFEFC8}.Release|x64.ActiveCfg = Release|Any CPU
		{C80D0C64-C34A-4DF4-9E26-E1D2F4FFEFC8}.Release|x86.ActiveCfg = Release|Any CPU
		{CD477EDC-5779-44CD-ABE9-330F1C6531D9}.Debug|Any CPU.ActiveCfg = Debug|Any CPU
		{CD477EDC-5779-44CD-ABE9-330F1C6531D9}.Debug|Any CPU.Build.0 = Debug|Any CPU
		{CD477EDC-5779-44CD-ABE9-330F1C6531D9}.Debug|ARM.ActiveCfg = Debug|ARM
		{CD477EDC-5779-44CD-ABE9-330F1C6531D9}.Debug|ARM.Build.0 = Debug|ARM
		{CD477EDC-5779-44CD-ABE9-330F1C6531D9}.Debug|x64.ActiveCfg = Debug|Any CPU
		{CD477EDC-5779-44CD-ABE9-330F1C6531D9}.Debug|x86.ActiveCfg = Debug|x86
		{CD477EDC-5779-44CD-ABE9-330F1C6531D9}.Debug|x86.Build.0 = Debug|x86
		{CD477EDC-5779-44CD-ABE9-330F1C6531D9}.Release|Any CPU.ActiveCfg = Release|Any CPU
		{CD477EDC-5779-44CD-ABE9-330F1C6531D9}.Release|Any CPU.Build.0 = Release|Any CPU
		{CD477EDC-5779-44CD-ABE9-330F1C6531D9}.Release|ARM.ActiveCfg = Release|ARM
		{CD477EDC-5779-44CD-ABE9-330F1C6531D9}.Release|ARM.Build.0 = Release|ARM
		{CD477EDC-5779-44CD-ABE9-330F1C6531D9}.Release|x64.ActiveCfg = Release|Any CPU
		{CD477EDC-5779-44CD-ABE9-330F1C6531D9}.Release|x86.ActiveCfg = Release|x86
		{CD477EDC-5779-44CD-ABE9-330F1C6531D9}.Release|x86.Build.0 = Release|x86
		{3ADB32B4-2F37-492E-8EBA-38B0C5A69838}.Debug|Any CPU.ActiveCfg = Debug|Any CPU
		{3ADB32B4-2F37-492E-8EBA-38B0C5A69838}.Debug|Any CPU.Build.0 = Debug|Any CPU
		{3ADB32B4-2F37-492E-8EBA-38B0C5A69838}.Debug|Any CPU.Deploy.0 = Debug|Any CPU
		{3ADB32B4-2F37-492E-8EBA-38B0C5A69838}.Debug|ARM.ActiveCfg = Debug|Any CPU
		{3ADB32B4-2F37-492E-8EBA-38B0C5A69838}.Debug|x64.ActiveCfg = Debug|Any CPU
		{3ADB32B4-2F37-492E-8EBA-38B0C5A69838}.Debug|x86.ActiveCfg = Debug|Any CPU
		{3ADB32B4-2F37-492E-8EBA-38B0C5A69838}.Release|Any CPU.ActiveCfg = Release|Any CPU
		{3ADB32B4-2F37-492E-8EBA-38B0C5A69838}.Release|Any CPU.Build.0 = Release|Any CPU
		{3ADB32B4-2F37-492E-8EBA-38B0C5A69838}.Release|Any CPU.Deploy.0 = Release|Any CPU
		{3ADB32B4-2F37-492E-8EBA-38B0C5A69838}.Release|ARM.ActiveCfg = Release|Any CPU
		{3ADB32B4-2F37-492E-8EBA-38B0C5A69838}.Release|x64.ActiveCfg = Release|Any CPU
		{3ADB32B4-2F37-492E-8EBA-38B0C5A69838}.Release|x86.ActiveCfg = Release|Any CPU
		{0C0C703C-032F-45F6-821A-569947B7FEAB}.Debug|Any CPU.ActiveCfg = Debug|Any CPU
		{0C0C703C-032F-45F6-821A-569947B7FEAB}.Debug|Any CPU.Build.0 = Debug|Any CPU
		{0C0C703C-032F-45F6-821A-569947B7FEAB}.Debug|Any CPU.Deploy.0 = Debug|Any CPU
		{0C0C703C-032F-45F6-821A-569947B7FEAB}.Debug|ARM.ActiveCfg = Debug|ARM
		{0C0C703C-032F-45F6-821A-569947B7FEAB}.Debug|ARM.Build.0 = Debug|ARM
		{0C0C703C-032F-45F6-821A-569947B7FEAB}.Debug|ARM.Deploy.0 = Debug|ARM
		{0C0C703C-032F-45F6-821A-569947B7FEAB}.Debug|x64.ActiveCfg = Debug|Any CPU
		{0C0C703C-032F-45F6-821A-569947B7FEAB}.Debug|x86.ActiveCfg = Debug|x86
		{0C0C703C-032F-45F6-821A-569947B7FEAB}.Debug|x86.Build.0 = Debug|x86
		{0C0C703C-032F-45F6-821A-569947B7FEAB}.Debug|x86.Deploy.0 = Debug|x86
		{0C0C703C-032F-45F6-821A-569947B7FEAB}.Release|Any CPU.ActiveCfg = Release|Any CPU
		{0C0C703C-032F-45F6-821A-569947B7FEAB}.Release|Any CPU.Build.0 = Release|Any CPU
		{0C0C703C-032F-45F6-821A-569947B7FEAB}.Release|Any CPU.Deploy.0 = Release|Any CPU
		{0C0C703C-032F-45F6-821A-569947B7FEAB}.Release|ARM.ActiveCfg = Release|ARM
		{0C0C703C-032F-45F6-821A-569947B7FEAB}.Release|ARM.Build.0 = Release|ARM
		{0C0C703C-032F-45F6-821A-569947B7FEAB}.Release|ARM.Deploy.0 = Release|ARM
		{0C0C703C-032F-45F6-821A-569947B7FEAB}.Release|x64.ActiveCfg = Release|Any CPU
		{0C0C703C-032F-45F6-821A-569947B7FEAB}.Release|x86.ActiveCfg = Release|x86
		{0C0C703C-032F-45F6-821A-569947B7FEAB}.Release|x86.Build.0 = Release|x86
		{0C0C703C-032F-45F6-821A-569947B7FEAB}.Release|x86.Deploy.0 = Release|x86
		{E0B13B0F-C739-4788-BC47-A6BEAF6FB5A6}.Debug|Any CPU.ActiveCfg = Debug|Any CPU
		{E0B13B0F-C739-4788-BC47-A6BEAF6FB5A6}.Debug|Any CPU.Build.0 = Debug|Any CPU
		{E0B13B0F-C739-4788-BC47-A6BEAF6FB5A6}.Debug|Any CPU.Deploy.0 = Debug|Any CPU
		{E0B13B0F-C739-4788-BC47-A6BEAF6FB5A6}.Debug|ARM.ActiveCfg = Debug|Any CPU
		{E0B13B0F-C739-4788-BC47-A6BEAF6FB5A6}.Debug|x64.ActiveCfg = Debug|Any CPU
		{E0B13B0F-C739-4788-BC47-A6BEAF6FB5A6}.Debug|x86.ActiveCfg = Debug|Any CPU
		{E0B13B0F-C739-4788-BC47-A6BEAF6FB5A6}.Release|Any CPU.ActiveCfg = Release|Any CPU
		{E0B13B0F-C739-4788-BC47-A6BEAF6FB5A6}.Release|Any CPU.Build.0 = Release|Any CPU
		{E0B13B0F-C739-4788-BC47-A6BEAF6FB5A6}.Release|Any CPU.Deploy.0 = Release|Any CPU
		{E0B13B0F-C739-4788-BC47-A6BEAF6FB5A6}.Release|ARM.ActiveCfg = Release|Any CPU
		{E0B13B0F-C739-4788-BC47-A6BEAF6FB5A6}.Release|x64.ActiveCfg = Release|Any CPU
		{E0B13B0F-C739-4788-BC47-A6BEAF6FB5A6}.Release|x86.ActiveCfg = Release|Any CPU
		{647AAC43-DC4A-47F0-8C07-E0DA2C312B30}.Debug|Any CPU.ActiveCfg = Debug|Any CPU
		{647AAC43-DC4A-47F0-8C07-E0DA2C312B30}.Debug|Any CPU.Build.0 = Debug|Any CPU
		{647AAC43-DC4A-47F0-8C07-E0DA2C312B30}.Debug|ARM.ActiveCfg = Debug|ARM
		{647AAC43-DC4A-47F0-8C07-E0DA2C312B30}.Debug|ARM.Build.0 = Debug|ARM
		{647AAC43-DC4A-47F0-8C07-E0DA2C312B30}.Debug|x64.ActiveCfg = Debug|x64
		{647AAC43-DC4A-47F0-8C07-E0DA2C312B30}.Debug|x64.Build.0 = Debug|x64
		{647AAC43-DC4A-47F0-8C07-E0DA2C312B30}.Debug|x86.ActiveCfg = Debug|x86
		{647AAC43-DC4A-47F0-8C07-E0DA2C312B30}.Debug|x86.Build.0 = Debug|x86
		{647AAC43-DC4A-47F0-8C07-E0DA2C312B30}.Release|Any CPU.ActiveCfg = Release|Any CPU
		{647AAC43-DC4A-47F0-8C07-E0DA2C312B30}.Release|Any CPU.Build.0 = Release|Any CPU
		{647AAC43-DC4A-47F0-8C07-E0DA2C312B30}.Release|ARM.ActiveCfg = Release|ARM
		{647AAC43-DC4A-47F0-8C07-E0DA2C312B30}.Release|ARM.Build.0 = Release|ARM
		{647AAC43-DC4A-47F0-8C07-E0DA2C312B30}.Release|x64.ActiveCfg = Release|x64
		{647AAC43-DC4A-47F0-8C07-E0DA2C312B30}.Release|x64.Build.0 = Release|x64
		{647AAC43-DC4A-47F0-8C07-E0DA2C312B30}.Release|x86.ActiveCfg = Release|x86
		{647AAC43-DC4A-47F0-8C07-E0DA2C312B30}.Release|x86.Build.0 = Release|x86
		{6978008D-DD3A-4E1F-B017-4AF162F6CAAC}.Debug|Any CPU.ActiveCfg = Debug|Any CPU
		{6978008D-DD3A-4E1F-B017-4AF162F6CAAC}.Debug|Any CPU.Build.0 = Debug|Any CPU
		{6978008D-DD3A-4E1F-B017-4AF162F6CAAC}.Debug|Any CPU.Deploy.0 = Debug|Any CPU
		{6978008D-DD3A-4E1F-B017-4AF162F6CAAC}.Debug|ARM.ActiveCfg = Debug|ARM
		{6978008D-DD3A-4E1F-B017-4AF162F6CAAC}.Debug|ARM.Build.0 = Debug|ARM
		{6978008D-DD3A-4E1F-B017-4AF162F6CAAC}.Debug|ARM.Deploy.0 = Debug|ARM
		{6978008D-DD3A-4E1F-B017-4AF162F6CAAC}.Debug|x64.ActiveCfg = Debug|x64
		{6978008D-DD3A-4E1F-B017-4AF162F6CAAC}.Debug|x64.Build.0 = Debug|x64
		{6978008D-DD3A-4E1F-B017-4AF162F6CAAC}.Debug|x64.Deploy.0 = Debug|x64
		{6978008D-DD3A-4E1F-B017-4AF162F6CAAC}.Debug|x86.ActiveCfg = Debug|x86
		{6978008D-DD3A-4E1F-B017-4AF162F6CAAC}.Debug|x86.Build.0 = Debug|x86
		{6978008D-DD3A-4E1F-B017-4AF162F6CAAC}.Debug|x86.Deploy.0 = Debug|x86
		{6978008D-DD3A-4E1F-B017-4AF162F6CAAC}.Release|Any CPU.ActiveCfg = Release|Any CPU
		{6978008D-DD3A-4E1F-B017-4AF162F6CAAC}.Release|Any CPU.Build.0 = Release|Any CPU
		{6978008D-DD3A-4E1F-B017-4AF162F6CAAC}.Release|Any CPU.Deploy.0 = Release|Any CPU
		{6978008D-DD3A-4E1F-B017-4AF162F6CAAC}.Release|ARM.ActiveCfg = Release|ARM
		{6978008D-DD3A-4E1F-B017-4AF162F6CAAC}.Release|ARM.Build.0 = Release|ARM
		{6978008D-DD3A-4E1F-B017-4AF162F6CAAC}.Release|ARM.Deploy.0 = Release|ARM
		{6978008D-DD3A-4E1F-B017-4AF162F6CAAC}.Release|x64.ActiveCfg = Release|x64
		{6978008D-DD3A-4E1F-B017-4AF162F6CAAC}.Release|x64.Build.0 = Release|x64
		{6978008D-DD3A-4E1F-B017-4AF162F6CAAC}.Release|x64.Deploy.0 = Release|x64
		{6978008D-DD3A-4E1F-B017-4AF162F6CAAC}.Release|x86.ActiveCfg = Release|x86
		{6978008D-DD3A-4E1F-B017-4AF162F6CAAC}.Release|x86.Build.0 = Release|x86
		{6978008D-DD3A-4E1F-B017-4AF162F6CAAC}.Release|x86.Deploy.0 = Release|x86
		{06CAA70A-20A7-4334-AF03-D6228039C178}.Debug|Any CPU.ActiveCfg = Debug|Any CPU
		{06CAA70A-20A7-4334-AF03-D6228039C178}.Debug|Any CPU.Build.0 = Debug|Any CPU
		{06CAA70A-20A7-4334-AF03-D6228039C178}.Debug|ARM.ActiveCfg = Debug|Any CPU
		{06CAA70A-20A7-4334-AF03-D6228039C178}.Debug|x64.ActiveCfg = Debug|Any CPU
		{06CAA70A-20A7-4334-AF03-D6228039C178}.Debug|x86.ActiveCfg = Debug|Any CPU
		{06CAA70A-20A7-4334-AF03-D6228039C178}.Release|Any CPU.ActiveCfg = Release|Any CPU
		{06CAA70A-20A7-4334-AF03-D6228039C178}.Release|Any CPU.Build.0 = Release|Any CPU
		{06CAA70A-20A7-4334-AF03-D6228039C178}.Release|ARM.ActiveCfg = Release|Any CPU
		{06CAA70A-20A7-4334-AF03-D6228039C178}.Release|x64.ActiveCfg = Release|Any CPU
		{06CAA70A-20A7-4334-AF03-D6228039C178}.Release|x86.ActiveCfg = Release|Any CPU
	EndGlobalSection
	GlobalSection(SolutionProperties) = preSolution
		HideSolutionNode = FALSE
	EndGlobalSection
EndGlobal
