Microsoft Visual Studio Solution File, Format Version 12.00
# Visual Studio Version 16
VisualStudioVersion = 16.0.31515.178
MinimumVisualStudioVersion = 10.0.40219.1
Project("{2150E333-8FDC-42A3-9474-1A3956D46DE8}") = "build", "build", "{679989B2-8717-4ECC-9CAD-B104CFA91C38}"
	ProjectSection(SolutionItems) = preProject
		src\amqp.snk = src\amqp.snk
		appveyor.yml = appveyor.yml
		build.cmd = build.cmd
	EndProjectSection
EndProject
Project("{2150E333-8FDC-42A3-9474-1A3956D46DE8}") = "test", "test", "{3A334EFA-47FA-4CE2-9306-FDFF7CF47157}"
EndProject
Project("{9A19103F-16F7-4668-BE54-9A1E7A4F7556}") = "Amqp.Serialization", "src\Amqp.Serialization.csproj", "{9587C9D2-99E4-4659-8642-BACC6EFC238E}"
EndProject
Project("{9A19103F-16F7-4668-BE54-9A1E7A4F7556}") = "Amqp.WebSockets.Client", "src\Amqp.WebSockets.Client.csproj", "{4D509716-751C-4976-A6EA-96026786B78F}"
EndProject
Project("{9A19103F-16F7-4668-BE54-9A1E7A4F7556}") = "Test.Amqp", "test\Test.Amqp\Test.Amqp.csproj", "{D59DB637-FEC6-4D01-A2C9-B5505109FA8F}"
EndProject
Project("{9A19103F-16F7-4668-BE54-9A1E7A4F7556}") = "Amqp", "src\Amqp.csproj", "{0E8D989C-2C54-42A5-B10F-66CC3DCFAA48}"
EndProject
Project("{9A19103F-16F7-4668-BE54-9A1E7A4F7556}") = "TestAmqpBroker", "test\TestAmqpBroker.2\TestAmqpBroker.csproj", "{EC55ADC4-EBF6-47DF-AAA5-C4C596FDA3A7}"
EndProject
Project("{2150E333-8FDC-42A3-9474-1A3956D46DE8}") = "dotnet", "dotnet", "{8438C2FA-B20A-4B10-9DC8-03B28F26D932}"
EndProject
Project("{2150E333-8FDC-42A3-9474-1A3956D46DE8}") = "uwp", "uwp", "{DF6D1AFB-11D6-4142-8FA1-B00495B6BDAA}"
EndProject
Project("{FAE04EC0-301F-11D3-BF4B-00C04F79EFBC}") = "Amqp.Uwp", "csproj\Amqp.Uwp.csproj", "{75DC3484-F6C8-4373-A8C4-9D1A8C9FC3B0}"
EndProject
Project("{2150E333-8FDC-42A3-9474-1A3956D46DE8}") = "net", "net", "{453749EB-F829-4C54-B78D-26E81307E745}"
EndProject
Project("{FAE04EC0-301F-11D3-BF4B-00C04F79EFBC}") = "Amqp.Net", "csproj\Amqp.Net.csproj", "{92153715-1D99-43B1-B291-470CF91A156D}"
EndProject
Project("{FAE04EC0-301F-11D3-BF4B-00C04F79EFBC}") = "Amqp.Net40", "csproj\Amqp.Net40.csproj", "{4A250B81-35E9-4D2F-8030-62909F6C8C63}"
EndProject
Project("{FAE04EC0-301F-11D3-BF4B-00C04F79EFBC}") = "Amqp.Net35", "csproj\Amqp.Net35.csproj", "{4FB9C0D9-C3A8-4FB5-86CD-927E5EBC6885}"
EndProject
Project("{FAE04EC0-301F-11D3-BF4B-00C04F79EFBC}") = "LongHaulTest", "test\LongHaulTest\LongHaulTest.csproj", "{F052E9A9-15BD-4DB4-8539-8961B7BA7DC0}"
EndProject
Project("{FAE04EC0-301F-11D3-BF4B-00C04F79EFBC}") = "PerfTest", "test\PerfTest\PerfTest.csproj", "{B23AC1B1-1551-41F3-8763-E68A53B172BB}"
EndProject
Project("{2150E333-8FDC-42A3-9474-1A3956D46DE8}") = "dotnet", "dotnet", "{9482D2CA-E13A-46A0-BEBD-8FC0A21CE555}"
EndProject
Project("{FAE04EC0-301F-11D3-BF4B-00C04F79EFBC}") = "Test.Amqp.Net", "test\Test.Amqp.Net\Test.Amqp.Net.csproj", "{06CAA70A-20A7-4334-AF03-D6228039C178}"
EndProject
Project("{FAE04EC0-301F-11D3-BF4B-00C04F79EFBC}") = "Test.Amqp.Net35", "test\Test.Amqp.Net35\Test.Amqp.Net35.csproj", "{7852029D-235C-40B7-8957-8E78414C3F97}"
EndProject
Project("{FAE04EC0-301F-11D3-BF4B-00C04F79EFBC}") = "Test.Amqp.Net40", "test\Test.Amqp.Net40\Test.Amqp.Net40.csproj", "{CD62609E-EA4E-48F4-B1FB-DF9BB98A132C}"
EndProject
Project("{FAE04EC0-301F-11D3-BF4B-00C04F79EFBC}") = "TestAmqpBroker", "test\TestAmqpBroker\TestAmqpBroker.csproj", "{78A9C0DF-1999-4D97-AE22-50ADC44F9A7B}"
EndProject
Global
	GlobalSection(SolutionConfigurationPlatforms) = preSolution
		Debug|Any CPU = Debug|Any CPU
		Debug|ARM = Debug|ARM
		Debug|x64 = Debug|x64
		Debug|x86 = Debug|x86
		Release|Any CPU = Release|Any CPU
		Release|ARM = Release|ARM
		Release|x64 = Release|x64
		Release|x86 = Release|x86
	EndGlobalSection
	GlobalSection(ProjectConfigurationPlatforms) = postSolution
		{9587C9D2-99E4-4659-8642-BACC6EFC238E}.Debug|Any CPU.ActiveCfg = Debug|Any CPU
		{9587C9D2-99E4-4659-8642-BACC6EFC238E}.Debug|Any CPU.Build.0 = Debug|Any CPU
		{9587C9D2-99E4-4659-8642-BACC6EFC238E}.Debug|ARM.ActiveCfg = Debug|Any CPU
		{9587C9D2-99E4-4659-8642-BACC6EFC238E}.Debug|ARM.Build.0 = Debug|Any CPU
		{9587C9D2-99E4-4659-8642-BACC6EFC238E}.Debug|x64.ActiveCfg = Debug|Any CPU
		{9587C9D2-99E4-4659-8642-BACC6EFC238E}.Debug|x64.Build.0 = Debug|Any CPU
		{9587C9D2-99E4-4659-8642-BACC6EFC238E}.Debug|x86.ActiveCfg = Debug|Any CPU
		{9587C9D2-99E4-4659-8642-BACC6EFC238E}.Debug|x86.Build.0 = Debug|Any CPU
		{9587C9D2-99E4-4659-8642-BACC6EFC238E}.Release|Any CPU.ActiveCfg = Release|Any CPU
		{9587C9D2-99E4-4659-8642-BACC6EFC238E}.Release|Any CPU.Build.0 = Release|Any CPU
		{9587C9D2-99E4-4659-8642-BACC6EFC238E}.Release|ARM.ActiveCfg = Release|Any CPU
		{9587C9D2-99E4-4659-8642-BACC6EFC238E}.Release|ARM.Build.0 = Release|Any CPU
		{9587C9D2-99E4-4659-8642-BACC6EFC238E}.Release|x64.ActiveCfg = Release|Any CPU
		{9587C9D2-99E4-4659-8642-BACC6EFC238E}.Release|x64.Build.0 = Release|Any CPU
		{9587C9D2-99E4-4659-8642-BACC6EFC238E}.Release|x86.ActiveCfg = Release|Any CPU
		{9587C9D2-99E4-4659-8642-BACC6EFC238E}.Release|x86.Build.0 = Release|Any CPU
		{4D509716-751C-4976-A6EA-96026786B78F}.Debug|Any CPU.ActiveCfg = Debug|Any CPU
		{4D509716-751C-4976-A6EA-96026786B78F}.Debug|Any CPU.Build.0 = Debug|Any CPU
		{4D509716-751C-4976-A6EA-96026786B78F}.Debug|ARM.ActiveCfg = Debug|Any CPU
		{4D509716-751C-4976-A6EA-96026786B78F}.Debug|ARM.Build.0 = Debug|Any CPU
		{4D509716-751C-4976-A6EA-96026786B78F}.Debug|x64.ActiveCfg = Debug|Any CPU
		{4D509716-751C-4976-A6EA-96026786B78F}.Debug|x64.Build.0 = Debug|Any CPU
		{4D509716-751C-4976-A6EA-96026786B78F}.Debug|x86.ActiveCfg = Debug|Any CPU
		{4D509716-751C-4976-A6EA-96026786B78F}.Debug|x86.Build.0 = Debug|Any CPU
		{4D509716-751C-4976-A6EA-96026786B78F}.Release|Any CPU.ActiveCfg = Release|Any CPU
		{4D509716-751C-4976-A6EA-96026786B78F}.Release|Any CPU.Build.0 = Release|Any CPU
		{4D509716-751C-4976-A6EA-96026786B78F}.Release|ARM.ActiveCfg = Release|Any CPU
		{4D509716-751C-4976-A6EA-96026786B78F}.Release|ARM.Build.0 = Release|Any CPU
		{4D509716-751C-4976-A6EA-96026786B78F}.Release|x64.ActiveCfg = Release|Any CPU
		{4D509716-751C-4976-A6EA-96026786B78F}.Release|x64.Build.0 = Release|Any CPU
		{4D509716-751C-4976-A6EA-96026786B78F}.Release|x86.ActiveCfg = Release|Any CPU
		{4D509716-751C-4976-A6EA-96026786B78F}.Release|x86.Build.0 = Release|Any CPU
		{D59DB637-FEC6-4D01-A2C9-B5505109FA8F}.Debug|Any CPU.ActiveCfg = Debug|Any CPU
		{D59DB637-FEC6-4D01-A2C9-B5505109FA8F}.Debug|Any CPU.Build.0 = Debug|Any CPU
		{D59DB637-FEC6-4D01-A2C9-B5505109FA8F}.Debug|ARM.ActiveCfg = Debug|Any CPU
		{D59DB637-FEC6-4D01-A2C9-B5505109FA8F}.Debug|ARM.Build.0 = Debug|Any CPU
		{D59DB637-FEC6-4D01-A2C9-B5505109FA8F}.Debug|x64.ActiveCfg = Debug|Any CPU
		{D59DB637-FEC6-4D01-A2C9-B5505109FA8F}.Debug|x64.Build.0 = Debug|Any CPU
		{D59DB637-FEC6-4D01-A2C9-B5505109FA8F}.Debug|x86.ActiveCfg = Debug|Any CPU
		{D59DB637-FEC6-4D01-A2C9-B5505109FA8F}.Debug|x86.Build.0 = Debug|Any CPU
		{D59DB637-FEC6-4D01-A2C9-B5505109FA8F}.Release|Any CPU.ActiveCfg = Release|Any CPU
		{D59DB637-FEC6-4D01-A2C9-B5505109FA8F}.Release|Any CPU.Build.0 = Release|Any CPU
		{D59DB637-FEC6-4D01-A2C9-B5505109FA8F}.Release|ARM.ActiveCfg = Release|Any CPU
		{D59DB637-FEC6-4D01-A2C9-B5505109FA8F}.Release|ARM.Build.0 = Release|Any CPU
		{D59DB637-FEC6-4D01-A2C9-B5505109FA8F}.Release|x64.ActiveCfg = Release|Any CPU
		{D59DB637-FEC6-4D01-A2C9-B5505109FA8F}.Release|x64.Build.0 = Release|Any CPU
		{D59DB637-FEC6-4D01-A2C9-B5505109FA8F}.Release|x86.ActiveCfg = Release|Any CPU
		{D59DB637-FEC6-4D01-A2C9-B5505109FA8F}.Release|x86.Build.0 = Release|Any CPU
		{0E8D989C-2C54-42A5-B10F-66CC3DCFAA48}.Debug|Any CPU.ActiveCfg = Debug|Any CPU
		{0E8D989C-2C54-42A5-B10F-66CC3DCFAA48}.Debug|Any CPU.Build.0 = Debug|Any CPU
		{0E8D989C-2C54-42A5-B10F-66CC3DCFAA48}.Debug|ARM.ActiveCfg = Debug|Any CPU
		{0E8D989C-2C54-42A5-B10F-66CC3DCFAA48}.Debug|ARM.Build.0 = Debug|Any CPU
		{0E8D989C-2C54-42A5-B10F-66CC3DCFAA48}.Debug|x64.ActiveCfg = Debug|Any CPU
		{0E8D989C-2C54-42A5-B10F-66CC3DCFAA48}.Debug|x64.Build.0 = Debug|Any CPU
		{0E8D989C-2C54-42A5-B10F-66CC3DCFAA48}.Debug|x86.ActiveCfg = Debug|Any CPU
		{0E8D989C-2C54-42A5-B10F-66CC3DCFAA48}.Debug|x86.Build.0 = Debug|Any CPU
		{0E8D989C-2C54-42A5-B10F-66CC3DCFAA48}.Release|Any CPU.ActiveCfg = Release|Any CPU
		{0E8D989C-2C54-42A5-B10F-66CC3DCFAA48}.Release|Any CPU.Build.0 = Release|Any CPU
		{0E8D989C-2C54-42A5-B10F-66CC3DCFAA48}.Release|ARM.ActiveCfg = Release|Any CPU
		{0E8D989C-2C54-42A5-B10F-66CC3DCFAA48}.Release|ARM.Build.0 = Release|Any CPU
		{0E8D989C-2C54-42A5-B10F-66CC3DCFAA48}.Release|x64.ActiveCfg = Release|Any CPU
		{0E8D989C-2C54-42A5-B10F-66CC3DCFAA48}.Release|x64.Build.0 = Release|Any CPU
		{0E8D989C-2C54-42A5-B10F-66CC3DCFAA48}.Release|x86.ActiveCfg = Release|Any CPU
		{0E8D989C-2C54-42A5-B10F-66CC3DCFAA48}.Release|x86.Build.0 = Release|Any CPU
		{EC55ADC4-EBF6-47DF-AAA5-C4C596FDA3A7}.Debug|Any CPU.ActiveCfg = Debug|Any CPU
		{EC55ADC4-EBF6-47DF-AAA5-C4C596FDA3A7}.Debug|Any CPU.Build.0 = Debug|Any CPU
		{EC55ADC4-EBF6-47DF-AAA5-C4C596FDA3A7}.Debug|ARM.ActiveCfg = Debug|Any CPU
		{EC55ADC4-EBF6-47DF-AAA5-C4C596FDA3A7}.Debug|ARM.Build.0 = Debug|Any CPU
		{EC55ADC4-EBF6-47DF-AAA5-C4C596FDA3A7}.Debug|x64.ActiveCfg = Debug|Any CPU
		{EC55ADC4-EBF6-47DF-AAA5-C4C596FDA3A7}.Debug|x64.Build.0 = Debug|Any CPU
		{EC55ADC4-EBF6-47DF-AAA5-C4C596FDA3A7}.Debug|x86.ActiveCfg = Debug|Any CPU
		{EC55ADC4-EBF6-47DF-AAA5-C4C596FDA3A7}.Debug|x86.Build.0 = Debug|Any CPU
		{EC55ADC4-EBF6-47DF-AAA5-C4C596FDA3A7}.Release|Any CPU.ActiveCfg = Release|Any CPU
		{EC55ADC4-EBF6-47DF-AAA5-C4C596FDA3A7}.Release|Any CPU.Build.0 = Release|Any CPU
		{EC55ADC4-EBF6-47DF-AAA5-C4C596FDA3A7}.Release|ARM.ActiveCfg = Release|Any CPU
		{EC55ADC4-EBF6-47DF-AAA5-C4C596FDA3A7}.Release|ARM.Build.0 = Release|Any CPU
		{EC55ADC4-EBF6-47DF-AAA5-C4C596FDA3A7}.Release|x64.ActiveCfg = Release|Any CPU
		{EC55ADC4-EBF6-47DF-AAA5-C4C596FDA3A7}.Release|x64.Build.0 = Release|Any CPU
		{EC55ADC4-EBF6-47DF-AAA5-C4C596FDA3A7}.Release|x86.ActiveCfg = Release|Any CPU
		{EC55ADC4-EBF6-47DF-AAA5-C4C596FDA3A7}.Release|x86.Build.0 = Release|Any CPU
		{75DC3484-F6C8-4373-A8C4-9D1A8C9FC3B0}.Debug|Any CPU.ActiveCfg = Debug|Any CPU
		{75DC3484-F6C8-4373-A8C4-9D1A8C9FC3B0}.Debug|Any CPU.Build.0 = Debug|Any CPU
		{75DC3484-F6C8-4373-A8C4-9D1A8C9FC3B0}.Debug|ARM.ActiveCfg = Debug|Any CPU
		{75DC3484-F6C8-4373-A8C4-9D1A8C9FC3B0}.Debug|ARM.Build.0 = Debug|Any CPU
		{75DC3484-F6C8-4373-A8C4-9D1A8C9FC3B0}.Debug|x64.ActiveCfg = Debug|Any CPU
		{75DC3484-F6C8-4373-A8C4-9D1A8C9FC3B0}.Debug|x64.Build.0 = Debug|Any CPU
		{75DC3484-F6C8-4373-A8C4-9D1A8C9FC3B0}.Debug|x86.ActiveCfg = Debug|Any CPU
		{75DC3484-F6C8-4373-A8C4-9D1A8C9FC3B0}.Debug|x86.Build.0 = Debug|Any CPU
		{75DC3484-F6C8-4373-A8C4-9D1A8C9FC3B0}.Release|Any CPU.ActiveCfg = Release|Any CPU
		{75DC3484-F6C8-4373-A8C4-9D1A8C9FC3B0}.Release|Any CPU.Build.0 = Release|Any CPU
		{75DC3484-F6C8-4373-A8C4-9D1A8C9FC3B0}.Release|ARM.ActiveCfg = Release|Any CPU
		{75DC3484-F6C8-4373-A8C4-9D1A8C9FC3B0}.Release|ARM.Build.0 = Release|Any CPU
		{75DC3484-F6C8-4373-A8C4-9D1A8C9FC3B0}.Release|x64.ActiveCfg = Release|Any CPU
		{75DC3484-F6C8-4373-A8C4-9D1A8C9FC3B0}.Release|x64.Build.0 = Release|Any CPU
		{75DC3484-F6C8-4373-A8C4-9D1A8C9FC3B0}.Release|x86.ActiveCfg = Release|Any CPU
		{75DC3484-F6C8-4373-A8C4-9D1A8C9FC3B0}.Release|x86.Build.0 = Release|Any CPU
		{92153715-1D99-43B1-B291-470CF91A156D}.Debug|Any CPU.ActiveCfg = Debug|Any CPU
		{92153715-1D99-43B1-B291-470CF91A156D}.Debug|Any CPU.Build.0 = Debug|Any CPU
		{92153715-1D99-43B1-B291-470CF91A156D}.Debug|ARM.ActiveCfg = Debug|Any CPU
		{92153715-1D99-43B1-B291-470CF91A156D}.Debug|ARM.Build.0 = Debug|Any CPU
		{92153715-1D99-43B1-B291-470CF91A156D}.Debug|x64.ActiveCfg = Debug|Any CPU
		{92153715-1D99-43B1-B291-470CF91A156D}.Debug|x64.Build.0 = Debug|Any CPU
		{92153715-1D99-43B1-B291-470CF91A156D}.Debug|x86.ActiveCfg = Debug|Any CPU
		{92153715-1D99-43B1-B291-470CF91A156D}.Debug|x86.Build.0 = Debug|Any CPU
		{92153715-1D99-43B1-B291-470CF91A156D}.Release|Any CPU.ActiveCfg = Release|Any CPU
		{92153715-1D99-43B1-B291-470CF91A156D}.Release|Any CPU.Build.0 = Release|Any CPU
		{92153715-1D99-43B1-B291-470CF91A156D}.Release|ARM.ActiveCfg = Release|Any CPU
		{92153715-1D99-43B1-B291-470CF91A156D}.Release|ARM.Build.0 = Release|Any CPU
		{92153715-1D99-43B1-B291-470CF91A156D}.Release|x64.ActiveCfg = Release|Any CPU
		{92153715-1D99-43B1-B291-470CF91A156D}.Release|x64.Build.0 = Release|Any CPU
		{92153715-1D99-43B1-B291-470CF91A156D}.Release|x86.ActiveCfg = Release|Any CPU
		{92153715-1D99-43B1-B291-470CF91A156D}.Release|x86.Build.0 = Release|Any CPU
		{4A250B81-35E9-4D2F-8030-62909F6C8C63}.Debug|Any CPU.ActiveCfg = Debug|Any CPU
		{4A250B81-35E9-4D2F-8030-62909F6C8C63}.Debug|Any CPU.Build.0 = Debug|Any CPU
		{4A250B81-35E9-4D2F-8030-62909F6C8C63}.Debug|ARM.ActiveCfg = Debug|Any CPU
		{4A250B81-35E9-4D2F-8030-62909F6C8C63}.Debug|ARM.Build.0 = Debug|Any CPU
		{4A250B81-35E9-4D2F-8030-62909F6C8C63}.Debug|x64.ActiveCfg = Debug|Any CPU
		{4A250B81-35E9-4D2F-8030-62909F6C8C63}.Debug|x64.Build.0 = Debug|Any CPU
		{4A250B81-35E9-4D2F-8030-62909F6C8C63}.Debug|x86.ActiveCfg = Debug|Any CPU
		{4A250B81-35E9-4D2F-8030-62909F6C8C63}.Debug|x86.Build.0 = Debug|Any CPU
		{4A250B81-35E9-4D2F-8030-62909F6C8C63}.Release|Any CPU.ActiveCfg = Release|Any CPU
		{4A250B81-35E9-4D2F-8030-62909F6C8C63}.Release|Any CPU.Build.0 = Release|Any CPU
		{4A250B81-35E9-4D2F-8030-62909F6C8C63}.Release|ARM.ActiveCfg = Release|Any CPU
		{4A250B81-35E9-4D2F-8030-62909F6C8C63}.Release|ARM.Build.0 = Release|Any CPU
		{4A250B81-35E9-4D2F-8030-62909F6C8C63}.Release|x64.ActiveCfg = Release|Any CPU
		{4A250B81-35E9-4D2F-8030-62909F6C8C63}.Release|x64.Build.0 = Release|Any CPU
		{4A250B81-35E9-4D2F-8030-62909F6C8C63}.Release|x86.ActiveCfg = Release|Any CPU
		{4A250B81-35E9-4D2F-8030-62909F6C8C63}.Release|x86.Build.0 = Release|Any CPU
		{4FB9C0D9-C3A8-4FB5-86CD-927E5EBC6885}.Debug|Any CPU.ActiveCfg = Debug|Any CPU
		{4FB9C0D9-C3A8-4FB5-86CD-927E5EBC6885}.Debug|Any CPU.Build.0 = Debug|Any CPU
		{4FB9C0D9-C3A8-4FB5-86CD-927E5EBC6885}.Debug|ARM.ActiveCfg = Debug|Any CPU
		{4FB9C0D9-C3A8-4FB5-86CD-927E5EBC6885}.Debug|ARM.Build.0 = Debug|Any CPU
		{4FB9C0D9-C3A8-4FB5-86CD-927E5EBC6885}.Debug|x64.ActiveCfg = Debug|Any CPU
		{4FB9C0D9-C3A8-4FB5-86CD-927E5EBC6885}.Debug|x64.Build.0 = Debug|Any CPU
		{4FB9C0D9-C3A8-4FB5-86CD-927E5EBC6885}.Debug|x86.ActiveCfg = Debug|Any CPU
		{4FB9C0D9-C3A8-4FB5-86CD-927E5EBC6885}.Debug|x86.Build.0 = Debug|Any CPU
		{4FB9C0D9-C3A8-4FB5-86CD-927E5EBC6885}.Release|Any CPU.ActiveCfg = Release|Any CPU
		{4FB9C0D9-C3A8-4FB5-86CD-927E5EBC6885}.Release|Any CPU.Build.0 = Release|Any CPU
		{4FB9C0D9-C3A8-4FB5-86CD-927E5EBC6885}.Release|ARM.ActiveCfg = Release|Any CPU
		{4FB9C0D9-C3A8-4FB5-86CD-927E5EBC6885}.Release|ARM.Build.0 = Release|Any CPU
		{4FB9C0D9-C3A8-4FB5-86CD-927E5EBC6885}.Release|x64.ActiveCfg = Release|Any CPU
		{4FB9C0D9-C3A8-4FB5-86CD-927E5EBC6885}.Release|x64.Build.0 = Release|Any CPU
		{4FB9C0D9-C3A8-4FB5-86CD-927E5EBC6885}.Release|x86.ActiveCfg = Release|Any CPU
		{4FB9C0D9-C3A8-4FB5-86CD-927E5EBC6885}.Release|x86.Build.0 = Release|Any CPU
		{F052E9A9-15BD-4DB4-8539-8961B7BA7DC0}.Debug|Any CPU.ActiveCfg = Debug|Any CPU
		{F052E9A9-15BD-4DB4-8539-8961B7BA7DC0}.Debug|Any CPU.Build.0 = Debug|Any CPU
		{F052E9A9-15BD-4DB4-8539-8961B7BA7DC0}.Debug|ARM.ActiveCfg = Debug|Any CPU
		{F052E9A9-15BD-4DB4-8539-8961B7BA7DC0}.Debug|ARM.Build.0 = Debug|Any CPU
		{F052E9A9-15BD-4DB4-8539-8961B7BA7DC0}.Debug|x64.ActiveCfg = Debug|Any CPU
		{F052E9A9-15BD-4DB4-8539-8961B7BA7DC0}.Debug|x64.Build.0 = Debug|Any CPU
		{F052E9A9-15BD-4DB4-8539-8961B7BA7DC0}.Debug|x86.ActiveCfg = Debug|Any CPU
		{F052E9A9-15BD-4DB4-8539-8961B7BA7DC0}.Debug|x86.Build.0 = Debug|Any CPU
		{F052E9A9-15BD-4DB4-8539-8961B7BA7DC0}.Release|Any CPU.ActiveCfg = Release|Any CPU
		{F052E9A9-15BD-4DB4-8539-8961B7BA7DC0}.Release|Any CPU.Build.0 = Release|Any CPU
		{F052E9A9-15BD-4DB4-8539-8961B7BA7DC0}.Release|ARM.ActiveCfg = Release|Any CPU
		{F052E9A9-15BD-4DB4-8539-8961B7BA7DC0}.Release|ARM.Build.0 = Release|Any CPU
		{F052E9A9-15BD-4DB4-8539-8961B7BA7DC0}.Release|x64.ActiveCfg = Release|Any CPU
		{F052E9A9-15BD-4DB4-8539-8961B7BA7DC0}.Release|x64.Build.0 = Release|Any CPU
		{F052E9A9-15BD-4DB4-8539-8961B7BA7DC0}.Release|x86.ActiveCfg = Release|Any CPU
		{F052E9A9-15BD-4DB4-8539-8961B7BA7DC0}.Release|x86.Build.0 = Release|Any CPU
		{B23AC1B1-1551-41F3-8763-E68A53B172BB}.Debug|Any CPU.ActiveCfg = Debug|Any CPU
		{B23AC1B1-1551-41F3-8763-E68A53B172BB}.Debug|Any CPU.Build.0 = Debug|Any CPU
		{B23AC1B1-1551-41F3-8763-E68A53B172BB}.Debug|ARM.ActiveCfg = Debug|Any CPU
		{B23AC1B1-1551-41F3-8763-E68A53B172BB}.Debug|ARM.Build.0 = Debug|Any CPU
		{B23AC1B1-1551-41F3-8763-E68A53B172BB}.Debug|x64.ActiveCfg = Debug|Any CPU
		{B23AC1B1-1551-41F3-8763-E68A53B172BB}.Debug|x64.Build.0 = Debug|Any CPU
		{B23AC1B1-1551-41F3-8763-E68A53B172BB}.Debug|x86.ActiveCfg = Debug|Any CPU
		{B23AC1B1-1551-41F3-8763-E68A53B172BB}.Debug|x86.Build.0 = Debug|Any CPU
		{B23AC1B1-1551-41F3-8763-E68A53B172BB}.Release|Any CPU.ActiveCfg = Release|Any CPU
		{B23AC1B1-1551-41F3-8763-E68A53B172BB}.Release|Any CPU.Build.0 = Release|Any CPU
		{B23AC1B1-1551-41F3-8763-E68A53B172BB}.Release|ARM.ActiveCfg = Release|Any CPU
		{B23AC1B1-1551-41F3-8763-E68A53B172BB}.Release|ARM.Build.0 = Release|Any CPU
		{B23AC1B1-1551-41F3-8763-E68A53B172BB}.Release|x64.ActiveCfg = Release|Any CPU
		{B23AC1B1-1551-41F3-8763-E68A53B172BB}.Release|x64.Build.0 = Release|Any CPU
		{B23AC1B1-1551-41F3-8763-E68A53B172BB}.Release|x86.ActiveCfg = Release|Any CPU
		{B23AC1B1-1551-41F3-8763-E68A53B172BB}.Release|x86.Build.0 = Release|Any CPU
		{06CAA70A-20A7-4334-AF03-D6228039C178}.Debug|Any CPU.ActiveCfg = Debug|Any CPU
		{06CAA70A-20A7-4334-AF03-D6228039C178}.Debug|Any CPU.Build.0 = Debug|Any CPU
		{06CAA70A-20A7-4334-AF03-D6228039C178}.Debug|ARM.ActiveCfg = Debug|Any CPU
		{06CAA70A-20A7-4334-AF03-D6228039C178}.Debug|ARM.Build.0 = Debug|Any CPU
		{06CAA70A-20A7-4334-AF03-D6228039C178}.Debug|x64.ActiveCfg = Debug|Any CPU
		{06CAA70A-20A7-4334-AF03-D6228039C178}.Debug|x64.Build.0 = Debug|Any CPU
		{06CAA70A-20A7-4334-AF03-D6228039C178}.Debug|x86.ActiveCfg = Debug|Any CPU
		{06CAA70A-20A7-4334-AF03-D6228039C178}.Debug|x86.Build.0 = Debug|Any CPU
		{06CAA70A-20A7-4334-AF03-D6228039C178}.Release|Any CPU.ActiveCfg = Release|Any CPU
		{06CAA70A-20A7-4334-AF03-D6228039C178}.Release|Any CPU.Build.0 = Release|Any CPU
		{06CAA70A-20A7-4334-AF03-D6228039C178}.Release|ARM.ActiveCfg = Release|Any CPU
		{06CAA70A-20A7-4334-AF03-D6228039C178}.Release|ARM.Build.0 = Release|Any CPU
		{06CAA70A-20A7-4334-AF03-D6228039C178}.Release|x64.ActiveCfg = Release|Any CPU
		{06CAA70A-20A7-4334-AF03-D6228039C178}.Release|x64.Build.0 = Release|Any CPU
		{06CAA70A-20A7-4334-AF03-D6228039C178}.Release|x86.ActiveCfg = Release|Any CPU
		{06CAA70A-20A7-4334-AF03-D6228039C178}.Release|x86.Build.0 = Release|Any CPU
		{7852029D-235C-40B7-8957-8E78414C3F97}.Debug|Any CPU.ActiveCfg = Debug|Any CPU
		{7852029D-235C-40B7-8957-8E78414C3F97}.Debug|Any CPU.Build.0 = Debug|Any CPU
		{7852029D-235C-40B7-8957-8E78414C3F97}.Debug|ARM.ActiveCfg = Debug|Any CPU
		{7852029D-235C-40B7-8957-8E78414C3F97}.Debug|ARM.Build.0 = Debug|Any CPU
		{7852029D-235C-40B7-8957-8E78414C3F97}.Debug|x64.ActiveCfg = Debug|Any CPU
		{7852029D-235C-40B7-8957-8E78414C3F97}.Debug|x64.Build.0 = Debug|Any CPU
		{7852029D-235C-40B7-8957-8E78414C3F97}.Debug|x86.ActiveCfg = Debug|Any CPU
		{7852029D-235C-40B7-8957-8E78414C3F97}.Debug|x86.Build.0 = Debug|Any CPU
		{7852029D-235C-40B7-8957-8E78414C3F97}.Release|Any CPU.ActiveCfg = Release|Any CPU
		{7852029D-235C-40B7-8957-8E78414C3F97}.Release|Any CPU.Build.0 = Release|Any CPU
		{7852029D-235C-40B7-8957-8E78414C3F97}.Release|ARM.ActiveCfg = Release|Any CPU
		{7852029D-235C-40B7-8957-8E78414C3F97}.Release|ARM.Build.0 = Release|Any CPU
		{7852029D-235C-40B7-8957-8E78414C3F97}.Release|x64.ActiveCfg = Release|Any CPU
		{7852029D-235C-40B7-8957-8E78414C3F97}.Release|x64.Build.0 = Release|Any CPU
		{7852029D-235C-40B7-8957-8E78414C3F97}.Release|x86.ActiveCfg = Release|Any CPU
		{7852029D-235C-40B7-8957-8E78414C3F97}.Release|x86.Build.0 = Release|Any CPU
		{CD62609E-EA4E-48F4-B1FB-DF9BB98A132C}.Debug|Any CPU.ActiveCfg = Debug|Any CPU
		{CD62609E-EA4E-48F4-B1FB-DF9BB98A132C}.Debug|Any CPU.Build.0 = Debug|Any CPU
		{CD62609E-EA4E-48F4-B1FB-DF9BB98A132C}.Debug|ARM.ActiveCfg = Debug|Any CPU
		{CD62609E-EA4E-48F4-B1FB-DF9BB98A132C}.Debug|ARM.Build.0 = Debug|Any CPU
		{CD62609E-EA4E-48F4-B1FB-DF9BB98A132C}.Debug|x64.ActiveCfg = Debug|Any CPU
		{CD62609E-EA4E-48F4-B1FB-DF9BB98A132C}.Debug|x64.Build.0 = Debug|Any CPU
		{CD62609E-EA4E-48F4-B1FB-DF9BB98A132C}.Debug|x86.ActiveCfg = Debug|Any CPU
		{CD62609E-EA4E-48F4-B1FB-DF9BB98A132C}.Debug|x86.Build.0 = Debug|Any CPU
		{CD62609E-EA4E-48F4-B1FB-DF9BB98A132C}.Release|Any CPU.ActiveCfg = Release|Any CPU
		{CD62609E-EA4E-48F4-B1FB-DF9BB98A132C}.Release|Any CPU.Build.0 = Release|Any CPU
		{CD62609E-EA4E-48F4-B1FB-DF9BB98A132C}.Release|ARM.ActiveCfg = Release|Any CPU
		{CD62609E-EA4E-48F4-B1FB-DF9BB98A132C}.Release|ARM.Build.0 = Release|Any CPU
		{CD62609E-EA4E-48F4-B1FB-DF9BB98A132C}.Release|x64.ActiveCfg = Release|Any CPU
		{CD62609E-EA4E-48F4-B1FB-DF9BB98A132C}.Release|x64.Build.0 = Release|Any CPU
		{CD62609E-EA4E-48F4-B1FB-DF9BB98A132C}.Release|x86.ActiveCfg = Release|Any CPU
		{CD62609E-EA4E-48F4-B1FB-DF9BB98A132C}.Release|x86.Build.0 = Release|Any CPU
		{78A9C0DF-1999-4D97-AE22-50ADC44F9A7B}.Debug|Any CPU.ActiveCfg = Debug|Any CPU
		{78A9C0DF-1999-4D97-AE22-50ADC44F9A7B}.Debug|Any CPU.Build.0 = Debug|Any CPU
		{78A9C0DF-1999-4D97-AE22-50ADC44F9A7B}.Debug|ARM.ActiveCfg = Debug|Any CPU
		{78A9C0DF-1999-4D97-AE22-50ADC44F9A7B}.Debug|ARM.Build.0 = Debug|Any CPU
		{78A9C0DF-1999-4D97-AE22-50ADC44F9A7B}.Debug|x64.ActiveCfg = Debug|Any CPU
		{78A9C0DF-1999-4D97-AE22-50ADC44F9A7B}.Debug|x64.Build.0 = Debug|Any CPU
		{78A9C0DF-1999-4D97-AE22-50ADC44F9A7B}.Debug|x86.ActiveCfg = Debug|Any CPU
		{78A9C0DF-1999-4D97-AE22-50ADC44F9A7B}.Debug|x86.Build.0 = Debug|Any CPU
		{78A9C0DF-1999-4D97-AE22-50ADC44F9A7B}.Release|Any CPU.ActiveCfg = Release|Any CPU
		{78A9C0DF-1999-4D97-AE22-50ADC44F9A7B}.Release|Any CPU.Build.0 = Release|Any CPU
		{78A9C0DF-1999-4D97-AE22-50ADC44F9A7B}.Release|ARM.ActiveCfg = Release|Any CPU
		{78A9C0DF-1999-4D97-AE22-50ADC44F9A7B}.Release|ARM.Build.0 = Release|Any CPU
		{78A9C0DF-1999-4D97-AE22-50ADC44F9A7B}.Release|x64.ActiveCfg = Release|Any CPU
		{78A9C0DF-1999-4D97-AE22-50ADC44F9A7B}.Release|x64.Build.0 = Release|Any CPU
		{78A9C0DF-1999-4D97-AE22-50ADC44F9A7B}.Release|x86.ActiveCfg = Release|Any CPU
		{78A9C0DF-1999-4D97-AE22-50ADC44F9A7B}.Release|x86.Build.0 = Release|Any CPU
	EndGlobalSection
	GlobalSection(SolutionProperties) = preSolution
		HideSolutionNode = FALSE
	EndGlobalSection
	GlobalSection(NestedProjects) = preSolution
		{9587C9D2-99E4-4659-8642-BACC6EFC238E} = {8438C2FA-B20A-4B10-9DC8-03B28F26D932}
		{4D509716-751C-4976-A6EA-96026786B78F} = {8438C2FA-B20A-4B10-9DC8-03B28F26D932}
		{D59DB637-FEC6-4D01-A2C9-B5505109FA8F} = {9482D2CA-E13A-46A0-BEBD-8FC0A21CE555}
		{0E8D989C-2C54-42A5-B10F-66CC3DCFAA48} = {8438C2FA-B20A-4B10-9DC8-03B28F26D932}
		{EC55ADC4-EBF6-47DF-AAA5-C4C596FDA3A7} = {9482D2CA-E13A-46A0-BEBD-8FC0A21CE555}
		{75DC3484-F6C8-4373-A8C4-9D1A8C9FC3B0} = {DF6D1AFB-11D6-4142-8FA1-B00495B6BDAA}
		{92153715-1D99-43B1-B291-470CF91A156D} = {453749EB-F829-4C54-B78D-26E81307E745}
		{4A250B81-35E9-4D2F-8030-62909F6C8C63} = {453749EB-F829-4C54-B78D-26E81307E745}
		{4FB9C0D9-C3A8-4FB5-86CD-927E5EBC6885} = {453749EB-F829-4C54-B78D-26E81307E745}
		{F052E9A9-15BD-4DB4-8539-8961B7BA7DC0} = {3A334EFA-47FA-4CE2-9306-FDFF7CF47157}
		{B23AC1B1-1551-41F3-8763-E68A53B172BB} = {3A334EFA-47FA-4CE2-9306-FDFF7CF47157}
		{9482D2CA-E13A-46A0-BEBD-8FC0A21CE555} = {3A334EFA-47FA-4CE2-9306-FDFF7CF47157}
		{06CAA70A-20A7-4334-AF03-D6228039C178} = {3A334EFA-47FA-4CE2-9306-FDFF7CF47157}
		{7852029D-235C-40B7-8957-8E78414C3F97} = {3A334EFA-47FA-4CE2-9306-FDFF7CF47157}
		{CD62609E-EA4E-48F4-B1FB-DF9BB98A132C} = {3A334EFA-47FA-4CE2-9306-FDFF7CF47157}
		{78A9C0DF-1999-4D97-AE22-50ADC44F9A7B} = {3A334EFA-47FA-4CE2-9306-FDFF7CF47157}
	EndGlobalSection
	GlobalSection(ExtensibilityGlobals) = postSolution
		SolutionGuid = {74AA3680-FF95-46BF-9CDD-F19BB0CE5F56}
	EndGlobalSection
EndGlobal
