Microsoft Visual Studio Solution File, Format Version 12.00
# Visual Studio 14
VisualStudioVersion = 14.0.25420.1
MinimumVisualStudioVersion = 10.0.40219.1
Project("{2150E333-8FDC-42A3-9474-1A3956D46DE8}") = "build", "build", "{679989B2-8717-4ECC-9CAD-B104CFA91C38}"
	ProjectSection(SolutionItems) = preProject
		src\amqp.snk = src\amqp.snk
		nuspec\AMQPNetLite.NetMF.nuspec = nuspec\AMQPNetLite.NetMF.nuspec
		nuspec\AMQPNetMicro.nuspec = nuspec\AMQPNetMicro.nuspec
		appveyor.yml = appveyor.yml
		build.cmd = build.cmd
	EndProjectSection
EndProject
Project("{2150E333-8FDC-42A3-9474-1A3956D46DE8}") = "Examples", "Examples", "{8F701234-EC60-485C-BCDB-8EE233246832}"
EndProject
Project("{FAE04EC0-301F-11D3-BF4B-00C04F79EFBC}") = "Device.Thermometer", "Examples\Device\Device.Thermometer\Device.Thermometer.csproj", "{43570F0D-DE6C-423E-A275-AC619A813B79}"
EndProject
Project("{FAE04EC0-301F-11D3-BF4B-00C04F79EFBC}") = "Device.Controller2", "Examples\Device\Device.Controller2\Device.Controller2.csproj", "{D6E83FC7-0D39-48AB-8DFA-FE89011CDD3C}"
EndProject
Project("{FAE04EC0-301F-11D3-BF4B-00C04F79EFBC}") = "ServiceBus.EventHub.NetMF", "Examples\ServiceBus\ServiceBus.EventHub.NetMF\ServiceBus.EventHub.NetMF.csproj", "{F37DE470-865E-4F80-BC9C-FAC7BC11D3CF}"
EndProject
Project("{FAE04EC0-301F-11D3-BF4B-00C04F79EFBC}") = "Test.Amqp.NetCore", "test\Test.Amqp.NetCore\Test.Amqp.NetCore.csproj", "{6BCA313F-794F-4C54-9F96-C500290E147C}"
EndProject
Project("{FAE04EC0-301F-11D3-BF4B-00C04F79EFBC}") = "Device.SmallMemory", "Examples\Device\Device.SmallMemory\Device.SmallMemory.csproj", "{69E4A20C-EF50-49C6-8DAC-F76B9D565767}"
EndProject
Project("{2150E333-8FDC-42A3-9474-1A3956D46DE8}") = "test", "test", "{3A334EFA-47FA-4CE2-9306-FDFF7CF47157}"
EndProject
Project("{2150E333-8FDC-42A3-9474-1A3956D46DE8}") = "netmf", "netmf", "{E0C378B0-4AF7-4C1F-A068-81A23FF8894E}"
EndProject
Project("{FAE04EC0-301F-11D3-BF4B-00C04F79EFBC}") = "Amqp.Micro.NetMF", "netmf\Amqp.Micro.NetMF.csproj", "{C9111380-CFA2-4A3E-B0DF-87A1C1888F98}"
EndProject
Project("{FAE04EC0-301F-11D3-BF4B-00C04F79EFBC}") = "Amqp.NetMF", "netmf\Amqp.NetMF.csproj", "{97A6D8B7-2F39-45AC-91D7-A59FABF38CEC}"
EndProject
Project("{FAE04EC0-301F-11D3-BF4B-00C04F79EFBC}") = "Test.Amqp.NetMF", "netmf\Test.Amqp.NetMF.csproj", "{2C4CBC7A-16BD-4F27-86BA-3CF38BE0F426}"
EndProject
Project("{FAE04EC0-301F-11D3-BF4B-00C04F79EFBC}") = "Amqp.NetCore", "csproj\Amqp.NetCore.csproj", "{35F64888-3446-444D-8E44-128378434AB3}"
EndProject
Project("{FAE04EC0-301F-11D3-BF4B-00C04F79EFBC}") = "Amqp.Uwp", "csproj\Amqp.Uwp.csproj", "{75DC3484-F6C8-4373-A8C4-9D1A8C9FC3B0}"
EndProject
Global
	GlobalSection(SolutionConfigurationPlatforms) = preSolution
		Debug|Any CPU = Debug|Any CPU
		Debug|ARM = Debug|ARM
		Debug|x64 = Debug|x64
		Debug|x86 = Debug|x86
		Release|Any CPU = Release|Any CPU
		Release|ARM = Release|ARM
		Release|x64 = Release|x64
		Release|x86 = Release|x86
	EndGlobalSection
	GlobalSection(ProjectConfigurationPlatforms) = postSolution
		{43570F0D-DE6C-423E-A275-AC619A813B79}.Debug|Any CPU.ActiveCfg = Debug|Any CPU
		{43570F0D-DE6C-423E-A275-AC619A813B79}.Debug|Any CPU.Build.0 = Debug|Any CPU
		{43570F0D-DE6C-423E-A275-AC619A813B79}.Debug|Any CPU.Deploy.0 = Debug|Any CPU
		{43570F0D-DE6C-423E-A275-AC619A813B79}.Debug|ARM.ActiveCfg = Debug|Any CPU
		{43570F0D-DE6C-423E-A275-AC619A813B79}.Debug|x64.ActiveCfg = Debug|Any CPU
		{43570F0D-DE6C-423E-A275-AC619A813B79}.Debug|x86.ActiveCfg = Debug|Any CPU
		{43570F0D-DE6C-423E-A275-AC619A813B79}.Release|Any CPU.ActiveCfg = Release|Any CPU
		{43570F0D-DE6C-423E-A275-AC619A813B79}.Release|Any CPU.Build.0 = Release|Any CPU
		{43570F0D-DE6C-423E-A275-AC619A813B79}.Release|Any CPU.Deploy.0 = Release|Any CPU
		{43570F0D-DE6C-423E-A275-AC619A813B79}.Release|ARM.ActiveCfg = Release|Any CPU
		{43570F0D-DE6C-423E-A275-AC619A813B79}.Release|x64.ActiveCfg = Release|Any CPU
		{43570F0D-DE6C-423E-A275-AC619A813B79}.Release|x86.ActiveCfg = Release|Any CPU
		{D6E83FC7-0D39-48AB-8DFA-FE89011CDD3C}.Debug|Any CPU.ActiveCfg = Debug|Any CPU
		{D6E83FC7-0D39-48AB-8DFA-FE89011CDD3C}.Debug|Any CPU.Build.0 = Debug|Any CPU
		{D6E83FC7-0D39-48AB-8DFA-FE89011CDD3C}.Debug|Any CPU.Deploy.0 = Debug|Any CPU
		{D6E83FC7-0D39-48AB-8DFA-FE89011CDD3C}.Debug|ARM.ActiveCfg = Debug|ARM
		{D6E83FC7-0D39-48AB-8DFA-FE89011CDD3C}.Debug|ARM.Build.0 = Debug|ARM
		{D6E83FC7-0D39-48AB-8DFA-FE89011CDD3C}.Debug|ARM.Deploy.0 = Debug|ARM
		{D6E83FC7-0D39-48AB-8DFA-FE89011CDD3C}.Debug|x64.ActiveCfg = Debug|Any CPU
		{D6E83FC7-0D39-48AB-8DFA-FE89011CDD3C}.Debug|x86.ActiveCfg = Debug|x86
		{D6E83FC7-0D39-48AB-8DFA-FE89011CDD3C}.Debug|x86.Build.0 = Debug|x86
		{D6E83FC7-0D39-48AB-8DFA-FE89011CDD3C}.Debug|x86.Deploy.0 = Debug|x86
		{D6E83FC7-0D39-48AB-8DFA-FE89011CDD3C}.Release|Any CPU.ActiveCfg = Release|Any CPU
		{D6E83FC7-0D39-48AB-8DFA-FE89011CDD3C}.Release|Any CPU.Build.0 = Release|Any CPU
		{D6E83FC7-0D39-48AB-8DFA-FE89011CDD3C}.Release|Any CPU.Deploy.0 = Release|Any CPU
		{D6E83FC7-0D39-48AB-8DFA-FE89011CDD3C}.Release|ARM.ActiveCfg = Release|ARM
		{D6E83FC7-0D39-48AB-8DFA-FE89011CDD3C}.Release|ARM.Build.0 = Release|ARM
		{D6E83FC7-0D39-48AB-8DFA-FE89011CDD3C}.Release|ARM.Deploy.0 = Release|ARM
		{D6E83FC7-0D39-48AB-8DFA-FE89011CDD3C}.Release|x64.ActiveCfg = Release|Any CPU
		{D6E83FC7-0D39-48AB-8DFA-FE89011CDD3C}.Release|x86.ActiveCfg = Release|x86
		{D6E83FC7-0D39-48AB-8DFA-FE89011CDD3C}.Release|x86.Build.0 = Release|x86
		{D6E83FC7-0D39-48AB-8DFA-FE89011CDD3C}.Release|x86.Deploy.0 = Release|x86
		{F37DE470-865E-4F80-BC9C-FAC7BC11D3CF}.Debug|Any CPU.ActiveCfg = Debug|Any CPU
		{F37DE470-865E-4F80-BC9C-FAC7BC11D3CF}.Debug|Any CPU.Build.0 = Debug|Any CPU
		{F37DE470-865E-4F80-BC9C-FAC7BC11D3CF}.Debug|Any CPU.Deploy.0 = Debug|Any CPU
		{F37DE470-865E-4F80-BC9C-FAC7BC11D3CF}.Debug|ARM.ActiveCfg = Debug|Any CPU
		{F37DE470-865E-4F80-BC9C-FAC7BC11D3CF}.Debug|x64.ActiveCfg = Debug|Any CPU
		{F37DE470-865E-4F80-BC9C-FAC7BC11D3CF}.Debug|x86.ActiveCfg = Debug|Any CPU
		{F37DE470-865E-4F80-BC9C-FAC7BC11D3CF}.Release|Any CPU.ActiveCfg = Release|Any CPU
		{F37DE470-865E-4F80-BC9C-FAC7BC11D3CF}.Release|Any CPU.Build.0 = Release|Any CPU
		{F37DE470-865E-4F80-BC9C-FAC7BC11D3CF}.Release|Any CPU.Deploy.0 = Release|Any CPU
		{F37DE470-865E-4F80-BC9C-FAC7BC11D3CF}.Release|ARM.ActiveCfg = Release|Any CPU
		{F37DE470-865E-4F80-BC9C-FAC7BC11D3CF}.Release|x64.ActiveCfg = Release|Any CPU
		{F37DE470-865E-4F80-BC9C-FAC7BC11D3CF}.Release|x86.ActiveCfg = Release|Any CPU
		{6BCA313F-794F-4C54-9F96-C500290E147C}.Debug|Any CPU.ActiveCfg = Debug|Any CPU
		{6BCA313F-794F-4C54-9F96-C500290E147C}.Debug|Any CPU.Build.0 = Debug|Any CPU
		{6BCA313F-794F-4C54-9F96-C500290E147C}.Debug|Any CPU.Deploy.0 = Debug|Any CPU
		{6BCA313F-794F-4C54-9F96-C500290E147C}.Debug|ARM.ActiveCfg = Debug|ARM
		{6BCA313F-794F-4C54-9F96-C500290E147C}.Debug|ARM.Build.0 = Debug|ARM
		{6BCA313F-794F-4C54-9F96-C500290E147C}.Debug|ARM.Deploy.0 = Debug|ARM
		{6BCA313F-794F-4C54-9F96-C500290E147C}.Debug|x64.ActiveCfg = Debug|x64
		{6BCA313F-794F-4C54-9F96-C500290E147C}.Debug|x64.Build.0 = Debug|x64
		{6BCA313F-794F-4C54-9F96-C500290E147C}.Debug|x64.Deploy.0 = Debug|x64
		{6BCA313F-794F-4C54-9F96-C500290E147C}.Debug|x86.ActiveCfg = Debug|x86
		{6BCA313F-794F-4C54-9F96-C500290E147C}.Debug|x86.Build.0 = Debug|x86
		{6BCA313F-794F-4C54-9F96-C500290E147C}.Debug|x86.Deploy.0 = Debug|x86
		{6BCA313F-794F-4C54-9F96-C500290E147C}.Release|Any CPU.ActiveCfg = Release|Any CPU
		{6BCA313F-794F-4C54-9F96-C500290E147C}.Release|Any CPU.Build.0 = Release|Any CPU
		{6BCA313F-794F-4C54-9F96-C500290E147C}.Release|Any CPU.Deploy.0 = Release|Any CPU
		{6BCA313F-794F-4C54-9F96-C500290E147C}.Release|ARM.ActiveCfg = Release|ARM
		{6BCA313F-794F-4C54-9F96-C500290E147C}.Release|ARM.Build.0 = Release|ARM
		{6BCA313F-794F-4C54-9F96-C500290E147C}.Release|ARM.Deploy.0 = Release|ARM
		{6BCA313F-794F-4C54-9F96-C500290E147C}.Release|x64.ActiveCfg = Release|x64
		{6BCA313F-794F-4C54-9F96-C500290E147C}.Release|x64.Build.0 = Release|x64
		{6BCA313F-794F-4C54-9F96-C500290E147C}.Release|x64.Deploy.0 = Release|x64
		{6BCA313F-794F-4C54-9F96-C500290E147C}.Release|x86.ActiveCfg = Release|x86
		{6BCA313F-794F-4C54-9F96-C500290E147C}.Release|x86.Build.0 = Release|x86
		{6BCA313F-794F-4C54-9F96-C500290E147C}.Release|x86.Deploy.0 = Release|x86
		{69E4A20C-EF50-49C6-8DAC-F76B9D565767}.Debug|Any CPU.ActiveCfg = Debug|Any CPU
		{69E4A20C-EF50-49C6-8DAC-F76B9D565767}.Debug|Any CPU.Build.0 = Debug|Any CPU
		{69E4A20C-EF50-49C6-8DAC-F76B9D565767}.Debug|Any CPU.Deploy.0 = Debug|Any CPU
		{69E4A20C-EF50-49C6-8DAC-F76B9D565767}.Debug|ARM.ActiveCfg = Debug|Any CPU
		{69E4A20C-EF50-49C6-8DAC-F76B9D565767}.Debug|x64.ActiveCfg = Debug|Any CPU
		{69E4A20C-EF50-49C6-8DAC-F76B9D565767}.Debug|x86.ActiveCfg = Debug|Any CPU
		{69E4A20C-EF50-49C6-8DAC-F76B9D565767}.Release|Any CPU.ActiveCfg = Release|Any CPU
		{69E4A20C-EF50-49C6-8DAC-F76B9D565767}.Release|Any CPU.Build.0 = Release|Any CPU
		{69E4A20C-EF50-49C6-8DAC-F76B9D565767}.Release|Any CPU.Deploy.0 = Release|Any CPU
		{69E4A20C-EF50-49C6-8DAC-F76B9D565767}.Release|ARM.ActiveCfg = Release|Any CPU
		{69E4A20C-EF50-49C6-8DAC-F76B9D565767}.Release|x64.ActiveCfg = Release|Any CPU
		{69E4A20C-EF50-49C6-8DAC-F76B9D565767}.Release|x86.ActiveCfg = Release|Any CPU
		{C9111380-CFA2-4A3E-B0DF-87A1C1888F98}.Debug|Any CPU.ActiveCfg = Debug|Any CPU
		{C9111380-CFA2-4A3E-B0DF-87A1C1888F98}.Debug|Any CPU.Build.0 = Debug|Any CPU
		{C9111380-CFA2-4A3E-B0DF-87A1C1888F98}.Debug|ARM.ActiveCfg = Debug|Any CPU
		{C9111380-CFA2-4A3E-B0DF-87A1C1888F98}.Debug|ARM.Build.0 = Debug|Any CPU
		{C9111380-CFA2-4A3E-B0DF-87A1C1888F98}.Debug|x64.ActiveCfg = Debug|Any CPU
		{C9111380-CFA2-4A3E-B0DF-87A1C1888F98}.Debug|x64.Build.0 = Debug|Any CPU
		{C9111380-CFA2-4A3E-B0DF-87A1C1888F98}.Debug|x86.ActiveCfg = Debug|Any CPU
		{C9111380-CFA2-4A3E-B0DF-87A1C1888F98}.Debug|x86.Build.0 = Debug|Any CPU
		{C9111380-CFA2-4A3E-B0DF-87A1C1888F98}.Release|Any CPU.ActiveCfg = Release|Any CPU
		{C9111380-CFA2-4A3E-B0DF-87A1C1888F98}.Release|Any CPU.Build.0 = Release|Any CPU
		{C9111380-CFA2-4A3E-B0DF-87A1C1888F98}.Release|ARM.ActiveCfg = Release|Any CPU
		{C9111380-CFA2-4A3E-B0DF-87A1C1888F98}.Release|ARM.Build.0 = Release|Any CPU
		{C9111380-CFA2-4A3E-B0DF-87A1C1888F98}.Release|x64.ActiveCfg = Release|Any CPU
		{C9111380-CFA2-4A3E-B0DF-87A1C1888F98}.Release|x64.Build.0 = Release|Any CPU
		{C9111380-CFA2-4A3E-B0DF-87A1C1888F98}.Release|x86.ActiveCfg = Release|Any CPU
		{C9111380-CFA2-4A3E-B0DF-87A1C1888F98}.Release|x86.Build.0 = Release|Any CPU
		{97A6D8B7-2F39-45AC-91D7-A59FABF38CEC}.Debug|Any CPU.ActiveCfg = Debug|Any CPU
		{97A6D8B7-2F39-45AC-91D7-A59FABF38CEC}.Debug|Any CPU.Build.0 = Debug|Any CPU
		{97A6D8B7-2F39-45AC-91D7-A59FABF38CEC}.Debug|ARM.ActiveCfg = Debug|Any CPU
		{97A6D8B7-2F39-45AC-91D7-A59FABF38CEC}.Debug|ARM.Build.0 = Debug|Any CPU
		{97A6D8B7-2F39-45AC-91D7-A59FABF38CEC}.Debug|x64.ActiveCfg = Debug|Any CPU
		{97A6D8B7-2F39-45AC-91D7-A59FABF38CEC}.Debug|x64.Build.0 = Debug|Any CPU
		{97A6D8B7-2F39-45AC-91D7-A59FABF38CEC}.Debug|x86.ActiveCfg = Debug|Any CPU
		{97A6D8B7-2F39-45AC-91D7-A59FABF38CEC}.Debug|x86.Build.0 = Debug|Any CPU
		{97A6D8B7-2F39-45AC-91D7-A59FABF38CEC}.Release|Any CPU.ActiveCfg = Release|Any CPU
		{97A6D8B7-2F39-45AC-91D7-A59FABF38CEC}.Release|Any CPU.Build.0 = Release|Any CPU
		{97A6D8B7-2F39-45AC-91D7-A59FABF38CEC}.Release|ARM.ActiveCfg = Release|Any CPU
		{97A6D8B7-2F39-45AC-91D7-A59FABF38CEC}.Release|ARM.Build.0 = Release|Any CPU
		{97A6D8B7-2F39-45AC-91D7-A59FABF38CEC}.Release|x64.ActiveCfg = Release|Any CPU
		{97A6D8B7-2F39-45AC-91D7-A59FABF38CEC}.Release|x64.Build.0 = Release|Any CPU
		{97A6D8B7-2F39-45AC-91D7-A59FABF38CEC}.Release|x86.ActiveCfg = Release|Any CPU
		{97A6D8B7-2F39-45AC-91D7-A59FABF38CEC}.Release|x86.Build.0 = Release|Any CPU
		{2C4CBC7A-16BD-4F27-86BA-3CF38BE0F426}.Debug|Any CPU.ActiveCfg = Debug|Any CPU
		{2C4CBC7A-16BD-4F27-86BA-3CF38BE0F426}.Debug|Any CPU.Build.0 = Debug|Any CPU
		{2C4CBC7A-16BD-4F27-86BA-3CF38BE0F426}.Debug|Any CPU.Deploy.0 = Debug|Any CPU
		{2C4CBC7A-16BD-4F27-86BA-3CF38BE0F426}.Debug|ARM.ActiveCfg = Debug|Any CPU
		{2C4CBC7A-16BD-4F27-86BA-3CF38BE0F426}.Debug|ARM.Build.0 = Debug|Any CPU
		{2C4CBC7A-16BD-4F27-86BA-3CF38BE0F426}.Debug|ARM.Deploy.0 = Debug|Any CPU
		{2C4CBC7A-16BD-4F27-86BA-3CF38BE0F426}.Debug|x64.ActiveCfg = Debug|Any CPU
		{2C4CBC7A-16BD-4F27-86BA-3CF38BE0F426}.Debug|x64.Build.0 = Debug|Any CPU
		{2C4CBC7A-16BD-4F27-86BA-3CF38BE0F426}.Debug|x64.Deploy.0 = Debug|Any CPU
		{2C4CBC7A-16BD-4F27-86BA-3CF38BE0F426}.Debug|x86.ActiveCfg = Debug|Any CPU
		{2C4CBC7A-16BD-4F27-86BA-3CF38BE0F426}.Debug|x86.Build.0 = Debug|Any CPU
		{2C4CBC7A-16BD-4F27-86BA-3CF38BE0F426}.Debug|x86.Deploy.0 = Debug|Any CPU
		{2C4CBC7A-16BD-4F27-86BA-3CF38BE0F426}.Release|Any CPU.ActiveCfg = Release|Any CPU
		{2C4CBC7A-16BD-4F27-86BA-3CF38BE0F426}.Release|Any CPU.Build.0 = Release|Any CPU
		{2C4CBC7A-16BD-4F27-86BA-3CF38BE0F426}.Release|Any CPU.Deploy.0 = Release|Any CPU
		{2C4CBC7A-16BD-4F27-86BA-3CF38BE0F426}.Release|ARM.ActiveCfg = Release|Any CPU
		{2C4CBC7A-16BD-4F27-86BA-3CF38BE0F426}.Release|ARM.Build.0 = Release|Any CPU
		{2C4CBC7A-16BD-4F27-86BA-3CF38BE0F426}.Release|ARM.Deploy.0 = Release|Any CPU
		{2C4CBC7A-16BD-4F27-86BA-3CF38BE0F426}.Release|x64.ActiveCfg = Release|Any CPU
		{2C4CBC7A-16BD-4F27-86BA-3CF38BE0F426}.Release|x64.Build.0 = Release|Any CPU
		{2C4CBC7A-16BD-4F27-86BA-3CF38BE0F426}.Release|x64.Deploy.0 = Release|Any CPU
		{2C4CBC7A-16BD-4F27-86BA-3CF38BE0F426}.Release|x86.ActiveCfg = Release|Any CPU
		{2C4CBC7A-16BD-4F27-86BA-3CF38BE0F426}.Release|x86.Build.0 = Release|Any CPU
		{2C4CBC7A-16BD-4F27-86BA-3CF38BE0F426}.Release|x86.Deploy.0 = Release|Any CPU
		{35F64888-3446-444D-8E44-128378434AB3}.Debug|Any CPU.ActiveCfg = Debug|Any CPU
		{35F64888-3446-444D-8E44-128378434AB3}.Debug|Any CPU.Build.0 = Debug|Any CPU
		{35F64888-3446-444D-8E44-128378434AB3}.Debug|ARM.ActiveCfg = Debug|Any CPU
		{35F64888-3446-444D-8E44-128378434AB3}.Debug|ARM.Build.0 = Debug|Any CPU
		{35F64888-3446-444D-8E44-128378434AB3}.Debug|x64.ActiveCfg = Debug|Any CPU
		{35F64888-3446-444D-8E44-128378434AB3}.Debug|x64.Build.0 = Debug|Any CPU
		{35F64888-3446-444D-8E44-128378434AB3}.Debug|x86.ActiveCfg = Debug|Any CPU
		{35F64888-3446-444D-8E44-128378434AB3}.Debug|x86.Build.0 = Debug|Any CPU
		{35F64888-3446-444D-8E44-128378434AB3}.Release|Any CPU.ActiveCfg = Release|Any CPU
		{35F64888-3446-444D-8E44-128378434AB3}.Release|Any CPU.Build.0 = Release|Any CPU
		{35F64888-3446-444D-8E44-128378434AB3}.Release|ARM.ActiveCfg = Release|Any CPU
		{35F64888-3446-444D-8E44-128378434AB3}.Release|ARM.Build.0 = Release|Any CPU
		{35F64888-3446-444D-8E44-128378434AB3}.Release|x64.ActiveCfg = Release|Any CPU
		{35F64888-3446-444D-8E44-128378434AB3}.Release|x64.Build.0 = Release|Any CPU
		{35F64888-3446-444D-8E44-128378434AB3}.Release|x86.ActiveCfg = Release|Any CPU
		{35F64888-3446-444D-8E44-128378434AB3}.Release|x86.Build.0 = Release|Any CPU
		{75DC3484-F6C8-4373-A8C4-9D1A8C9FC3B0}.Debug|Any CPU.ActiveCfg = Debug|Any CPU
		{75DC3484-F6C8-4373-A8C4-9D1A8C9FC3B0}.Debug|Any CPU.Build.0 = Debug|Any CPU
		{75DC3484-F6C8-4373-A8C4-9D1A8C9FC3B0}.Debug|ARM.ActiveCfg = Debug|Any CPU
		{75DC3484-F6C8-4373-A8C4-9D1A8C9FC3B0}.Debug|ARM.Build.0 = Debug|Any CPU
		{75DC3484-F6C8-4373-A8C4-9D1A8C9FC3B0}.Debug|x64.ActiveCfg = Debug|Any CPU
		{75DC3484-F6C8-4373-A8C4-9D1A8C9FC3B0}.Debug|x64.Build.0 = Debug|Any CPU
		{75DC3484-F6C8-4373-A8C4-9D1A8C9FC3B0}.Debug|x86.ActiveCfg = Debug|Any CPU
		{75DC3484-F6C8-4373-A8C4-9D1A8C9FC3B0}.Debug|x86.Build.0 = Debug|Any CPU
		{75DC3484-F6C8-4373-A8C4-9D1A8C9FC3B0}.Release|Any CPU.ActiveCfg = Release|Any CPU
		{75DC3484-F6C8-4373-A8C4-9D1A8C9FC3B0}.Release|Any CPU.Build.0 = Release|Any CPU
		{75DC3484-F6C8-4373-A8C4-9D1A8C9FC3B0}.Release|ARM.ActiveCfg = Release|Any CPU
		{75DC3484-F6C8-4373-A8C4-9D1A8C9FC3B0}.Release|ARM.Build.0 = Release|Any CPU
		{75DC3484-F6C8-4373-A8C4-9D1A8C9FC3B0}.Release|x64.ActiveCfg = Release|Any CPU
		{75DC3484-F6C8-4373-A8C4-9D1A8C9FC3B0}.Release|x64.Build.0 = Release|Any CPU
		{75DC3484-F6C8-4373-A8C4-9D1A8C9FC3B0}.Release|x86.ActiveCfg = Release|Any CPU
		{75DC3484-F6C8-4373-A8C4-9D1A8C9FC3B0}.Release|x86.Build.0 = Release|Any CPU
	EndGlobalSection
	GlobalSection(SolutionProperties) = preSolution
		HideSolutionNode = FALSE
	EndGlobalSection
	GlobalSection(NestedProjects) = preSolution
		{43570F0D-DE6C-423E-A275-AC619A813B79} = {8F701234-EC60-485C-BCDB-8EE233246832}
		{D6E83FC7-0D39-48AB-8DFA-FE89011CDD3C} = {8F701234-EC60-485C-BCDB-8EE233246832}
		{F37DE470-865E-4F80-BC9C-FAC7BC11D3CF} = {8F701234-EC60-485C-BCDB-8EE233246832}
		{6BCA313F-794F-4C54-9F96-C500290E147C} = {3A334EFA-47FA-4CE2-9306-FDFF7CF47157}
		{69E4A20C-EF50-49C6-8DAC-F76B9D565767} = {8F701234-EC60-485C-BCDB-8EE233246832}
		{C9111380-CFA2-4A3E-B0DF-87A1C1888F98} = {E0C378B0-4AF7-4C1F-A068-81A23FF8894E}
		{97A6D8B7-2F39-45AC-91D7-A59FABF38CEC} = {E0C378B0-4AF7-4C1F-A068-81A23FF8894E}
		{2C4CBC7A-16BD-4F27-86BA-3CF38BE0F426} = {3A334EFA-47FA-4CE2-9306-FDFF7CF47157}
	EndGlobalSection
EndGlobal
